// !$*UTF8*$!
{
	archiveVersion = 1;
	classes = {
	};
	objectVersion = 55;
	objects = {

/* Begin PBXBuildFile section */
		230524BE287D5C060081933A /* FlowerPotDetailViewController.swift in Sources */ = {isa = PBXBuildFile; fileRef = 230524BD287D5C060081933A /* FlowerPotDetailViewController.swift */; };
		230524C1287D5C370081933A /* FlowerPotDetailCollectionViewCell.swift in Sources */ = {isa = PBXBuildFile; fileRef = 230524BF287D5C370081933A /* FlowerPotDetailCollectionViewCell.swift */; };
		230524C2287D5C370081933A /* FlowerPotDetailCollectionViewCell.xib in Resources */ = {isa = PBXBuildFile; fileRef = 230524C0287D5C370081933A /* FlowerPotDetailCollectionViewCell.xib */; };
		235523442881B89200EDE3E1 /* FlowerPotData.swift in Sources */ = {isa = PBXBuildFile; fileRef = 235523432881B89200EDE3E1 /* FlowerPotData.swift */; };
		235523472881C47200EDE3E1 /* FlowerPotDescriptionViewController.swift in Sources */ = {isa = PBXBuildFile; fileRef = 235523462881C47200EDE3E1 /* FlowerPotDescriptionViewController.swift */; };
		2355234B2881C48A00EDE3E1 /* FlowerPotDescriptionTableViewCell.swift in Sources */ = {isa = PBXBuildFile; fileRef = 235523492881C48A00EDE3E1 /* FlowerPotDescriptionTableViewCell.swift */; };
		2355234C2881C48A00EDE3E1 /* FlowerPotDescriptionTableViewCell.xib in Resources */ = {isa = PBXBuildFile; fileRef = 2355234A2881C48A00EDE3E1 /* FlowerPotDescriptionTableViewCell.xib */; };
		23766E7E2870330D005EEA8E /* UIBezierPath.swift in Sources */ = {isa = PBXBuildFile; fileRef = 23766E7D2870330D005EEA8E /* UIBezierPath.swift */; };
		238DE01C28819AF0007901E6 /* TodaySuggestCollectionViewCell.swift in Sources */ = {isa = PBXBuildFile; fileRef = 238DE01A28819AF0007901E6 /* TodaySuggestCollectionViewCell.swift */; };
		238DE01D28819AF0007901E6 /* TodaySuggestCollectionViewCell.xib in Resources */ = {isa = PBXBuildFile; fileRef = 238DE01B28819AF0007901E6 /* TodaySuggestCollectionViewCell.xib */; };
		238DE01F28819C00007901E6 /* MainBottomViewController.swift in Sources */ = {isa = PBXBuildFile; fileRef = 238DE01E28819C00007901E6 /* MainBottomViewController.swift */; };
		23A5B855287D6754005413A3 /* AddFlowerPotViewController.swift in Sources */ = {isa = PBXBuildFile; fileRef = 23A5B854287D6754005413A3 /* AddFlowerPotViewController.swift */; };
		23A5B857287D6B89005413A3 /* FlowerPotTabViewController.swift in Sources */ = {isa = PBXBuildFile; fileRef = 23A5B856287D6B89005413A3 /* FlowerPotTabViewController.swift */; };
		23A5B85C287D7F73005413A3 /* AcheivedFlowerPotTableViewCell.swift in Sources */ = {isa = PBXBuildFile; fileRef = 23A5B85A287D7F73005413A3 /* AcheivedFlowerPotTableViewCell.swift */; };
		23A5B85D287D7F73005413A3 /* AcheivedFlowerPotTableViewCell.xib in Resources */ = {isa = PBXBuildFile; fileRef = 23A5B85B287D7F73005413A3 /* AcheivedFlowerPotTableViewCell.xib */; };
		23A5B860287D7F81005413A3 /* NotAcheivedFlowerPotTableViewCell.swift in Sources */ = {isa = PBXBuildFile; fileRef = 23A5B85E287D7F81005413A3 /* NotAcheivedFlowerPotTableViewCell.swift */; };
		23A5B861287D7F81005413A3 /* NotAcheivedFlowerPotTableViewCell.xib in Resources */ = {isa = PBXBuildFile; fileRef = 23A5B85F287D7F81005413A3 /* NotAcheivedFlowerPotTableViewCell.xib */; };
		23A5B863287D804C005413A3 /* AcheivedFlowerPotViewController.swift in Sources */ = {isa = PBXBuildFile; fileRef = 23A5B862287D804C005413A3 /* AcheivedFlowerPotViewController.swift */; };
		23A5B865287D805A005413A3 /* NotAchievedFlowerPotViewController.swift in Sources */ = {isa = PBXBuildFile; fileRef = 23A5B864287D805A005413A3 /* NotAchievedFlowerPotViewController.swift */; };
		23A5B86E287D9D5D005413A3 /* ResultTableViewCell.swift in Sources */ = {isa = PBXBuildFile; fileRef = 23A5B868287D9D5D005413A3 /* ResultTableViewCell.swift */; };
		23A5B86F287D9D5D005413A3 /* InputTableViewCell.xib in Resources */ = {isa = PBXBuildFile; fileRef = 23A5B869287D9D5D005413A3 /* InputTableViewCell.xib */; };
		23A5B870287D9D5D005413A3 /* NoResultTableViewCell.swift in Sources */ = {isa = PBXBuildFile; fileRef = 23A5B86A287D9D5D005413A3 /* NoResultTableViewCell.swift */; };
		23A5B871287D9D5D005413A3 /* NoResultTableViewCell.xib in Resources */ = {isa = PBXBuildFile; fileRef = 23A5B86B287D9D5D005413A3 /* NoResultTableViewCell.xib */; };
		23A5B872287D9D5D005413A3 /* ResultTableViewCell.xib in Resources */ = {isa = PBXBuildFile; fileRef = 23A5B86C287D9D5D005413A3 /* ResultTableViewCell.xib */; };
		23A5B873287D9D5D005413A3 /* InputTableViewCell.swift in Sources */ = {isa = PBXBuildFile; fileRef = 23A5B86D287D9D5D005413A3 /* InputTableViewCell.swift */; };
		23ADA90B288467850066D15A /* MainPage.storyboard in Resources */ = {isa = PBXBuildFile; fileRef = 23ADA90A288467850066D15A /* MainPage.storyboard */; };
		23ADA90D288468D50066D15A /* BookRecord.storyboard in Resources */ = {isa = PBXBuildFile; fileRef = 23ADA90C288468D50066D15A /* BookRecord.storyboard */; };
		23ADA90F2884693D0066D15A /* SelectBook.storyboard in Resources */ = {isa = PBXBuildFile; fileRef = 23ADA90E2884693D0066D15A /* SelectBook.storyboard */; };
		23ADA9112884698F0066D15A /* UploadRecord.storyboard in Resources */ = {isa = PBXBuildFile; fileRef = 23ADA9102884698F0066D15A /* UploadRecord.storyboard */; };
		23ADA913288469E90066D15A /* FlowerPot.storyboard in Resources */ = {isa = PBXBuildFile; fileRef = 23ADA912288469E90066D15A /* FlowerPot.storyboard */; };
		23ADA91528846A2A0066D15A /* Profile.storyboard in Resources */ = {isa = PBXBuildFile; fileRef = 23ADA91428846A2A0066D15A /* Profile.storyboard */; };
		23ADA91728846A870066D15A /* UserFlowerPotDetail.storyboard in Resources */ = {isa = PBXBuildFile; fileRef = 23ADA91628846A870066D15A /* UserFlowerPotDetail.storyboard */; };
		23ADA91928846AB10066D15A /* FlowerPotDescription.storyboard in Resources */ = {isa = PBXBuildFile; fileRef = 23ADA91828846AB10066D15A /* FlowerPotDescription.storyboard */; };
		23ADA91B28846ACE0066D15A /* AddFlowerPot.storyboard in Resources */ = {isa = PBXBuildFile; fileRef = 23ADA91A28846ACE0066D15A /* AddFlowerPot.storyboard */; };
		23ADA91D28846B240066D15A /* AcheivedFlowerPot.storyboard in Resources */ = {isa = PBXBuildFile; fileRef = 23ADA91C28846B240066D15A /* AcheivedFlowerPot.storyboard */; };
		23ADA91F28846B440066D15A /* NotAcheivedFlowerPot.storyboard in Resources */ = {isa = PBXBuildFile; fileRef = 23ADA91E28846B440066D15A /* NotAcheivedFlowerPot.storyboard */; };
		23C8B4A6286EF2F300432141 /* PaddingLabel.swift in Sources */ = {isa = PBXBuildFile; fileRef = 23C8B4A5286EF2F300432141 /* PaddingLabel.swift */; };
		23C8B4AC286EF41400432141 /* MainViewController.swift in Sources */ = {isa = PBXBuildFile; fileRef = 23C8B4AB286EF41400432141 /* MainViewController.swift */; };
		23C8B4B0286EF76F00432141 /* MainFlowerTableViewCell.swift in Sources */ = {isa = PBXBuildFile; fileRef = 23C8B4AE286EF76F00432141 /* MainFlowerTableViewCell.swift */; };
		23C8B4B1286EF76F00432141 /* MainFlowerTableViewCell.xib in Resources */ = {isa = PBXBuildFile; fileRef = 23C8B4AF286EF76F00432141 /* MainFlowerTableViewCell.xib */; };
		23C8B4B8286EF78600432141 /* RecentBookCollectionViewCell.swift in Sources */ = {isa = PBXBuildFile; fileRef = 23C8B4B6286EF78600432141 /* RecentBookCollectionViewCell.swift */; };
		23C8B4B9286EF78600432141 /* RecentBookCollectionViewCell.xib in Resources */ = {isa = PBXBuildFile; fileRef = 23C8B4B7286EF78600432141 /* RecentBookCollectionViewCell.xib */; };
		23C8B4BB286EFF3900432141 /* CustomTabBarController.swift in Sources */ = {isa = PBXBuildFile; fileRef = 23C8B4BA286EFF3900432141 /* CustomTabBarController.swift */; };
		23DFD30D2878D9B1002AC8B0 /* UploadRecordViewController.swift in Sources */ = {isa = PBXBuildFile; fileRef = 23DFD30C2878D9B1002AC8B0 /* UploadRecordViewController.swift */; };
		23DFD3102878D9F4002AC8B0 /* UploadRecordTableViewCell.swift in Sources */ = {isa = PBXBuildFile; fileRef = 23DFD30E2878D9F4002AC8B0 /* UploadRecordTableViewCell.swift */; };
		23DFD3112878D9F4002AC8B0 /* UploadRecordTableViewCell.xib in Resources */ = {isa = PBXBuildFile; fileRef = 23DFD30F2878D9F4002AC8B0 /* UploadRecordTableViewCell.xib */; };
		87E40A5DB282123CDAA86316 /* Pods_LIBROGTests.framework in Frameworks */ = {isa = PBXBuildFile; fileRef = 79984E8377ED4772E3A4730E /* Pods_LIBROGTests.framework */; };
		9BE303E45EECD6C4F3471E37 /* Pods_LIBROG.framework in Frameworks */ = {isa = PBXBuildFile; fileRef = 6C934BB6A1545DC5476C41F4 /* Pods_LIBROG.framework */; };
		AD572B475873E8AA70C597EC /* Pods_LIBROG_LIBROGUITests.framework in Frameworks */ = {isa = PBXBuildFile; fileRef = 401A4F3757D864A067683037 /* Pods_LIBROG_LIBROGUITests.framework */; };
		D0C2B04F286DC9BE00242E71 /* AppDelegate.swift in Sources */ = {isa = PBXBuildFile; fileRef = D0C2B04E286DC9BE00242E71 /* AppDelegate.swift */; };
		D0C2B051286DC9BE00242E71 /* SceneDelegate.swift in Sources */ = {isa = PBXBuildFile; fileRef = D0C2B050286DC9BE00242E71 /* SceneDelegate.swift */; };
		D0C2B053286DC9BE00242E71 /* ViewController.swift in Sources */ = {isa = PBXBuildFile; fileRef = D0C2B052286DC9BE00242E71 /* ViewController.swift */; };
		D0C2B056286DC9BE00242E71 /* Main.storyboard in Resources */ = {isa = PBXBuildFile; fileRef = D0C2B054286DC9BE00242E71 /* Main.storyboard */; };
		D0C2B058286DC9C000242E71 /* Assets.xcassets in Resources */ = {isa = PBXBuildFile; fileRef = D0C2B057286DC9C000242E71 /* Assets.xcassets */; };
		D0C2B05B286DC9C000242E71 /* LaunchScreen.storyboard in Resources */ = {isa = PBXBuildFile; fileRef = D0C2B059286DC9C000242E71 /* LaunchScreen.storyboard */; };
		D0C2B066286DC9C100242E71 /* LIBROGTests.swift in Sources */ = {isa = PBXBuildFile; fileRef = D0C2B065286DC9C100242E71 /* LIBROGTests.swift */; };
		D0C2B070286DC9C100242E71 /* LIBROGUITests.swift in Sources */ = {isa = PBXBuildFile; fileRef = D0C2B06F286DC9C100242E71 /* LIBROGUITests.swift */; };
		D0C2B072286DC9C100242E71 /* LIBROGUITestsLaunchTests.swift in Sources */ = {isa = PBXBuildFile; fileRef = D0C2B071286DC9C100242E71 /* LIBROGUITestsLaunchTests.swift */; };
		D0C2B080286DEBD600242E71 /* FlowerPotViewController.swift in Sources */ = {isa = PBXBuildFile; fileRef = D0C2B07F286DEBD600242E71 /* FlowerPotViewController.swift */; };
		D0C2B086286DF28800242E71 /* FlowerpotTableViewCell.swift in Sources */ = {isa = PBXBuildFile; fileRef = D0C2B084286DF28800242E71 /* FlowerpotTableViewCell.swift */; };
		D0C2B087286DF28800242E71 /* FlowerpotTableViewCell.xib in Resources */ = {isa = PBXBuildFile; fileRef = D0C2B085286DF28800242E71 /* FlowerpotTableViewCell.xib */; };
		D0C2B089286E1FD600242E71 /* UIViewExtension.swift in Sources */ = {isa = PBXBuildFile; fileRef = D0C2B088286E1FD600242E71 /* UIViewExtension.swift */; };
		D0DB05B32876BC330041CEEF /* UploadViewController.swift in Sources */ = {isa = PBXBuildFile; fileRef = D0DB05B22876BC330041CEEF /* UploadViewController.swift */; };
		D0DB05C2287700650041CEEF /* Data.swift in Sources */ = {isa = PBXBuildFile; fileRef = D0DB05C1287700650041CEEF /* Data.swift */; };
/* End PBXBuildFile section */

/* Begin PBXContainerItemProxy section */
		D0C2B062286DC9C000242E71 /* PBXContainerItemProxy */ = {
			isa = PBXContainerItemProxy;
			containerPortal = D0C2B043286DC9BE00242E71 /* Project object */;
			proxyType = 1;
			remoteGlobalIDString = D0C2B04A286DC9BE00242E71;
			remoteInfo = LIBROG;
		};
		D0C2B06C286DC9C100242E71 /* PBXContainerItemProxy */ = {
			isa = PBXContainerItemProxy;
			containerPortal = D0C2B043286DC9BE00242E71 /* Project object */;
			proxyType = 1;
			remoteGlobalIDString = D0C2B04A286DC9BE00242E71;
			remoteInfo = LIBROG;
		};
/* End PBXContainerItemProxy section */

/* Begin PBXFileReference section */
		083D44444B965A5BDD386009 /* Pods-LIBROGTests.release.xcconfig */ = {isa = PBXFileReference; includeInIndex = 1; lastKnownFileType = text.xcconfig; name = "Pods-LIBROGTests.release.xcconfig"; path = "Target Support Files/Pods-LIBROGTests/Pods-LIBROGTests.release.xcconfig"; sourceTree = "<group>"; };
		230524BD287D5C060081933A /* FlowerPotDetailViewController.swift */ = {isa = PBXFileReference; lastKnownFileType = sourcecode.swift; path = FlowerPotDetailViewController.swift; sourceTree = "<group>"; };
		230524BF287D5C370081933A /* FlowerPotDetailCollectionViewCell.swift */ = {isa = PBXFileReference; lastKnownFileType = sourcecode.swift; path = FlowerPotDetailCollectionViewCell.swift; sourceTree = "<group>"; };
		230524C0287D5C370081933A /* FlowerPotDetailCollectionViewCell.xib */ = {isa = PBXFileReference; lastKnownFileType = file.xib; path = FlowerPotDetailCollectionViewCell.xib; sourceTree = "<group>"; };
		235523432881B89200EDE3E1 /* FlowerPotData.swift */ = {isa = PBXFileReference; lastKnownFileType = sourcecode.swift; path = FlowerPotData.swift; sourceTree = "<group>"; };
		235523462881C47200EDE3E1 /* FlowerPotDescriptionViewController.swift */ = {isa = PBXFileReference; lastKnownFileType = sourcecode.swift; path = FlowerPotDescriptionViewController.swift; sourceTree = "<group>"; };
		235523492881C48A00EDE3E1 /* FlowerPotDescriptionTableViewCell.swift */ = {isa = PBXFileReference; lastKnownFileType = sourcecode.swift; path = FlowerPotDescriptionTableViewCell.swift; sourceTree = "<group>"; };
		2355234A2881C48A00EDE3E1 /* FlowerPotDescriptionTableViewCell.xib */ = {isa = PBXFileReference; lastKnownFileType = file.xib; path = FlowerPotDescriptionTableViewCell.xib; sourceTree = "<group>"; };
		23766E7D2870330D005EEA8E /* UIBezierPath.swift */ = {isa = PBXFileReference; lastKnownFileType = sourcecode.swift; path = UIBezierPath.swift; sourceTree = "<group>"; };
		238DE01A28819AF0007901E6 /* TodaySuggestCollectionViewCell.swift */ = {isa = PBXFileReference; lastKnownFileType = sourcecode.swift; path = TodaySuggestCollectionViewCell.swift; sourceTree = "<group>"; };
		238DE01B28819AF0007901E6 /* TodaySuggestCollectionViewCell.xib */ = {isa = PBXFileReference; lastKnownFileType = file.xib; path = TodaySuggestCollectionViewCell.xib; sourceTree = "<group>"; };
		238DE01E28819C00007901E6 /* MainBottomViewController.swift */ = {isa = PBXFileReference; lastKnownFileType = sourcecode.swift; path = MainBottomViewController.swift; sourceTree = "<group>"; };
		23A5B854287D6754005413A3 /* AddFlowerPotViewController.swift */ = {isa = PBXFileReference; lastKnownFileType = sourcecode.swift; path = AddFlowerPotViewController.swift; sourceTree = "<group>"; };
		23A5B856287D6B89005413A3 /* FlowerPotTabViewController.swift */ = {isa = PBXFileReference; lastKnownFileType = sourcecode.swift; path = FlowerPotTabViewController.swift; sourceTree = "<group>"; };
		23A5B85A287D7F73005413A3 /* AcheivedFlowerPotTableViewCell.swift */ = {isa = PBXFileReference; lastKnownFileType = sourcecode.swift; path = AcheivedFlowerPotTableViewCell.swift; sourceTree = "<group>"; };
		23A5B85B287D7F73005413A3 /* AcheivedFlowerPotTableViewCell.xib */ = {isa = PBXFileReference; lastKnownFileType = file.xib; path = AcheivedFlowerPotTableViewCell.xib; sourceTree = "<group>"; };
		23A5B85E287D7F81005413A3 /* NotAcheivedFlowerPotTableViewCell.swift */ = {isa = PBXFileReference; lastKnownFileType = sourcecode.swift; path = NotAcheivedFlowerPotTableViewCell.swift; sourceTree = "<group>"; };
		23A5B85F287D7F81005413A3 /* NotAcheivedFlowerPotTableViewCell.xib */ = {isa = PBXFileReference; lastKnownFileType = file.xib; path = NotAcheivedFlowerPotTableViewCell.xib; sourceTree = "<group>"; };
		23A5B862287D804C005413A3 /* AcheivedFlowerPotViewController.swift */ = {isa = PBXFileReference; lastKnownFileType = sourcecode.swift; path = AcheivedFlowerPotViewController.swift; sourceTree = "<group>"; };
		23A5B864287D805A005413A3 /* NotAchievedFlowerPotViewController.swift */ = {isa = PBXFileReference; lastKnownFileType = sourcecode.swift; path = NotAchievedFlowerPotViewController.swift; sourceTree = "<group>"; };
		23A5B868287D9D5D005413A3 /* ResultTableViewCell.swift */ = {isa = PBXFileReference; fileEncoding = 4; lastKnownFileType = sourcecode.swift; path = ResultTableViewCell.swift; sourceTree = "<group>"; };
		23A5B869287D9D5D005413A3 /* InputTableViewCell.xib */ = {isa = PBXFileReference; fileEncoding = 4; lastKnownFileType = file.xib; path = InputTableViewCell.xib; sourceTree = "<group>"; };
		23A5B86A287D9D5D005413A3 /* NoResultTableViewCell.swift */ = {isa = PBXFileReference; fileEncoding = 4; lastKnownFileType = sourcecode.swift; path = NoResultTableViewCell.swift; sourceTree = "<group>"; };
		23A5B86B287D9D5D005413A3 /* NoResultTableViewCell.xib */ = {isa = PBXFileReference; fileEncoding = 4; lastKnownFileType = file.xib; path = NoResultTableViewCell.xib; sourceTree = "<group>"; };
		23A5B86C287D9D5D005413A3 /* ResultTableViewCell.xib */ = {isa = PBXFileReference; fileEncoding = 4; lastKnownFileType = file.xib; path = ResultTableViewCell.xib; sourceTree = "<group>"; };
		23A5B86D287D9D5D005413A3 /* InputTableViewCell.swift */ = {isa = PBXFileReference; fileEncoding = 4; lastKnownFileType = sourcecode.swift; path = InputTableViewCell.swift; sourceTree = "<group>"; };
		23ADA90A288467850066D15A /* MainPage.storyboard */ = {isa = PBXFileReference; lastKnownFileType = file.storyboard; path = MainPage.storyboard; sourceTree = "<group>"; };
		23ADA90C288468D50066D15A /* BookRecord.storyboard */ = {isa = PBXFileReference; lastKnownFileType = file.storyboard; path = BookRecord.storyboard; sourceTree = "<group>"; };
		23ADA90E2884693D0066D15A /* SelectBook.storyboard */ = {isa = PBXFileReference; lastKnownFileType = file.storyboard; path = SelectBook.storyboard; sourceTree = "<group>"; };
		23ADA9102884698F0066D15A /* UploadRecord.storyboard */ = {isa = PBXFileReference; lastKnownFileType = file.storyboard; path = UploadRecord.storyboard; sourceTree = "<group>"; };
		23ADA912288469E90066D15A /* FlowerPot.storyboard */ = {isa = PBXFileReference; lastKnownFileType = file.storyboard; path = FlowerPot.storyboard; sourceTree = "<group>"; };
		23ADA91428846A2A0066D15A /* Profile.storyboard */ = {isa = PBXFileReference; lastKnownFileType = file.storyboard; path = Profile.storyboard; sourceTree = "<group>"; };
		23ADA91628846A870066D15A /* UserFlowerPotDetail.storyboard */ = {isa = PBXFileReference; lastKnownFileType = file.storyboard; path = UserFlowerPotDetail.storyboard; sourceTree = "<group>"; };
		23ADA91828846AB10066D15A /* FlowerPotDescription.storyboard */ = {isa = PBXFileReference; lastKnownFileType = file.storyboard; path = FlowerPotDescription.storyboard; sourceTree = "<group>"; };
		23ADA91A28846ACE0066D15A /* AddFlowerPot.storyboard */ = {isa = PBXFileReference; lastKnownFileType = file.storyboard; path = AddFlowerPot.storyboard; sourceTree = "<group>"; };
		23ADA91C28846B240066D15A /* AcheivedFlowerPot.storyboard */ = {isa = PBXFileReference; lastKnownFileType = file.storyboard; path = AcheivedFlowerPot.storyboard; sourceTree = "<group>"; };
		23ADA91E28846B440066D15A /* NotAcheivedFlowerPot.storyboard */ = {isa = PBXFileReference; lastKnownFileType = file.storyboard; path = NotAcheivedFlowerPot.storyboard; sourceTree = "<group>"; };
		23C8B4A5286EF2F300432141 /* PaddingLabel.swift */ = {isa = PBXFileReference; lastKnownFileType = sourcecode.swift; path = PaddingLabel.swift; sourceTree = "<group>"; };
		23C8B4AB286EF41400432141 /* MainViewController.swift */ = {isa = PBXFileReference; lastKnownFileType = sourcecode.swift; path = MainViewController.swift; sourceTree = "<group>"; };
		23C8B4AE286EF76F00432141 /* MainFlowerTableViewCell.swift */ = {isa = PBXFileReference; lastKnownFileType = sourcecode.swift; path = MainFlowerTableViewCell.swift; sourceTree = "<group>"; };
		23C8B4AF286EF76F00432141 /* MainFlowerTableViewCell.xib */ = {isa = PBXFileReference; lastKnownFileType = file.xib; path = MainFlowerTableViewCell.xib; sourceTree = "<group>"; };
		23C8B4B6286EF78600432141 /* RecentBookCollectionViewCell.swift */ = {isa = PBXFileReference; lastKnownFileType = sourcecode.swift; path = RecentBookCollectionViewCell.swift; sourceTree = "<group>"; };
		23C8B4B7286EF78600432141 /* RecentBookCollectionViewCell.xib */ = {isa = PBXFileReference; lastKnownFileType = file.xib; path = RecentBookCollectionViewCell.xib; sourceTree = "<group>"; };
		23C8B4BA286EFF3900432141 /* CustomTabBarController.swift */ = {isa = PBXFileReference; lastKnownFileType = sourcecode.swift; path = CustomTabBarController.swift; sourceTree = "<group>"; };
		23DFD30C2878D9B1002AC8B0 /* UploadRecordViewController.swift */ = {isa = PBXFileReference; lastKnownFileType = sourcecode.swift; path = UploadRecordViewController.swift; sourceTree = "<group>"; };
		23DFD30E2878D9F4002AC8B0 /* UploadRecordTableViewCell.swift */ = {isa = PBXFileReference; lastKnownFileType = sourcecode.swift; path = UploadRecordTableViewCell.swift; sourceTree = "<group>"; };
		23DFD30F2878D9F4002AC8B0 /* UploadRecordTableViewCell.xib */ = {isa = PBXFileReference; lastKnownFileType = file.xib; path = UploadRecordTableViewCell.xib; sourceTree = "<group>"; };
		30E9B833FD716CCDAAB95015 /* Pods-LIBROGTests.debug.xcconfig */ = {isa = PBXFileReference; includeInIndex = 1; lastKnownFileType = text.xcconfig; name = "Pods-LIBROGTests.debug.xcconfig"; path = "Target Support Files/Pods-LIBROGTests/Pods-LIBROGTests.debug.xcconfig"; sourceTree = "<group>"; };
		401A4F3757D864A067683037 /* Pods_LIBROG_LIBROGUITests.framework */ = {isa = PBXFileReference; explicitFileType = wrapper.framework; includeInIndex = 0; path = Pods_LIBROG_LIBROGUITests.framework; sourceTree = BUILT_PRODUCTS_DIR; };
		4213D3509CD3CBE5B946C6E3 /* Pods-LIBROG.release.xcconfig */ = {isa = PBXFileReference; includeInIndex = 1; lastKnownFileType = text.xcconfig; name = "Pods-LIBROG.release.xcconfig"; path = "Target Support Files/Pods-LIBROG/Pods-LIBROG.release.xcconfig"; sourceTree = "<group>"; };
		5B59C64FA59FE7473BAD7EE1 /* Pods-LIBROG-LIBROGUITests.release.xcconfig */ = {isa = PBXFileReference; includeInIndex = 1; lastKnownFileType = text.xcconfig; name = "Pods-LIBROG-LIBROGUITests.release.xcconfig"; path = "Target Support Files/Pods-LIBROG-LIBROGUITests/Pods-LIBROG-LIBROGUITests.release.xcconfig"; sourceTree = "<group>"; };
		6C934BB6A1545DC5476C41F4 /* Pods_LIBROG.framework */ = {isa = PBXFileReference; explicitFileType = wrapper.framework; includeInIndex = 0; path = Pods_LIBROG.framework; sourceTree = BUILT_PRODUCTS_DIR; };
		79984E8377ED4772E3A4730E /* Pods_LIBROGTests.framework */ = {isa = PBXFileReference; explicitFileType = wrapper.framework; includeInIndex = 0; path = Pods_LIBROGTests.framework; sourceTree = BUILT_PRODUCTS_DIR; };
		80874FB74B3F63648D20C05C /* Pods-LIBROG.debug.xcconfig */ = {isa = PBXFileReference; includeInIndex = 1; lastKnownFileType = text.xcconfig; name = "Pods-LIBROG.debug.xcconfig"; path = "Target Support Files/Pods-LIBROG/Pods-LIBROG.debug.xcconfig"; sourceTree = "<group>"; };
		C75FFB529E5A692083101F06 /* Pods-LIBROG-LIBROGUITests.debug.xcconfig */ = {isa = PBXFileReference; includeInIndex = 1; lastKnownFileType = text.xcconfig; name = "Pods-LIBROG-LIBROGUITests.debug.xcconfig"; path = "Target Support Files/Pods-LIBROG-LIBROGUITests/Pods-LIBROG-LIBROGUITests.debug.xcconfig"; sourceTree = "<group>"; };
		D0C2B04B286DC9BE00242E71 /* LIBROG.app */ = {isa = PBXFileReference; explicitFileType = wrapper.application; includeInIndex = 0; path = LIBROG.app; sourceTree = BUILT_PRODUCTS_DIR; };
		D0C2B04E286DC9BE00242E71 /* AppDelegate.swift */ = {isa = PBXFileReference; lastKnownFileType = sourcecode.swift; path = AppDelegate.swift; sourceTree = "<group>"; };
		D0C2B050286DC9BE00242E71 /* SceneDelegate.swift */ = {isa = PBXFileReference; lastKnownFileType = sourcecode.swift; path = SceneDelegate.swift; sourceTree = "<group>"; };
		D0C2B052286DC9BE00242E71 /* ViewController.swift */ = {isa = PBXFileReference; lastKnownFileType = sourcecode.swift; path = ViewController.swift; sourceTree = "<group>"; };
		D0C2B055286DC9BE00242E71 /* Base */ = {isa = PBXFileReference; lastKnownFileType = file.storyboard; name = Base; path = Base.lproj/Main.storyboard; sourceTree = "<group>"; };
		D0C2B057286DC9C000242E71 /* Assets.xcassets */ = {isa = PBXFileReference; lastKnownFileType = folder.assetcatalog; path = Assets.xcassets; sourceTree = "<group>"; };
		D0C2B05A286DC9C000242E71 /* Base */ = {isa = PBXFileReference; lastKnownFileType = file.storyboard; name = Base; path = Base.lproj/LaunchScreen.storyboard; sourceTree = "<group>"; };
		D0C2B05C286DC9C000242E71 /* Info.plist */ = {isa = PBXFileReference; lastKnownFileType = text.plist.xml; path = Info.plist; sourceTree = "<group>"; };
		D0C2B061286DC9C000242E71 /* LIBROGTests.xctest */ = {isa = PBXFileReference; explicitFileType = wrapper.cfbundle; includeInIndex = 0; path = LIBROGTests.xctest; sourceTree = BUILT_PRODUCTS_DIR; };
		D0C2B065286DC9C100242E71 /* LIBROGTests.swift */ = {isa = PBXFileReference; lastKnownFileType = sourcecode.swift; path = LIBROGTests.swift; sourceTree = "<group>"; };
		D0C2B06B286DC9C100242E71 /* LIBROGUITests.xctest */ = {isa = PBXFileReference; explicitFileType = wrapper.cfbundle; includeInIndex = 0; path = LIBROGUITests.xctest; sourceTree = BUILT_PRODUCTS_DIR; };
		D0C2B06F286DC9C100242E71 /* LIBROGUITests.swift */ = {isa = PBXFileReference; lastKnownFileType = sourcecode.swift; path = LIBROGUITests.swift; sourceTree = "<group>"; };
		D0C2B071286DC9C100242E71 /* LIBROGUITestsLaunchTests.swift */ = {isa = PBXFileReference; lastKnownFileType = sourcecode.swift; path = LIBROGUITestsLaunchTests.swift; sourceTree = "<group>"; };
		D0C2B07F286DEBD600242E71 /* FlowerPotViewController.swift */ = {isa = PBXFileReference; lastKnownFileType = sourcecode.swift; path = FlowerPotViewController.swift; sourceTree = "<group>"; };
		D0C2B084286DF28800242E71 /* FlowerpotTableViewCell.swift */ = {isa = PBXFileReference; lastKnownFileType = sourcecode.swift; path = FlowerpotTableViewCell.swift; sourceTree = "<group>"; };
		D0C2B085286DF28800242E71 /* FlowerpotTableViewCell.xib */ = {isa = PBXFileReference; lastKnownFileType = file.xib; path = FlowerpotTableViewCell.xib; sourceTree = "<group>"; };
		D0C2B088286E1FD600242E71 /* UIViewExtension.swift */ = {isa = PBXFileReference; lastKnownFileType = sourcecode.swift; path = UIViewExtension.swift; sourceTree = "<group>"; };
		D0DB05B22876BC330041CEEF /* UploadViewController.swift */ = {isa = PBXFileReference; lastKnownFileType = sourcecode.swift; path = UploadViewController.swift; sourceTree = "<group>"; };
		D0DB05C1287700650041CEEF /* Data.swift */ = {isa = PBXFileReference; lastKnownFileType = sourcecode.swift; path = Data.swift; sourceTree = "<group>"; };
/* End PBXFileReference section */

/* Begin PBXFrameworksBuildPhase section */
		D0C2B048286DC9BE00242E71 /* Frameworks */ = {
			isa = PBXFrameworksBuildPhase;
			buildActionMask = 2147483647;
			files = (
				9BE303E45EECD6C4F3471E37 /* Pods_LIBROG.framework in Frameworks */,
			);
			runOnlyForDeploymentPostprocessing = 0;
		};
		D0C2B05E286DC9C000242E71 /* Frameworks */ = {
			isa = PBXFrameworksBuildPhase;
			buildActionMask = 2147483647;
			files = (
				87E40A5DB282123CDAA86316 /* Pods_LIBROGTests.framework in Frameworks */,
			);
			runOnlyForDeploymentPostprocessing = 0;
		};
		D0C2B068286DC9C100242E71 /* Frameworks */ = {
			isa = PBXFrameworksBuildPhase;
			buildActionMask = 2147483647;
			files = (
				AD572B475873E8AA70C597EC /* Pods_LIBROG_LIBROGUITests.framework in Frameworks */,
			);
			runOnlyForDeploymentPostprocessing = 0;
		};
/* End PBXFrameworksBuildPhase section */

/* Begin PBXGroup section */
		230524BB287D5BEE0081933A /* FlowerPotDetail */ = {
			isa = PBXGroup;
			children = (
				230524BC287D5BF90081933A /* Cell */,
				230524BD287D5C060081933A /* FlowerPotDetailViewController.swift */,
			);
			path = FlowerPotDetail;
			sourceTree = "<group>";
		};
		230524BC287D5BF90081933A /* Cell */ = {
			isa = PBXGroup;
			children = (
				230524BF287D5C370081933A /* FlowerPotDetailCollectionViewCell.swift */,
				230524C0287D5C370081933A /* FlowerPotDetailCollectionViewCell.xib */,
			);
			path = Cell;
			sourceTree = "<group>";
		};
		230524C3287D64820081933A /* AddFlowerPot */ = {
			isa = PBXGroup;
			children = (
				235523422881B88800EDE3E1 /* Model */,
				23A5B859287D7ED3005413A3 /* Cell */,
				23A5B858287D7ECA005413A3 /* ViewController */,
			);
			path = AddFlowerPot;
			sourceTree = "<group>";
		};
		235523422881B88800EDE3E1 /* Model */ = {
			isa = PBXGroup;
			children = (
				235523432881B89200EDE3E1 /* FlowerPotData.swift */,
			);
			path = Model;
			sourceTree = "<group>";
		};
		235523452881C45600EDE3E1 /* FlowerPotDescription */ = {
			isa = PBXGroup;
			children = (
				235523482881C47800EDE3E1 /* Cell */,
				235523462881C47200EDE3E1 /* FlowerPotDescriptionViewController.swift */,
			);
			path = FlowerPotDescription;
			sourceTree = "<group>";
		};
		235523482881C47800EDE3E1 /* Cell */ = {
			isa = PBXGroup;
			children = (
				235523492881C48A00EDE3E1 /* FlowerPotDescriptionTableViewCell.swift */,
				2355234A2881C48A00EDE3E1 /* FlowerPotDescriptionTableViewCell.xib */,
			);
			path = Cell;
			sourceTree = "<group>";
		};
		23A5B858287D7ECA005413A3 /* ViewController */ = {
			isa = PBXGroup;
			children = (
				23A5B854287D6754005413A3 /* AddFlowerPotViewController.swift */,
				23A5B856287D6B89005413A3 /* FlowerPotTabViewController.swift */,
				23A5B862287D804C005413A3 /* AcheivedFlowerPotViewController.swift */,
				23A5B864287D805A005413A3 /* NotAchievedFlowerPotViewController.swift */,
			);
			path = ViewController;
			sourceTree = "<group>";
		};
		23A5B859287D7ED3005413A3 /* Cell */ = {
			isa = PBXGroup;
			children = (
				23A5B85A287D7F73005413A3 /* AcheivedFlowerPotTableViewCell.swift */,
				23A5B85B287D7F73005413A3 /* AcheivedFlowerPotTableViewCell.xib */,
				23A5B85E287D7F81005413A3 /* NotAcheivedFlowerPotTableViewCell.swift */,
				23A5B85F287D7F81005413A3 /* NotAcheivedFlowerPotTableViewCell.xib */,
			);
			path = Cell;
			sourceTree = "<group>";
		};
		23ADA909288467680066D15A /* View */ = {
			isa = PBXGroup;
			children = (
				23ADA90A288467850066D15A /* MainPage.storyboard */,
				23ADA90C288468D50066D15A /* BookRecord.storyboard */,
				23ADA90E2884693D0066D15A /* SelectBook.storyboard */,
				23ADA9102884698F0066D15A /* UploadRecord.storyboard */,
				23ADA912288469E90066D15A /* FlowerPot.storyboard */,
				23ADA91428846A2A0066D15A /* Profile.storyboard */,
				23ADA91628846A870066D15A /* UserFlowerPotDetail.storyboard */,
				23ADA91828846AB10066D15A /* FlowerPotDescription.storyboard */,
				23ADA91A28846ACE0066D15A /* AddFlowerPot.storyboard */,
				23ADA91C28846B240066D15A /* AcheivedFlowerPot.storyboard */,
				23ADA91E28846B440066D15A /* NotAcheivedFlowerPot.storyboard */,
			);
			path = View;
			sourceTree = "<group>";
		};
		23C8B4A7286EF39000432141 /* domain */ = {
			isa = PBXGroup;
			children = (
				235523452881C45600EDE3E1 /* FlowerPotDescription */,
				230524BB287D5BEE0081933A /* FlowerPotDetail */,
				230524C3287D64820081933A /* AddFlowerPot */,
				23DFD30B2878D98D002AC8B0 /* UploadRecord */,
				D0DB05B12876AAB00041CEEF /* Upload */,
				23C8B4AA286EF3B200432141 /* Main */,
				D0C2B07E286DEB9500242E71 /* Flowerpot */,
			);
			path = domain;
			sourceTree = "<group>";
		};
		23C8B4A8286EF39900432141 /* global */ = {
			isa = PBXGroup;
			children = (
				23C8B4A9286EF39F00432141 /* UI */,
			);
			path = global;
			sourceTree = "<group>";
		};
		23C8B4A9286EF39F00432141 /* UI */ = {
			isa = PBXGroup;
			children = (
				23C8B4A5286EF2F300432141 /* PaddingLabel.swift */,
				D0C2B088286E1FD600242E71 /* UIViewExtension.swift */,
				23C8B4BA286EFF3900432141 /* CustomTabBarController.swift */,
				23766E7D2870330D005EEA8E /* UIBezierPath.swift */,
			);
			path = UI;
			sourceTree = "<group>";
		};
		23C8B4AA286EF3B200432141 /* Main */ = {
			isa = PBXGroup;
			children = (
				23C8B4AD286EF75800432141 /* Cell */,
				23C8B4AB286EF41400432141 /* MainViewController.swift */,
				238DE01E28819C00007901E6 /* MainBottomViewController.swift */,
			);
			path = Main;
			sourceTree = "<group>";
		};
		23C8B4AD286EF75800432141 /* Cell */ = {
			isa = PBXGroup;
			children = (
				23C8B4AE286EF76F00432141 /* MainFlowerTableViewCell.swift */,
				23C8B4AF286EF76F00432141 /* MainFlowerTableViewCell.xib */,
				23C8B4B6286EF78600432141 /* RecentBookCollectionViewCell.swift */,
				23C8B4B7286EF78600432141 /* RecentBookCollectionViewCell.xib */,
				238DE01A28819AF0007901E6 /* TodaySuggestCollectionViewCell.swift */,
				238DE01B28819AF0007901E6 /* TodaySuggestCollectionViewCell.xib */,
			);
			path = Cell;
			sourceTree = "<group>";
		};
		23DFD30B2878D98D002AC8B0 /* UploadRecord */ = {
			isa = PBXGroup;
			children = (
				23DFD3122878D9F7002AC8B0 /* Cell */,
				23DFD30C2878D9B1002AC8B0 /* UploadRecordViewController.swift */,
			);
			path = UploadRecord;
			sourceTree = "<group>";
		};
		23DFD3122878D9F7002AC8B0 /* Cell */ = {
			isa = PBXGroup;
			children = (
				23DFD30E2878D9F4002AC8B0 /* UploadRecordTableViewCell.swift */,
				23DFD30F2878D9F4002AC8B0 /* UploadRecordTableViewCell.xib */,
			);
			path = Cell;
			sourceTree = "<group>";
		};
		329CFF90FF7C282BE262C8CF /* Pods */ = {
			isa = PBXGroup;
			children = (
				80874FB74B3F63648D20C05C /* Pods-LIBROG.debug.xcconfig */,
				4213D3509CD3CBE5B946C6E3 /* Pods-LIBROG.release.xcconfig */,
				C75FFB529E5A692083101F06 /* Pods-LIBROG-LIBROGUITests.debug.xcconfig */,
				5B59C64FA59FE7473BAD7EE1 /* Pods-LIBROG-LIBROGUITests.release.xcconfig */,
				30E9B833FD716CCDAAB95015 /* Pods-LIBROGTests.debug.xcconfig */,
				083D44444B965A5BDD386009 /* Pods-LIBROGTests.release.xcconfig */,
			);
			path = Pods;
			sourceTree = "<group>";
		};
		D0C2B042286DC9BE00242E71 = {
			isa = PBXGroup;
			children = (
				D0C2B04D286DC9BE00242E71 /* LIBROG */,
				D0C2B064286DC9C000242E71 /* LIBROGTests */,
				D0C2B06E286DC9C100242E71 /* LIBROGUITests */,
				D0C2B04C286DC9BE00242E71 /* Products */,
				329CFF90FF7C282BE262C8CF /* Pods */,
				E76887DEF1096ADA5257CEDE /* Frameworks */,
			);
			sourceTree = "<group>";
		};
		D0C2B04C286DC9BE00242E71 /* Products */ = {
			isa = PBXGroup;
			children = (
				D0C2B04B286DC9BE00242E71 /* LIBROG.app */,
				D0C2B061286DC9C000242E71 /* LIBROGTests.xctest */,
				D0C2B06B286DC9C100242E71 /* LIBROGUITests.xctest */,
			);
			name = Products;
			sourceTree = "<group>";
		};
		D0C2B04D286DC9BE00242E71 /* LIBROG */ = {
			isa = PBXGroup;
			children = (
				23ADA909288467680066D15A /* View */,
				23C8B4A8286EF39900432141 /* global */,
				23C8B4A7286EF39000432141 /* domain */,
				D0C2B04E286DC9BE00242E71 /* AppDelegate.swift */,
				D0C2B050286DC9BE00242E71 /* SceneDelegate.swift */,
				D0C2B052286DC9BE00242E71 /* ViewController.swift */,
				D0C2B054286DC9BE00242E71 /* Main.storyboard */,
				D0C2B057286DC9C000242E71 /* Assets.xcassets */,
				D0C2B059286DC9C000242E71 /* LaunchScreen.storyboard */,
				D0C2B05C286DC9C000242E71 /* Info.plist */,
			);
			path = LIBROG;
			sourceTree = "<group>";
		};
		D0C2B064286DC9C000242E71 /* LIBROGTests */ = {
			isa = PBXGroup;
			children = (
				D0C2B065286DC9C100242E71 /* LIBROGTests.swift */,
			);
			path = LIBROGTests;
			sourceTree = "<group>";
		};
		D0C2B06E286DC9C100242E71 /* LIBROGUITests */ = {
			isa = PBXGroup;
			children = (
				D0C2B06F286DC9C100242E71 /* LIBROGUITests.swift */,
				D0C2B071286DC9C100242E71 /* LIBROGUITestsLaunchTests.swift */,
			);
			path = LIBROGUITests;
			sourceTree = "<group>";
		};
		D0C2B07E286DEB9500242E71 /* Flowerpot */ = {
			isa = PBXGroup;
			children = (
				D0C2B081286DF22300242E71 /* Cell */,
				D0C2B07F286DEBD600242E71 /* FlowerPotViewController.swift */,
			);
			path = Flowerpot;
			sourceTree = "<group>";
		};
		D0C2B081286DF22300242E71 /* Cell */ = {
			isa = PBXGroup;
			children = (
				D0C2B084286DF28800242E71 /* FlowerpotTableViewCell.swift */,
				D0C2B085286DF28800242E71 /* FlowerpotTableViewCell.xib */,
			);
			path = Cell;
			sourceTree = "<group>";
		};
		D0DB05B12876AAB00041CEEF /* Upload */ = {
			isa = PBXGroup;
			children = (
				D0DB05C02877004D0041CEEF /* Model */,
				D0DB05B82876CF580041CEEF /* Cell */,
				D0DB05B22876BC330041CEEF /* UploadViewController.swift */,
			);
			path = Upload;
			sourceTree = "<group>";
		};
		D0DB05B82876CF580041CEEF /* Cell */ = {
			isa = PBXGroup;
			children = (
				23A5B86D287D9D5D005413A3 /* InputTableViewCell.swift */,
				23A5B869287D9D5D005413A3 /* InputTableViewCell.xib */,
				23A5B86A287D9D5D005413A3 /* NoResultTableViewCell.swift */,
				23A5B86B287D9D5D005413A3 /* NoResultTableViewCell.xib */,
				23A5B868287D9D5D005413A3 /* ResultTableViewCell.swift */,
				23A5B86C287D9D5D005413A3 /* ResultTableViewCell.xib */,
			);
			path = Cell;
			sourceTree = "<group>";
		};
		D0DB05C02877004D0041CEEF /* Model */ = {
			isa = PBXGroup;
			children = (
				D0DB05C1287700650041CEEF /* Data.swift */,
			);
			path = Model;
			sourceTree = "<group>";
		};
		E76887DEF1096ADA5257CEDE /* Frameworks */ = {
			isa = PBXGroup;
			children = (
				6C934BB6A1545DC5476C41F4 /* Pods_LIBROG.framework */,
				401A4F3757D864A067683037 /* Pods_LIBROG_LIBROGUITests.framework */,
				79984E8377ED4772E3A4730E /* Pods_LIBROGTests.framework */,
			);
			name = Frameworks;
			sourceTree = "<group>";
		};
/* End PBXGroup section */

/* Begin PBXNativeTarget section */
		D0C2B04A286DC9BE00242E71 /* LIBROG */ = {
			isa = PBXNativeTarget;
			buildConfigurationList = D0C2B075286DC9C100242E71 /* Build configuration list for PBXNativeTarget "LIBROG" */;
			buildPhases = (
				F0D77384D135F01A4FCC0EB4 /* [CP] Check Pods Manifest.lock */,
				D0C2B047286DC9BE00242E71 /* Sources */,
				D0C2B048286DC9BE00242E71 /* Frameworks */,
				D0C2B049286DC9BE00242E71 /* Resources */,
				28CB331FB6BB16CAAFE8FA86 /* [CP] Embed Pods Frameworks */,
			);
			buildRules = (
			);
			dependencies = (
			);
			name = LIBROG;
			productName = LIBROG;
			productReference = D0C2B04B286DC9BE00242E71 /* LIBROG.app */;
			productType = "com.apple.product-type.application";
		};
		D0C2B060286DC9C000242E71 /* LIBROGTests */ = {
			isa = PBXNativeTarget;
			buildConfigurationList = D0C2B078286DC9C100242E71 /* Build configuration list for PBXNativeTarget "LIBROGTests" */;
			buildPhases = (
				9BAB6618D11E4DFA4FE77E0A /* [CP] Check Pods Manifest.lock */,
				D0C2B05D286DC9C000242E71 /* Sources */,
				D0C2B05E286DC9C000242E71 /* Frameworks */,
				D0C2B05F286DC9C000242E71 /* Resources */,
			);
			buildRules = (
			);
			dependencies = (
				D0C2B063286DC9C000242E71 /* PBXTargetDependency */,
			);
			name = LIBROGTests;
			productName = LIBROGTests;
			productReference = D0C2B061286DC9C000242E71 /* LIBROGTests.xctest */;
			productType = "com.apple.product-type.bundle.unit-test";
		};
		D0C2B06A286DC9C100242E71 /* LIBROGUITests */ = {
			isa = PBXNativeTarget;
			buildConfigurationList = D0C2B07B286DC9C100242E71 /* Build configuration list for PBXNativeTarget "LIBROGUITests" */;
			buildPhases = (
				665D3F2CA22A93EBEC9D6E8E /* [CP] Check Pods Manifest.lock */,
				D0C2B067286DC9C100242E71 /* Sources */,
				D0C2B068286DC9C100242E71 /* Frameworks */,
				D0C2B069286DC9C100242E71 /* Resources */,
				D2C4659F033ECE5D4476739A /* [CP] Embed Pods Frameworks */,
			);
			buildRules = (
			);
			dependencies = (
				D0C2B06D286DC9C100242E71 /* PBXTargetDependency */,
			);
			name = LIBROGUITests;
			productName = LIBROGUITests;
			productReference = D0C2B06B286DC9C100242E71 /* LIBROGUITests.xctest */;
			productType = "com.apple.product-type.bundle.ui-testing";
		};
/* End PBXNativeTarget section */

/* Begin PBXProject section */
		D0C2B043286DC9BE00242E71 /* Project object */ = {
			isa = PBXProject;
			attributes = {
				BuildIndependentTargetsInParallel = 1;
				LastSwiftUpdateCheck = 1340;
				LastUpgradeCheck = 1340;
				TargetAttributes = {
					D0C2B04A286DC9BE00242E71 = {
						CreatedOnToolsVersion = 13.4.1;
					};
					D0C2B060286DC9C000242E71 = {
						CreatedOnToolsVersion = 13.4.1;
						TestTargetID = D0C2B04A286DC9BE00242E71;
					};
					D0C2B06A286DC9C100242E71 = {
						CreatedOnToolsVersion = 13.4.1;
						TestTargetID = D0C2B04A286DC9BE00242E71;
					};
				};
			};
			buildConfigurationList = D0C2B046286DC9BE00242E71 /* Build configuration list for PBXProject "LIBROG" */;
			compatibilityVersion = "Xcode 13.0";
			developmentRegion = en;
			hasScannedForEncodings = 0;
			knownRegions = (
				en,
				Base,
			);
			mainGroup = D0C2B042286DC9BE00242E71;
			productRefGroup = D0C2B04C286DC9BE00242E71 /* Products */;
			projectDirPath = "";
			projectRoot = "";
			targets = (
				D0C2B04A286DC9BE00242E71 /* LIBROG */,
				D0C2B060286DC9C000242E71 /* LIBROGTests */,
				D0C2B06A286DC9C100242E71 /* LIBROGUITests */,
			);
		};
/* End PBXProject section */

/* Begin PBXResourcesBuildPhase section */
		D0C2B049286DC9BE00242E71 /* Resources */ = {
			isa = PBXResourcesBuildPhase;
			buildActionMask = 2147483647;
			files = (
				D0C2B087286DF28800242E71 /* FlowerpotTableViewCell.xib in Resources */,
				23ADA91B28846ACE0066D15A /* AddFlowerPot.storyboard in Resources */,
				23ADA913288469E90066D15A /* FlowerPot.storyboard in Resources */,
				238DE01D28819AF0007901E6 /* TodaySuggestCollectionViewCell.xib in Resources */,
				23ADA91728846A870066D15A /* UserFlowerPotDetail.storyboard in Resources */,
				D0C2B05B286DC9C000242E71 /* LaunchScreen.storyboard in Resources */,
				23A5B861287D7F81005413A3 /* NotAcheivedFlowerPotTableViewCell.xib in Resources */,
				23C8B4B1286EF76F00432141 /* MainFlowerTableViewCell.xib in Resources */,
				23A5B85D287D7F73005413A3 /* AcheivedFlowerPotTableViewCell.xib in Resources */,
				D0C2B058286DC9C000242E71 /* Assets.xcassets in Resources */,
				23A5B86F287D9D5D005413A3 /* InputTableViewCell.xib in Resources */,
				2355234C2881C48A00EDE3E1 /* FlowerPotDescriptionTableViewCell.xib in Resources */,
				23A5B871287D9D5D005413A3 /* NoResultTableViewCell.xib in Resources */,
				23ADA90D288468D50066D15A /* BookRecord.storyboard in Resources */,
				23ADA91528846A2A0066D15A /* Profile.storyboard in Resources */,
				23ADA90F2884693D0066D15A /* SelectBook.storyboard in Resources */,
				23A5B872287D9D5D005413A3 /* ResultTableViewCell.xib in Resources */,
				23ADA91928846AB10066D15A /* FlowerPotDescription.storyboard in Resources */,
				23ADA91F28846B440066D15A /* NotAcheivedFlowerPot.storyboard in Resources */,
				23DFD3112878D9F4002AC8B0 /* UploadRecordTableViewCell.xib in Resources */,
				23ADA90B288467850066D15A /* MainPage.storyboard in Resources */,
				23C8B4B9286EF78600432141 /* RecentBookCollectionViewCell.xib in Resources */,
				D0C2B056286DC9BE00242E71 /* Main.storyboard in Resources */,
				23ADA91D28846B240066D15A /* AcheivedFlowerPot.storyboard in Resources */,
				23ADA9112884698F0066D15A /* UploadRecord.storyboard in Resources */,
				230524C2287D5C370081933A /* FlowerPotDetailCollectionViewCell.xib in Resources */,
			);
			runOnlyForDeploymentPostprocessing = 0;
		};
		D0C2B05F286DC9C000242E71 /* Resources */ = {
			isa = PBXResourcesBuildPhase;
			buildActionMask = 2147483647;
			files = (
			);
			runOnlyForDeploymentPostprocessing = 0;
		};
		D0C2B069286DC9C100242E71 /* Resources */ = {
			isa = PBXResourcesBuildPhase;
			buildActionMask = 2147483647;
			files = (
			);
			runOnlyForDeploymentPostprocessing = 0;
		};
/* End PBXResourcesBuildPhase section */

/* Begin PBXShellScriptBuildPhase section */
		28CB331FB6BB16CAAFE8FA86 /* [CP] Embed Pods Frameworks */ = {
			isa = PBXShellScriptBuildPhase;
			buildActionMask = 2147483647;
			files = (
			);
			inputFileListPaths = (
				"${PODS_ROOT}/Target Support Files/Pods-LIBROG/Pods-LIBROG-frameworks-${CONFIGURATION}-input-files.xcfilelist",
			);
			name = "[CP] Embed Pods Frameworks";
			outputFileListPaths = (
				"${PODS_ROOT}/Target Support Files/Pods-LIBROG/Pods-LIBROG-frameworks-${CONFIGURATION}-output-files.xcfilelist",
			);
			runOnlyForDeploymentPostprocessing = 0;
			shellPath = /bin/sh;
			shellScript = "\"${PODS_ROOT}/Target Support Files/Pods-LIBROG/Pods-LIBROG-frameworks.sh\"\n";
			showEnvVarsInLog = 0;
		};
		665D3F2CA22A93EBEC9D6E8E /* [CP] Check Pods Manifest.lock */ = {
			isa = PBXShellScriptBuildPhase;
			buildActionMask = 2147483647;
			files = (
			);
			inputFileListPaths = (
			);
			inputPaths = (
				"${PODS_PODFILE_DIR_PATH}/Podfile.lock",
				"${PODS_ROOT}/Manifest.lock",
			);
			name = "[CP] Check Pods Manifest.lock";
			outputFileListPaths = (
			);
			outputPaths = (
				"$(DERIVED_FILE_DIR)/Pods-LIBROG-LIBROGUITests-checkManifestLockResult.txt",
			);
			runOnlyForDeploymentPostprocessing = 0;
			shellPath = /bin/sh;
			shellScript = "diff \"${PODS_PODFILE_DIR_PATH}/Podfile.lock\" \"${PODS_ROOT}/Manifest.lock\" > /dev/null\nif [ $? != 0 ] ; then\n    # print error to STDERR\n    echo \"error: The sandbox is not in sync with the Podfile.lock. Run 'pod install' or update your CocoaPods installation.\" >&2\n    exit 1\nfi\n# This output is used by Xcode 'outputs' to avoid re-running this script phase.\necho \"SUCCESS\" > \"${SCRIPT_OUTPUT_FILE_0}\"\n";
			showEnvVarsInLog = 0;
		};
		9BAB6618D11E4DFA4FE77E0A /* [CP] Check Pods Manifest.lock */ = {
			isa = PBXShellScriptBuildPhase;
			buildActionMask = 2147483647;
			files = (
			);
			inputFileListPaths = (
			);
			inputPaths = (
				"${PODS_PODFILE_DIR_PATH}/Podfile.lock",
				"${PODS_ROOT}/Manifest.lock",
			);
			name = "[CP] Check Pods Manifest.lock";
			outputFileListPaths = (
			);
			outputPaths = (
				"$(DERIVED_FILE_DIR)/Pods-LIBROGTests-checkManifestLockResult.txt",
			);
			runOnlyForDeploymentPostprocessing = 0;
			shellPath = /bin/sh;
			shellScript = "diff \"${PODS_PODFILE_DIR_PATH}/Podfile.lock\" \"${PODS_ROOT}/Manifest.lock\" > /dev/null\nif [ $? != 0 ] ; then\n    # print error to STDERR\n    echo \"error: The sandbox is not in sync with the Podfile.lock. Run 'pod install' or update your CocoaPods installation.\" >&2\n    exit 1\nfi\n# This output is used by Xcode 'outputs' to avoid re-running this script phase.\necho \"SUCCESS\" > \"${SCRIPT_OUTPUT_FILE_0}\"\n";
			showEnvVarsInLog = 0;
		};
		D2C4659F033ECE5D4476739A /* [CP] Embed Pods Frameworks */ = {
			isa = PBXShellScriptBuildPhase;
			buildActionMask = 2147483647;
			files = (
			);
			inputFileListPaths = (
				"${PODS_ROOT}/Target Support Files/Pods-LIBROG-LIBROGUITests/Pods-LIBROG-LIBROGUITests-frameworks-${CONFIGURATION}-input-files.xcfilelist",
			);
			name = "[CP] Embed Pods Frameworks";
			outputFileListPaths = (
				"${PODS_ROOT}/Target Support Files/Pods-LIBROG-LIBROGUITests/Pods-LIBROG-LIBROGUITests-frameworks-${CONFIGURATION}-output-files.xcfilelist",
			);
			runOnlyForDeploymentPostprocessing = 0;
			shellPath = /bin/sh;
			shellScript = "\"${PODS_ROOT}/Target Support Files/Pods-LIBROG-LIBROGUITests/Pods-LIBROG-LIBROGUITests-frameworks.sh\"\n";
			showEnvVarsInLog = 0;
		};
		F0D77384D135F01A4FCC0EB4 /* [CP] Check Pods Manifest.lock */ = {
			isa = PBXShellScriptBuildPhase;
			buildActionMask = 2147483647;
			files = (
			);
			inputFileListPaths = (
			);
			inputPaths = (
				"${PODS_PODFILE_DIR_PATH}/Podfile.lock",
				"${PODS_ROOT}/Manifest.lock",
			);
			name = "[CP] Check Pods Manifest.lock";
			outputFileListPaths = (
			);
			outputPaths = (
				"$(DERIVED_FILE_DIR)/Pods-LIBROG-checkManifestLockResult.txt",
			);
			runOnlyForDeploymentPostprocessing = 0;
			shellPath = /bin/sh;
			shellScript = "diff \"${PODS_PODFILE_DIR_PATH}/Podfile.lock\" \"${PODS_ROOT}/Manifest.lock\" > /dev/null\nif [ $? != 0 ] ; then\n    # print error to STDERR\n    echo \"error: The sandbox is not in sync with the Podfile.lock. Run 'pod install' or update your CocoaPods installation.\" >&2\n    exit 1\nfi\n# This output is used by Xcode 'outputs' to avoid re-running this script phase.\necho \"SUCCESS\" > \"${SCRIPT_OUTPUT_FILE_0}\"\n";
			showEnvVarsInLog = 0;
		};
/* End PBXShellScriptBuildPhase section */

/* Begin PBXSourcesBuildPhase section */
		D0C2B047286DC9BE00242E71 /* Sources */ = {
			isa = PBXSourcesBuildPhase;
			buildActionMask = 2147483647;
			files = (
				D0C2B089286E1FD600242E71 /* UIViewExtension.swift in Sources */,
				23A5B860287D7F81005413A3 /* NotAcheivedFlowerPotTableViewCell.swift in Sources */,
				23A5B86E287D9D5D005413A3 /* ResultTableViewCell.swift in Sources */,
				23A5B857287D6B89005413A3 /* FlowerPotTabViewController.swift in Sources */,
				230524BE287D5C060081933A /* FlowerPotDetailViewController.swift in Sources */,
				23A5B870287D9D5D005413A3 /* NoResultTableViewCell.swift in Sources */,
				D0DB05B32876BC330041CEEF /* UploadViewController.swift in Sources */,
				23C8B4BB286EFF3900432141 /* CustomTabBarController.swift in Sources */,
				23C8B4A6286EF2F300432141 /* PaddingLabel.swift in Sources */,
				23A5B873287D9D5D005413A3 /* InputTableViewCell.swift in Sources */,
				D0DB05C2287700650041CEEF /* Data.swift in Sources */,
				2355234B2881C48A00EDE3E1 /* FlowerPotDescriptionTableViewCell.swift in Sources */,
				23C8B4B0286EF76F00432141 /* MainFlowerTableViewCell.swift in Sources */,
				D0C2B053286DC9BE00242E71 /* ViewController.swift in Sources */,
				235523472881C47200EDE3E1 /* FlowerPotDescriptionViewController.swift in Sources */,
				238DE01C28819AF0007901E6 /* TodaySuggestCollectionViewCell.swift in Sources */,
				23766E7E2870330D005EEA8E /* UIBezierPath.swift in Sources */,
				23DFD3102878D9F4002AC8B0 /* UploadRecordTableViewCell.swift in Sources */,
				23DFD30D2878D9B1002AC8B0 /* UploadRecordViewController.swift in Sources */,
				D0C2B04F286DC9BE00242E71 /* AppDelegate.swift in Sources */,
				23A5B863287D804C005413A3 /* AcheivedFlowerPotViewController.swift in Sources */,
				D0C2B051286DC9BE00242E71 /* SceneDelegate.swift in Sources */,
				23C8B4B8286EF78600432141 /* RecentBookCollectionViewCell.swift in Sources */,
				D0C2B086286DF28800242E71 /* FlowerpotTableViewCell.swift in Sources */,
				235523442881B89200EDE3E1 /* FlowerPotData.swift in Sources */,
				23A5B865287D805A005413A3 /* NotAchievedFlowerPotViewController.swift in Sources */,
				D0C2B080286DEBD600242E71 /* FlowerPotViewController.swift in Sources */,
				230524C1287D5C370081933A /* FlowerPotDetailCollectionViewCell.swift in Sources */,
				23A5B85C287D7F73005413A3 /* AcheivedFlowerPotTableViewCell.swift in Sources */,
				23A5B855287D6754005413A3 /* AddFlowerPotViewController.swift in Sources */,
				238DE01F28819C00007901E6 /* MainBottomViewController.swift in Sources */,
				23C8B4AC286EF41400432141 /* MainViewController.swift in Sources */,
			);
			runOnlyForDeploymentPostprocessing = 0;
		};
		D0C2B05D286DC9C000242E71 /* Sources */ = {
			isa = PBXSourcesBuildPhase;
			buildActionMask = 2147483647;
			files = (
				D0C2B066286DC9C100242E71 /* LIBROGTests.swift in Sources */,
			);
			runOnlyForDeploymentPostprocessing = 0;
		};
		D0C2B067286DC9C100242E71 /* Sources */ = {
			isa = PBXSourcesBuildPhase;
			buildActionMask = 2147483647;
			files = (
				D0C2B070286DC9C100242E71 /* LIBROGUITests.swift in Sources */,
				D0C2B072286DC9C100242E71 /* LIBROGUITestsLaunchTests.swift in Sources */,
			);
			runOnlyForDeploymentPostprocessing = 0;
		};
/* End PBXSourcesBuildPhase section */

/* Begin PBXTargetDependency section */
		D0C2B063286DC9C000242E71 /* PBXTargetDependency */ = {
			isa = PBXTargetDependency;
			target = D0C2B04A286DC9BE00242E71 /* LIBROG */;
			targetProxy = D0C2B062286DC9C000242E71 /* PBXContainerItemProxy */;
		};
		D0C2B06D286DC9C100242E71 /* PBXTargetDependency */ = {
			isa = PBXTargetDependency;
			target = D0C2B04A286DC9BE00242E71 /* LIBROG */;
			targetProxy = D0C2B06C286DC9C100242E71 /* PBXContainerItemProxy */;
		};
/* End PBXTargetDependency section */

/* Begin PBXVariantGroup section */
		D0C2B054286DC9BE00242E71 /* Main.storyboard */ = {
			isa = PBXVariantGroup;
			children = (
				D0C2B055286DC9BE00242E71 /* Base */,
			);
			name = Main.storyboard;
			sourceTree = "<group>";
		};
		D0C2B059286DC9C000242E71 /* LaunchScreen.storyboard */ = {
			isa = PBXVariantGroup;
			children = (
				D0C2B05A286DC9C000242E71 /* Base */,
			);
			name = LaunchScreen.storyboard;
			sourceTree = "<group>";
		};
/* End PBXVariantGroup section */

/* Begin XCBuildConfiguration section */
		D0C2B073286DC9C100242E71 /* Debug */ = {
			isa = XCBuildConfiguration;
			buildSettings = {
				ALWAYS_SEARCH_USER_PATHS = NO;
				CLANG_ANALYZER_NONNULL = YES;
				CLANG_ANALYZER_NUMBER_OBJECT_CONVERSION = YES_AGGRESSIVE;
				CLANG_CXX_LANGUAGE_STANDARD = "gnu++17";
				CLANG_ENABLE_MODULES = YES;
				CLANG_ENABLE_OBJC_ARC = YES;
				CLANG_ENABLE_OBJC_WEAK = YES;
				CLANG_WARN_BLOCK_CAPTURE_AUTORELEASING = YES;
				CLANG_WARN_BOOL_CONVERSION = YES;
				CLANG_WARN_COMMA = YES;
				CLANG_WARN_CONSTANT_CONVERSION = YES;
				CLANG_WARN_DEPRECATED_OBJC_IMPLEMENTATIONS = YES;
				CLANG_WARN_DIRECT_OBJC_ISA_USAGE = YES_ERROR;
				CLANG_WARN_DOCUMENTATION_COMMENTS = YES;
				CLANG_WARN_EMPTY_BODY = YES;
				CLANG_WARN_ENUM_CONVERSION = YES;
				CLANG_WARN_INFINITE_RECURSION = YES;
				CLANG_WARN_INT_CONVERSION = YES;
				CLANG_WARN_NON_LITERAL_NULL_CONVERSION = YES;
				CLANG_WARN_OBJC_IMPLICIT_RETAIN_SELF = YES;
				CLANG_WARN_OBJC_LITERAL_CONVERSION = YES;
				CLANG_WARN_OBJC_ROOT_CLASS = YES_ERROR;
				CLANG_WARN_QUOTED_INCLUDE_IN_FRAMEWORK_HEADER = YES;
				CLANG_WARN_RANGE_LOOP_ANALYSIS = YES;
				CLANG_WARN_STRICT_PROTOTYPES = YES;
				CLANG_WARN_SUSPICIOUS_MOVE = YES;
				CLANG_WARN_UNGUARDED_AVAILABILITY = YES_AGGRESSIVE;
				CLANG_WARN_UNREACHABLE_CODE = YES;
				CLANG_WARN__DUPLICATE_METHOD_MATCH = YES;
				COPY_PHASE_STRIP = NO;
				DEBUG_INFORMATION_FORMAT = dwarf;
				ENABLE_STRICT_OBJC_MSGSEND = YES;
				ENABLE_TESTABILITY = YES;
				GCC_C_LANGUAGE_STANDARD = gnu11;
				GCC_DYNAMIC_NO_PIC = NO;
				GCC_NO_COMMON_BLOCKS = YES;
				GCC_OPTIMIZATION_LEVEL = 0;
				GCC_PREPROCESSOR_DEFINITIONS = (
					"DEBUG=1",
					"$(inherited)",
				);
				GCC_WARN_64_TO_32_BIT_CONVERSION = YES;
				GCC_WARN_ABOUT_RETURN_TYPE = YES_ERROR;
				GCC_WARN_UNDECLARED_SELECTOR = YES;
				GCC_WARN_UNINITIALIZED_AUTOS = YES_AGGRESSIVE;
				GCC_WARN_UNUSED_FUNCTION = YES;
				GCC_WARN_UNUSED_VARIABLE = YES;
				IPHONEOS_DEPLOYMENT_TARGET = 15.5;
				MTL_ENABLE_DEBUG_INFO = INCLUDE_SOURCE;
				MTL_FAST_MATH = YES;
				ONLY_ACTIVE_ARCH = YES;
				SDKROOT = iphoneos;
				SWIFT_ACTIVE_COMPILATION_CONDITIONS = DEBUG;
				SWIFT_OPTIMIZATION_LEVEL = "-Onone";
			};
			name = Debug;
		};
		D0C2B074286DC9C100242E71 /* Release */ = {
			isa = XCBuildConfiguration;
			buildSettings = {
				ALWAYS_SEARCH_USER_PATHS = NO;
				CLANG_ANALYZER_NONNULL = YES;
				CLANG_ANALYZER_NUMBER_OBJECT_CONVERSION = YES_AGGRESSIVE;
				CLANG_CXX_LANGUAGE_STANDARD = "gnu++17";
				CLANG_ENABLE_MODULES = YES;
				CLANG_ENABLE_OBJC_ARC = YES;
				CLANG_ENABLE_OBJC_WEAK = YES;
				CLANG_WARN_BLOCK_CAPTURE_AUTORELEASING = YES;
				CLANG_WARN_BOOL_CONVERSION = YES;
				CLANG_WARN_COMMA = YES;
				CLANG_WARN_CONSTANT_CONVERSION = YES;
				CLANG_WARN_DEPRECATED_OBJC_IMPLEMENTATIONS = YES;
				CLANG_WARN_DIRECT_OBJC_ISA_USAGE = YES_ERROR;
				CLANG_WARN_DOCUMENTATION_COMMENTS = YES;
				CLANG_WARN_EMPTY_BODY = YES;
				CLANG_WARN_ENUM_CONVERSION = YES;
				CLANG_WARN_INFINITE_RECURSION = YES;
				CLANG_WARN_INT_CONVERSION = YES;
				CLANG_WARN_NON_LITERAL_NULL_CONVERSION = YES;
				CLANG_WARN_OBJC_IMPLICIT_RETAIN_SELF = YES;
				CLANG_WARN_OBJC_LITERAL_CONVERSION = YES;
				CLANG_WARN_OBJC_ROOT_CLASS = YES_ERROR;
				CLANG_WARN_QUOTED_INCLUDE_IN_FRAMEWORK_HEADER = YES;
				CLANG_WARN_RANGE_LOOP_ANALYSIS = YES;
				CLANG_WARN_STRICT_PROTOTYPES = YES;
				CLANG_WARN_SUSPICIOUS_MOVE = YES;
				CLANG_WARN_UNGUARDED_AVAILABILITY = YES_AGGRESSIVE;
				CLANG_WARN_UNREACHABLE_CODE = YES;
				CLANG_WARN__DUPLICATE_METHOD_MATCH = YES;
				COPY_PHASE_STRIP = NO;
				DEBUG_INFORMATION_FORMAT = "dwarf-with-dsym";
				ENABLE_NS_ASSERTIONS = NO;
				ENABLE_STRICT_OBJC_MSGSEND = YES;
				GCC_C_LANGUAGE_STANDARD = gnu11;
				GCC_NO_COMMON_BLOCKS = YES;
				GCC_WARN_64_TO_32_BIT_CONVERSION = YES;
				GCC_WARN_ABOUT_RETURN_TYPE = YES_ERROR;
				GCC_WARN_UNDECLARED_SELECTOR = YES;
				GCC_WARN_UNINITIALIZED_AUTOS = YES_AGGRESSIVE;
				GCC_WARN_UNUSED_FUNCTION = YES;
				GCC_WARN_UNUSED_VARIABLE = YES;
				IPHONEOS_DEPLOYMENT_TARGET = 15.5;
				MTL_ENABLE_DEBUG_INFO = NO;
				MTL_FAST_MATH = YES;
				SDKROOT = iphoneos;
				SWIFT_COMPILATION_MODE = wholemodule;
				SWIFT_OPTIMIZATION_LEVEL = "-O";
				VALIDATE_PRODUCT = YES;
			};
			name = Release;
		};
		D0C2B076286DC9C100242E71 /* Debug */ = {
			isa = XCBuildConfiguration;
			baseConfigurationReference = 80874FB74B3F63648D20C05C /* Pods-LIBROG.debug.xcconfig */;
			buildSettings = {
				ASSETCATALOG_COMPILER_APPICON_NAME = AppIcon;
				ASSETCATALOG_COMPILER_GLOBAL_ACCENT_COLOR_NAME = AccentColor;
				CODE_SIGN_STYLE = Automatic;
				CURRENT_PROJECT_VERSION = 1;
				DEVELOPMENT_TEAM = SB87AFXHM2;
				GENERATE_INFOPLIST_FILE = YES;
				INFOPLIST_FILE = LIBROG/Info.plist;
				INFOPLIST_KEY_UIApplicationSupportsIndirectInputEvents = YES;
				INFOPLIST_KEY_UILaunchStoryboardName = LaunchScreen;
				INFOPLIST_KEY_UISupportedInterfaceOrientations_iPad = "UIInterfaceOrientationPortrait UIInterfaceOrientationPortraitUpsideDown UIInterfaceOrientationLandscapeLeft UIInterfaceOrientationLandscapeRight";
				INFOPLIST_KEY_UISupportedInterfaceOrientations_iPhone = "UIInterfaceOrientationPortrait UIInterfaceOrientationLandscapeLeft UIInterfaceOrientationLandscapeRight";
				IPHONEOS_DEPLOYMENT_TARGET = 15.0;
				LD_RUNPATH_SEARCH_PATHS = (
					"$(inherited)",
					"@executable_path/Frameworks",
				);
				MARKETING_VERSION = 1.0;
				PRODUCT_BUNDLE_IDENTIFIER = theunghee.LIBROG;
				PRODUCT_NAME = "$(TARGET_NAME)";
				SWIFT_EMIT_LOC_STRINGS = YES;
				SWIFT_VERSION = 5.0;
				TARGETED_DEVICE_FAMILY = "1,2";
			};
			name = Debug;
		};
		D0C2B077286DC9C100242E71 /* Release */ = {
			isa = XCBuildConfiguration;
			baseConfigurationReference = 4213D3509CD3CBE5B946C6E3 /* Pods-LIBROG.release.xcconfig */;
			buildSettings = {
				ASSETCATALOG_COMPILER_APPICON_NAME = AppIcon;
				ASSETCATALOG_COMPILER_GLOBAL_ACCENT_COLOR_NAME = AccentColor;
				CODE_SIGN_STYLE = Automatic;
				CURRENT_PROJECT_VERSION = 1;
				DEVELOPMENT_TEAM = SB87AFXHM2;
				GENERATE_INFOPLIST_FILE = YES;
				INFOPLIST_FILE = LIBROG/Info.plist;
				INFOPLIST_KEY_UIApplicationSupportsIndirectInputEvents = YES;
				INFOPLIST_KEY_UILaunchStoryboardName = LaunchScreen;
				INFOPLIST_KEY_UISupportedInterfaceOrientations_iPad = "UIInterfaceOrientationPortrait UIInterfaceOrientationPortraitUpsideDown UIInterfaceOrientationLandscapeLeft UIInterfaceOrientationLandscapeRight";
				INFOPLIST_KEY_UISupportedInterfaceOrientations_iPhone = "UIInterfaceOrientationPortrait UIInterfaceOrientationLandscapeLeft UIInterfaceOrientationLandscapeRight";
				IPHONEOS_DEPLOYMENT_TARGET = 15.0;
				LD_RUNPATH_SEARCH_PATHS = (
					"$(inherited)",
					"@executable_path/Frameworks",
				);
				MARKETING_VERSION = 1.0;
				PRODUCT_BUNDLE_IDENTIFIER = theunghee.LIBROG;
				PRODUCT_NAME = "$(TARGET_NAME)";
				SWIFT_EMIT_LOC_STRINGS = YES;
				SWIFT_VERSION = 5.0;
				TARGETED_DEVICE_FAMILY = "1,2";
			};
			name = Release;
		};
		D0C2B079286DC9C100242E71 /* Debug */ = {
			isa = XCBuildConfiguration;
			baseConfigurationReference = 30E9B833FD716CCDAAB95015 /* Pods-LIBROGTests.debug.xcconfig */;
			buildSettings = {
				ALWAYS_EMBED_SWIFT_STANDARD_LIBRARIES = YES;
				BUNDLE_LOADER = "$(TEST_HOST)";
				CODE_SIGN_STYLE = Automatic;
				CURRENT_PROJECT_VERSION = 1;
				DEVELOPMENT_TEAM = SB87AFXHM2;
				GENERATE_INFOPLIST_FILE = YES;
				IPHONEOS_DEPLOYMENT_TARGET = 15.5;
				MARKETING_VERSION = 1.0;
				PRODUCT_BUNDLE_IDENTIFIER = theunghee.LIBROGTests;
				PRODUCT_NAME = "$(TARGET_NAME)";
				SWIFT_EMIT_LOC_STRINGS = NO;
				SWIFT_VERSION = 5.0;
				TARGETED_DEVICE_FAMILY = "1,2";
				TEST_HOST = "$(BUILT_PRODUCTS_DIR)/LIBROG.app/LIBROG";
			};
			name = Debug;
		};
		D0C2B07A286DC9C100242E71 /* Release */ = {
			isa = XCBuildConfiguration;
			baseConfigurationReference = 083D44444B965A5BDD386009 /* Pods-LIBROGTests.release.xcconfig */;
			buildSettings = {
				ALWAYS_EMBED_SWIFT_STANDARD_LIBRARIES = YES;
				BUNDLE_LOADER = "$(TEST_HOST)";
				CODE_SIGN_STYLE = Automatic;
				CURRENT_PROJECT_VERSION = 1;
				DEVELOPMENT_TEAM = SB87AFXHM2;
				GENERATE_INFOPLIST_FILE = YES;
				IPHONEOS_DEPLOYMENT_TARGET = 15.5;
				MARKETING_VERSION = 1.0;
				PRODUCT_BUNDLE_IDENTIFIER = theunghee.LIBROGTests;
				PRODUCT_NAME = "$(TARGET_NAME)";
				SWIFT_EMIT_LOC_STRINGS = NO;
				SWIFT_VERSION = 5.0;
				TARGETED_DEVICE_FAMILY = "1,2";
				TEST_HOST = "$(BUILT_PRODUCTS_DIR)/LIBROG.app/LIBROG";
			};
			name = Release;
		};
		D0C2B07C286DC9C100242E71 /* Debug */ = {
			isa = XCBuildConfiguration;
			baseConfigurationReference = C75FFB529E5A692083101F06 /* Pods-LIBROG-LIBROGUITests.debug.xcconfig */;
			buildSettings = {
				ALWAYS_EMBED_SWIFT_STANDARD_LIBRARIES = YES;
				CODE_SIGN_STYLE = Automatic;
				CURRENT_PROJECT_VERSION = 1;
				DEVELOPMENT_TEAM = SB87AFXHM2;
				GENERATE_INFOPLIST_FILE = YES;
				MARKETING_VERSION = 1.0;
				PRODUCT_BUNDLE_IDENTIFIER = theunghee.LIBROGUITests;
				PRODUCT_NAME = "$(TARGET_NAME)";
				SWIFT_EMIT_LOC_STRINGS = NO;
				SWIFT_VERSION = 5.0;
				TARGETED_DEVICE_FAMILY = "1,2";
				TEST_TARGET_NAME = LIBROG;
			};
			name = Debug;
		};
		D0C2B07D286DC9C100242E71 /* Release */ = {
			isa = XCBuildConfiguration;
			baseConfigurationReference = 5B59C64FA59FE7473BAD7EE1 /* Pods-LIBROG-LIBROGUITests.release.xcconfig */;
			buildSettings = {
				ALWAYS_EMBED_SWIFT_STANDARD_LIBRARIES = YES;
				CODE_SIGN_STYLE = Automatic;
				CURRENT_PROJECT_VERSION = 1;
				DEVELOPMENT_TEAM = SB87AFXHM2;
				GENERATE_INFOPLIST_FILE = YES;
				MARKETING_VERSION = 1.0;
				PRODUCT_BUNDLE_IDENTIFIER = theunghee.LIBROGUITests;
				PRODUCT_NAME = "$(TARGET_NAME)";
				SWIFT_EMIT_LOC_STRINGS = NO;
				SWIFT_VERSION = 5.0;
				TARGETED_DEVICE_FAMILY = "1,2";
				TEST_TARGET_NAME = LIBROG;
			};
			name = Release;
		};
/* End XCBuildConfiguration section */

/* Begin XCConfigurationList section */
		D0C2B046286DC9BE00242E71 /* Build configuration list for PBXProject "LIBROG" */ = {
			isa = XCConfigurationList;
			buildConfigurations = (
				D0C2B073286DC9C100242E71 /* Debug */,
				D0C2B074286DC9C100242E71 /* Release */,
			);
			defaultConfigurationIsVisible = 0;
			defaultConfigurationName = Release;
		};
		D0C2B075286DC9C100242E71 /* Build configuration list for PBXNativeTarget "LIBROG" */ = {
			isa = XCConfigurationList;
			buildConfigurations = (
				D0C2B076286DC9C100242E71 /* Debug */,
				D0C2B077286DC9C100242E71 /* Release */,
			);
			defaultConfigurationIsVisible = 0;
			defaultConfigurationName = Release;
		};
		D0C2B078286DC9C100242E71 /* Build configuration list for PBXNativeTarget "LIBROGTests" */ = {
			isa = XCConfigurationList;
			buildConfigurations = (
				D0C2B079286DC9C100242E71 /* Debug */,
				D0C2B07A286DC9C100242E71 /* Release */,
			);
			defaultConfigurationIsVisible = 0;
			defaultConfigurationName = Release;
		};
		D0C2B07B286DC9C100242E71 /* Build configuration list for PBXNativeTarget "LIBROGUITests" */ = {
			isa = XCConfigurationList;
			buildConfigurations = (
				D0C2B07C286DC9C100242E71 /* Debug */,
				D0C2B07D286DC9C100242E71 /* Release */,
			);
			defaultConfigurationIsVisible = 0;
			defaultConfigurationName = Release;
		};
/* End XCConfigurationList section */
	};
	rootObject = D0C2B043286DC9BE00242E71 /* Project object */;
}
