// !$*UTF8*$!
{
	archiveVersion = 1;
	classes = {
	};
	objectVersion = 55;
	objects = {

/* Begin PBXBuildFile section */
		2303F22F2889A9CD00544AF6 /* Login.storyboard in Resources */ = {isa = PBXBuildFile; fileRef = 2303F22E2889A9CD00544AF6 /* Login.storyboard */; };
		2303F2322889A9EB00544AF6 /* LoginViewController.swift in Sources */ = {isa = PBXBuildFile; fileRef = 2303F2312889A9EB00544AF6 /* LoginViewController.swift */; };
		230524BE287D5C060081933A /* FlowerPotDetailViewController.swift in Sources */ = {isa = PBXBuildFile; fileRef = 230524BD287D5C060081933A /* FlowerPotDetailViewController.swift */; };
		230524C1287D5C370081933A /* FlowerPotDetailCollectionViewCell.swift in Sources */ = {isa = PBXBuildFile; fileRef = 230524BF287D5C370081933A /* FlowerPotDetailCollectionViewCell.swift */; };
		230524C2287D5C370081933A /* FlowerPotDetailCollectionViewCell.xib in Resources */ = {isa = PBXBuildFile; fileRef = 230524C0287D5C370081933A /* FlowerPotDetailCollectionViewCell.xib */; };
		2305E773289159A000A9B6D5 /* KakaoLoginManager.swift in Sources */ = {isa = PBXBuildFile; fileRef = 2305E772289159A000A9B6D5 /* KakaoLoginManager.swift */; };
		2305E77628915FC000A9B6D5 /* LoginDataManager.swift in Sources */ = {isa = PBXBuildFile; fileRef = 2305E77528915FC000A9B6D5 /* LoginDataManager.swift */; };
		23091F832886B69E008EC8D2 /* FlowerpotDataManager.swift in Sources */ = {isa = PBXBuildFile; fileRef = 23091F822886B69E008EC8D2 /* FlowerpotDataManager.swift */; };
		231B8D4228891787006F44A3 /* AddFlowerpotModel.swift in Sources */ = {isa = PBXBuildFile; fileRef = 231B8D4128891787006F44A3 /* AddFlowerpotModel.swift */; };
		231B8D442889189D006F44A3 /* AddFlowerpotDataManager.swift in Sources */ = {isa = PBXBuildFile; fileRef = 231B8D432889189D006F44A3 /* AddFlowerpotDataManager.swift */; };
		231B8D462889221A006F44A3 /* SwipeRecognizer.swift in Sources */ = {isa = PBXBuildFile; fileRef = 231B8D452889221A006F44A3 /* SwipeRecognizer.swift */; };
		231B8D4A288936F6006F44A3 /* FlowerpotDescriptionDataManager.swift in Sources */ = {isa = PBXBuildFile; fileRef = 231B8D49288936F6006F44A3 /* FlowerpotDescriptionDataManager.swift */; };
		231B8D4C28893701006F44A3 /* FlowerpotDescriptionModel.swift in Sources */ = {isa = PBXBuildFile; fileRef = 231B8D4B28893701006F44A3 /* FlowerpotDescriptionModel.swift */; };
		231E3E5A289F82130011A1D2 /* RecommendBookModel.swift in Sources */ = {isa = PBXBuildFile; fileRef = 231E3E59289F82130011A1D2 /* RecommendBookModel.swift */; };
		2322AE5B2897F39300513E23 /* LoginInput.swift in Sources */ = {isa = PBXBuildFile; fileRef = 2322AE5A2897F39300513E23 /* LoginInput.swift */; };
		2322AE5D2897F3C400513E23 /* LoginModel.swift in Sources */ = {isa = PBXBuildFile; fileRef = 2322AE5C2897F3C400513E23 /* LoginModel.swift */; };
		232973642887F8FF00954AA0 /* FlowerpotBookRecordDataManager.swift in Sources */ = {isa = PBXBuildFile; fileRef = 232973632887F8FF00954AA0 /* FlowerpotBookRecordDataManager.swift */; };
		2339DA06288591D600A3DBC4 /* SearchBookManager.swift in Sources */ = {isa = PBXBuildFile; fileRef = 2339DA05288591D600A3DBC4 /* SearchBookManager.swift */; };
		2339DA08288592B100A3DBC4 /* KakaoBookModel.swift in Sources */ = {isa = PBXBuildFile; fileRef = 2339DA07288592B100A3DBC4 /* KakaoBookModel.swift */; };
		2339DA0A2885948500A3DBC4 /* HeaderManager.swift in Sources */ = {isa = PBXBuildFile; fileRef = 2339DA092885948500A3DBC4 /* HeaderManager.swift */; };
		234036002891992000C9AB4D /* ModifyRecordInput.swift in Sources */ = {isa = PBXBuildFile; fileRef = 234035FF2891992000C9AB4D /* ModifyRecordInput.swift */; };
		234036022891992800C9AB4D /* ModifyRecordModel.swift in Sources */ = {isa = PBXBuildFile; fileRef = 234036012891992800C9AB4D /* ModifyRecordModel.swift */; };
		234036042891993500C9AB4D /* ModifyRecordDataManager.swift in Sources */ = {isa = PBXBuildFile; fileRef = 234036032891993500C9AB4D /* ModifyRecordDataManager.swift */; };
		234036062891AD3D00C9AB4D /* Register.storyboard in Resources */ = {isa = PBXBuildFile; fileRef = 234036052891AD3D00C9AB4D /* Register.storyboard */; };
		23458AD52896E0C30003A669 /* ProfileIntroTableViewCell.swift in Sources */ = {isa = PBXBuildFile; fileRef = 23458AD32896E0C30003A669 /* ProfileIntroTableViewCell.swift */; };
		23458AD62896E0C30003A669 /* ProfileIntroTableViewCell.xib in Resources */ = {isa = PBXBuildFile; fileRef = 23458AD42896E0C30003A669 /* ProfileIntroTableViewCell.xib */; };
		23458ADB2896E4FF0003A669 /* ProfileStatisticTableViewCell.swift in Sources */ = {isa = PBXBuildFile; fileRef = 23458AD92896E4FF0003A669 /* ProfileStatisticTableViewCell.swift */; };
		23458ADC2896E4FF0003A669 /* ProfileStatisticTableViewCell.xib in Resources */ = {isa = PBXBuildFile; fileRef = 23458ADA2896E4FF0003A669 /* ProfileStatisticTableViewCell.xib */; };
		23458ADF2896E8B00003A669 /* ProfileFlowerpotTableViewCell.swift in Sources */ = {isa = PBXBuildFile; fileRef = 23458ADD2896E8B00003A669 /* ProfileFlowerpotTableViewCell.swift */; };
		23458AE02896E8B00003A669 /* ProfileFlowerpotTableViewCell.xib in Resources */ = {isa = PBXBuildFile; fileRef = 23458ADE2896E8B00003A669 /* ProfileFlowerpotTableViewCell.xib */; };
		23458AE32896F16E0003A669 /* LogoutTableViewCell.swift in Sources */ = {isa = PBXBuildFile; fileRef = 23458AE12896F16D0003A669 /* LogoutTableViewCell.swift */; };
		23458AE42896F16E0003A669 /* LogoutTableViewCell.xib in Resources */ = {isa = PBXBuildFile; fileRef = 23458AE22896F16D0003A669 /* LogoutTableViewCell.xib */; };
		23458AE62896F35A0003A669 /* IntroModel.swift in Sources */ = {isa = PBXBuildFile; fileRef = 23458AE52896F35A0003A669 /* IntroModel.swift */; };
		234AB650288A633D009FBB59 /* AchievedFlowerPotSearchViewController.swift in Sources */ = {isa = PBXBuildFile; fileRef = 234AB64F288A633D009FBB59 /* AchievedFlowerPotSearchViewController.swift */; };
		234AB652288A6A36009FBB59 /* NotAchievedFlowerPotSearchViewController.swift in Sources */ = {isa = PBXBuildFile; fileRef = 234AB651288A6A36009FBB59 /* NotAchievedFlowerPotSearchViewController.swift */; };
		234E31B428A01B1E00DCD812 /* ScreenManager.swift in Sources */ = {isa = PBXBuildFile; fileRef = 234E31B328A01B1D00DCD812 /* ScreenManager.swift */; };
		235523472881C47200EDE3E1 /* FlowerPotDescriptionViewController.swift in Sources */ = {isa = PBXBuildFile; fileRef = 235523462881C47200EDE3E1 /* FlowerPotDescriptionViewController.swift */; };
		2355234B2881C48A00EDE3E1 /* FlowerPotDescriptionTableViewCell.swift in Sources */ = {isa = PBXBuildFile; fileRef = 235523492881C48A00EDE3E1 /* FlowerPotDescriptionTableViewCell.swift */; };
		2355234C2881C48A00EDE3E1 /* FlowerPotDescriptionTableViewCell.xib in Resources */ = {isa = PBXBuildFile; fileRef = 2355234A2881C48A00EDE3E1 /* FlowerPotDescriptionTableViewCell.xib */; };
		236CF5A6289D732F00E7A1F2 /* APIModel.swift in Sources */ = {isa = PBXBuildFile; fileRef = 236CF5A5289D732F00E7A1F2 /* APIModel.swift */; };
		23766E7E2870330D005EEA8E /* UIBezierPath.swift in Sources */ = {isa = PBXBuildFile; fileRef = 23766E7D2870330D005EEA8E /* UIBezierPath.swift */; };
		23776E1928925FFF00351F3A /* RegisterViewController.swift in Sources */ = {isa = PBXBuildFile; fileRef = 23776E1828925FFF00351F3A /* RegisterViewController.swift */; };
		23776E1B2892610E00351F3A /* RegisterProfileViewController.swift in Sources */ = {isa = PBXBuildFile; fileRef = 23776E1A2892610E00351F3A /* RegisterProfileViewController.swift */; };
		23776E1D2892644800351F3A /* RegisterTermViewController.swift in Sources */ = {isa = PBXBuildFile; fileRef = 23776E1C2892644800351F3A /* RegisterTermViewController.swift */; };
		2379DEE72897A29800F946DD /* ProfileLoginTypeTableViewCell.swift in Sources */ = {isa = PBXBuildFile; fileRef = 2379DEE52897A29800F946DD /* ProfileLoginTypeTableViewCell.swift */; };
		2379DEE82897A29800F946DD /* ProfileLoginTypeTableViewCell.xib in Resources */ = {isa = PBXBuildFile; fileRef = 2379DEE62897A29800F946DD /* ProfileLoginTypeTableViewCell.xib */; };
		237ECCE0288556EE000D9A71 /* ProfileViewController.swift in Sources */ = {isa = PBXBuildFile; fileRef = 237ECCDF288556EE000D9A71 /* ProfileViewController.swift */; };
		237ECCE328856454000D9A71 /* DateFormatter.swift in Sources */ = {isa = PBXBuildFile; fileRef = 237ECCE228856454000D9A71 /* DateFormatter.swift */; };
		237ECCEA28857544000D9A71 /* Setting.storyboard in Resources */ = {isa = PBXBuildFile; fileRef = 237ECCE928857544000D9A71 /* Setting.storyboard */; };
		238DE01C28819AF0007901E6 /* TodaySuggestCollectionViewCell.swift in Sources */ = {isa = PBXBuildFile; fileRef = 238DE01A28819AF0007901E6 /* TodaySuggestCollectionViewCell.swift */; };
		238DE01D28819AF0007901E6 /* TodaySuggestCollectionViewCell.xib in Resources */ = {isa = PBXBuildFile; fileRef = 238DE01B28819AF0007901E6 /* TodaySuggestCollectionViewCell.xib */; };
		238DE01F28819C00007901E6 /* MainBottomViewController.swift in Sources */ = {isa = PBXBuildFile; fileRef = 238DE01E28819C00007901E6 /* MainBottomViewController.swift */; };
		239EF02F2892F2C8005BC364 /* SearchDataManager.swift in Sources */ = {isa = PBXBuildFile; fileRef = 239EF02E2892F2C8005BC364 /* SearchDataManager.swift */; };
		23A41EA52894315D0008437B /* RecordDetailModel.swift in Sources */ = {isa = PBXBuildFile; fileRef = 23A41EA42894315D0008437B /* RecordDetailModel.swift */; };
		23A41EA7289431650008437B /* RecordDetailDataManager.swift in Sources */ = {isa = PBXBuildFile; fileRef = 23A41EA6289431650008437B /* RecordDetailDataManager.swift */; };
		23A41EA9289436B10008437B /* RecentBookModel.swift in Sources */ = {isa = PBXBuildFile; fileRef = 23A41EA8289436B10008437B /* RecentBookModel.swift */; };
		23A5B855287D6754005413A3 /* AddFlowerPotViewController.swift in Sources */ = {isa = PBXBuildFile; fileRef = 23A5B854287D6754005413A3 /* AddFlowerPotViewController.swift */; };
		23A5B857287D6B89005413A3 /* FlowerPotTabViewController.swift in Sources */ = {isa = PBXBuildFile; fileRef = 23A5B856287D6B89005413A3 /* FlowerPotTabViewController.swift */; };
		23A5B85C287D7F73005413A3 /* AcheivedFlowerPotTableViewCell.swift in Sources */ = {isa = PBXBuildFile; fileRef = 23A5B85A287D7F73005413A3 /* AcheivedFlowerPotTableViewCell.swift */; };
		23A5B85D287D7F73005413A3 /* AcheivedFlowerPotTableViewCell.xib in Resources */ = {isa = PBXBuildFile; fileRef = 23A5B85B287D7F73005413A3 /* AcheivedFlowerPotTableViewCell.xib */; };
		23A5B860287D7F81005413A3 /* NotAcheivedFlowerPotTableViewCell.swift in Sources */ = {isa = PBXBuildFile; fileRef = 23A5B85E287D7F81005413A3 /* NotAcheivedFlowerPotTableViewCell.swift */; };
		23A5B861287D7F81005413A3 /* NotAcheivedFlowerPotTableViewCell.xib in Resources */ = {isa = PBXBuildFile; fileRef = 23A5B85F287D7F81005413A3 /* NotAcheivedFlowerPotTableViewCell.xib */; };
		23A5B86E287D9D5D005413A3 /* ResultTableViewCell.swift in Sources */ = {isa = PBXBuildFile; fileRef = 23A5B868287D9D5D005413A3 /* ResultTableViewCell.swift */; };
		23A5B872287D9D5D005413A3 /* ResultTableViewCell.xib in Resources */ = {isa = PBXBuildFile; fileRef = 23A5B86C287D9D5D005413A3 /* ResultTableViewCell.xib */; };
		23AB709D288FFAD700503366 /* RecordDetail.storyboard in Resources */ = {isa = PBXBuildFile; fileRef = 23AB709C288FFAD700503366 /* RecordDetail.storyboard */; };
		23AB70A0288FFAF000503366 /* RecordDetailViewController.swift in Sources */ = {isa = PBXBuildFile; fileRef = 23AB709F288FFAF000503366 /* RecordDetailViewController.swift */; };
		23AB70A4288FFDBD00503366 /* RecordDetailTableViewCell.swift in Sources */ = {isa = PBXBuildFile; fileRef = 23AB70A2288FFDBD00503366 /* RecordDetailTableViewCell.swift */; };
		23AB70A5288FFDBD00503366 /* RecordDetailTableViewCell.xib in Resources */ = {isa = PBXBuildFile; fileRef = 23AB70A3288FFDBD00503366 /* RecordDetailTableViewCell.xib */; };
		23AB70AD289009D500503366 /* ModifyRecordViewController.swift in Sources */ = {isa = PBXBuildFile; fileRef = 23AB70AC289009D500503366 /* ModifyRecordViewController.swift */; };
		23AB70B128900A9A00503366 /* ModifyRecordTableViewCell.swift in Sources */ = {isa = PBXBuildFile; fileRef = 23AB70AF28900A9A00503366 /* ModifyRecordTableViewCell.swift */; };
		23AB70B228900A9A00503366 /* ModifyRecordTableViewCell.xib in Resources */ = {isa = PBXBuildFile; fileRef = 23AB70B028900A9A00503366 /* ModifyRecordTableViewCell.xib */; };
		23ADA90B288467850066D15A /* MainPage.storyboard in Resources */ = {isa = PBXBuildFile; fileRef = 23ADA90A288467850066D15A /* MainPage.storyboard */; };
		23ADA90D288468D50066D15A /* ReadingRecord.storyboard in Resources */ = {isa = PBXBuildFile; fileRef = 23ADA90C288468D50066D15A /* ReadingRecord.storyboard */; };
		23ADA90F2884693D0066D15A /* SelectBook.storyboard in Resources */ = {isa = PBXBuildFile; fileRef = 23ADA90E2884693D0066D15A /* SelectBook.storyboard */; };
		23ADA9112884698F0066D15A /* UploadRecord.storyboard in Resources */ = {isa = PBXBuildFile; fileRef = 23ADA9102884698F0066D15A /* UploadRecord.storyboard */; };
		23ADA913288469E90066D15A /* FlowerPot.storyboard in Resources */ = {isa = PBXBuildFile; fileRef = 23ADA912288469E90066D15A /* FlowerPot.storyboard */; };
		23ADA91528846A2A0066D15A /* Profile.storyboard in Resources */ = {isa = PBXBuildFile; fileRef = 23ADA91428846A2A0066D15A /* Profile.storyboard */; };
		23ADA91728846A870066D15A /* UserFlowerPotDetail.storyboard in Resources */ = {isa = PBXBuildFile; fileRef = 23ADA91628846A870066D15A /* UserFlowerPotDetail.storyboard */; };
		23ADA91928846AB10066D15A /* FlowerPotDescription.storyboard in Resources */ = {isa = PBXBuildFile; fileRef = 23ADA91828846AB10066D15A /* FlowerPotDescription.storyboard */; };
		23ADA91B28846ACE0066D15A /* AddFlowerPot.storyboard in Resources */ = {isa = PBXBuildFile; fileRef = 23ADA91A28846ACE0066D15A /* AddFlowerPot.storyboard */; };
		23ADA91D28846B240066D15A /* AcheivedFlowerPot.storyboard in Resources */ = {isa = PBXBuildFile; fileRef = 23ADA91C28846B240066D15A /* AcheivedFlowerPot.storyboard */; };
		23ADA91F28846B440066D15A /* NotAcheivedFlowerPot.storyboard in Resources */ = {isa = PBXBuildFile; fileRef = 23ADA91E28846B440066D15A /* NotAcheivedFlowerPot.storyboard */; };
		23ADA922288478FD0066D15A /* AchievedFlowerPotViewController.swift in Sources */ = {isa = PBXBuildFile; fileRef = 23ADA921288478FD0066D15A /* AchievedFlowerPotViewController.swift */; };
		23ADA9242884790C0066D15A /* NotAchievedFlowerPotViewController.swift in Sources */ = {isa = PBXBuildFile; fileRef = 23ADA9232884790C0066D15A /* NotAchievedFlowerPotViewController.swift */; };
		23ADA92628847A8D0066D15A /* AddFlowerPotSearchViewController.swift in Sources */ = {isa = PBXBuildFile; fileRef = 23ADA92528847A8D0066D15A /* AddFlowerPotSearchViewController.swift */; };
		23ADA92828847B830066D15A /* FlowerPotSearchTabViewController.swift in Sources */ = {isa = PBXBuildFile; fileRef = 23ADA92728847B830066D15A /* FlowerPotSearchTabViewController.swift */; };
		23ADA92B28847FC80066D15A /* FlowerpotModel.swift in Sources */ = {isa = PBXBuildFile; fileRef = 23ADA92A28847FC80066D15A /* FlowerpotModel.swift */; };
		23ADA92D288481080066D15A /* MainPageDataManager.swift in Sources */ = {isa = PBXBuildFile; fileRef = 23ADA92C288481080066D15A /* MainPageDataManager.swift */; };
		23C8B4A6286EF2F300432141 /* PaddingLabel.swift in Sources */ = {isa = PBXBuildFile; fileRef = 23C8B4A5286EF2F300432141 /* PaddingLabel.swift */; };
		23C8B4AC286EF41400432141 /* MainViewController.swift in Sources */ = {isa = PBXBuildFile; fileRef = 23C8B4AB286EF41400432141 /* MainViewController.swift */; };
		23C8B4B0286EF76F00432141 /* MainFlowerTableViewCell.swift in Sources */ = {isa = PBXBuildFile; fileRef = 23C8B4AE286EF76F00432141 /* MainFlowerTableViewCell.swift */; };
		23C8B4B1286EF76F00432141 /* MainFlowerTableViewCell.xib in Resources */ = {isa = PBXBuildFile; fileRef = 23C8B4AF286EF76F00432141 /* MainFlowerTableViewCell.xib */; };
		23C8B4B8286EF78600432141 /* RecentBookCollectionViewCell.swift in Sources */ = {isa = PBXBuildFile; fileRef = 23C8B4B6286EF78600432141 /* RecentBookCollectionViewCell.swift */; };
		23C8B4B9286EF78600432141 /* RecentBookCollectionViewCell.xib in Resources */ = {isa = PBXBuildFile; fileRef = 23C8B4B7286EF78600432141 /* RecentBookCollectionViewCell.xib */; };
		23C8B4BB286EFF3900432141 /* CustomTabBarController.swift in Sources */ = {isa = PBXBuildFile; fileRef = 23C8B4BA286EFF3900432141 /* CustomTabBarController.swift */; };
		23CC78D7288FCDAE0064DA7E /* UploadRecordInput.swift in Sources */ = {isa = PBXBuildFile; fileRef = 23CC78D6288FCDAE0064DA7E /* UploadRecordInput.swift */; };
		23CC78D9288FCE370064DA7E /* UploadRecordModel.swift in Sources */ = {isa = PBXBuildFile; fileRef = 23CC78D8288FCE370064DA7E /* UploadRecordModel.swift */; };
		23CC78DB288FCEDE0064DA7E /* UploadRecordDataManager.swift in Sources */ = {isa = PBXBuildFile; fileRef = 23CC78DA288FCEDE0064DA7E /* UploadRecordDataManager.swift */; };
		23DFD30D2878D9B1002AC8B0 /* UploadRecordViewController.swift in Sources */ = {isa = PBXBuildFile; fileRef = 23DFD30C2878D9B1002AC8B0 /* UploadRecordViewController.swift */; };
		23DFD3102878D9F4002AC8B0 /* UploadRecordTableViewCell.swift in Sources */ = {isa = PBXBuildFile; fileRef = 23DFD30E2878D9F4002AC8B0 /* UploadRecordTableViewCell.swift */; };
		23DFD3112878D9F4002AC8B0 /* UploadRecordTableViewCell.xib in Resources */ = {isa = PBXBuildFile; fileRef = 23DFD30F2878D9F4002AC8B0 /* UploadRecordTableViewCell.xib */; };
		23F6107A288812C700575D81 /* ReadingRecordModel.swift in Sources */ = {isa = PBXBuildFile; fileRef = 23F61079288812C700575D81 /* ReadingRecordModel.swift */; };
		23F6107C2888134C00575D81 /* ReadingRecordDataManager.swift in Sources */ = {isa = PBXBuildFile; fileRef = 23F6107B2888134C00575D81 /* ReadingRecordDataManager.swift */; };
		23F8483E2899A99400ED644B /* NoticeModel.swift in Sources */ = {isa = PBXBuildFile; fileRef = 23F8483D2899A99400ED644B /* NoticeModel.swift */; };
		23F848422899ADC100ED644B /* NoticeCollectionViewCell.swift in Sources */ = {isa = PBXBuildFile; fileRef = 23F848402899ADC100ED644B /* NoticeCollectionViewCell.swift */; };
		23F848432899ADC100ED644B /* NoticeCollectionViewCell.xib in Resources */ = {isa = PBXBuildFile; fileRef = 23F848412899ADC100ED644B /* NoticeCollectionViewCell.xib */; };
		9BE303E45EECD6C4F3471E37 /* Pods_LIBROG.framework in Frameworks */ = {isa = PBXBuildFile; fileRef = 6C934BB6A1545DC5476C41F4 /* Pods_LIBROG.framework */; };
		D047CB992892EF7C004652A3 /* RegisterProfileLibrogBottomViewController.swift in Sources */ = {isa = PBXBuildFile; fileRef = D047CB982892EF7C004652A3 /* RegisterProfileLibrogBottomViewController.swift */; };
		D061104B288FF09500F96B65 /* StatisticModel.swift in Sources */ = {isa = PBXBuildFile; fileRef = D061104A288FF09500F96B65 /* StatisticModel.swift */; };
		D061104D288FF1ED00F96B65 /* ProfileDataManager.swift in Sources */ = {isa = PBXBuildFile; fileRef = D061104C288FF1ED00F96B65 /* ProfileDataManager.swift */; };
		D07E7EB3289273140077287A /* RegisterProfileBottomViewController.swift in Sources */ = {isa = PBXBuildFile; fileRef = D07E7EB2289273140077287A /* RegisterProfileBottomViewController.swift */; };
		D07E7EBE289279250077287A /* RegisterInput.swift in Sources */ = {isa = PBXBuildFile; fileRef = D07E7EBD289279250077287A /* RegisterInput.swift */; };
		D07E7EC028927AC70077287A /* RegisterDataManager.swift in Sources */ = {isa = PBXBuildFile; fileRef = D07E7EBF28927AC70077287A /* RegisterDataManager.swift */; };
		D096410B2886B40800E5989C /* ReadingRecordBottomViewController.swift in Sources */ = {isa = PBXBuildFile; fileRef = D096410A2886B40800E5989C /* ReadingRecordBottomViewController.swift */; };
		D0C2B04F286DC9BE00242E71 /* AppDelegate.swift in Sources */ = {isa = PBXBuildFile; fileRef = D0C2B04E286DC9BE00242E71 /* AppDelegate.swift */; };
		D0C2B051286DC9BE00242E71 /* SceneDelegate.swift in Sources */ = {isa = PBXBuildFile; fileRef = D0C2B050286DC9BE00242E71 /* SceneDelegate.swift */; };
		D0C2B053286DC9BE00242E71 /* ViewController.swift in Sources */ = {isa = PBXBuildFile; fileRef = D0C2B052286DC9BE00242E71 /* ViewController.swift */; };
		D0C2B056286DC9BE00242E71 /* Main.storyboard in Resources */ = {isa = PBXBuildFile; fileRef = D0C2B054286DC9BE00242E71 /* Main.storyboard */; };
		D0C2B058286DC9C000242E71 /* Assets.xcassets in Resources */ = {isa = PBXBuildFile; fileRef = D0C2B057286DC9C000242E71 /* Assets.xcassets */; };
		D0C2B05B286DC9C000242E71 /* LaunchScreen.storyboard in Resources */ = {isa = PBXBuildFile; fileRef = D0C2B059286DC9C000242E71 /* LaunchScreen.storyboard */; };
		D0C2B080286DEBD600242E71 /* FlowerPotViewController.swift in Sources */ = {isa = PBXBuildFile; fileRef = D0C2B07F286DEBD600242E71 /* FlowerPotViewController.swift */; };
		D0C2B086286DF28800242E71 /* FlowerpotTableViewCell.swift in Sources */ = {isa = PBXBuildFile; fileRef = D0C2B084286DF28800242E71 /* FlowerpotTableViewCell.swift */; };
		D0C2B087286DF28800242E71 /* FlowerpotTableViewCell.xib in Resources */ = {isa = PBXBuildFile; fileRef = D0C2B085286DF28800242E71 /* FlowerpotTableViewCell.xib */; };
		D0C2B089286E1FD600242E71 /* UIViewExtension.swift in Sources */ = {isa = PBXBuildFile; fileRef = D0C2B088286E1FD600242E71 /* UIViewExtension.swift */; };
		D0CF2B5D2885C83C00F78104 /* ReadingRecordCollectionViewCell.swift in Sources */ = {isa = PBXBuildFile; fileRef = D0CF2B5B2885C83C00F78104 /* ReadingRecordCollectionViewCell.swift */; };
		D0CF2B5E2885C83C00F78104 /* ReadingRecordCollectionViewCell.xib in Resources */ = {isa = PBXBuildFile; fileRef = D0CF2B5C2885C83C00F78104 /* ReadingRecordCollectionViewCell.xib */; };
		D0CF2B602885C99C00F78104 /* ReadingRecordViewController.swift in Sources */ = {isa = PBXBuildFile; fileRef = D0CF2B5F2885C99C00F78104 /* ReadingRecordViewController.swift */; };
		D0DB05B32876BC330041CEEF /* UploadViewController.swift in Sources */ = {isa = PBXBuildFile; fileRef = D0DB05B22876BC330041CEEF /* UploadViewController.swift */; };
		D0DB05C2287700650041CEEF /* BookData.swift in Sources */ = {isa = PBXBuildFile; fileRef = D0DB05C1287700650041CEEF /* BookData.swift */; };
/* End PBXBuildFile section */

/* Begin PBXContainerItemProxy section */
		D0C2B062286DC9C000242E71 /* PBXContainerItemProxy */ = {
			isa = PBXContainerItemProxy;
			containerPortal = D0C2B043286DC9BE00242E71 /* Project object */;
			proxyType = 1;
			remoteGlobalIDString = D0C2B04A286DC9BE00242E71;
			remoteInfo = LIBROG;
		};
		D0C2B06C286DC9C100242E71 /* PBXContainerItemProxy */ = {
			isa = PBXContainerItemProxy;
			containerPortal = D0C2B043286DC9BE00242E71 /* Project object */;
			proxyType = 1;
			remoteGlobalIDString = D0C2B04A286DC9BE00242E71;
			remoteInfo = LIBROG;
		};
/* End PBXContainerItemProxy section */

/* Begin PBXFileReference section */
		2303F22E2889A9CD00544AF6 /* Login.storyboard */ = {isa = PBXFileReference; lastKnownFileType = file.storyboard; path = Login.storyboard; sourceTree = "<group>"; };
		2303F2312889A9EB00544AF6 /* LoginViewController.swift */ = {isa = PBXFileReference; lastKnownFileType = sourcecode.swift; path = LoginViewController.swift; sourceTree = "<group>"; };
		230524BD287D5C060081933A /* FlowerPotDetailViewController.swift */ = {isa = PBXFileReference; lastKnownFileType = sourcecode.swift; path = FlowerPotDetailViewController.swift; sourceTree = "<group>"; };
		230524BF287D5C370081933A /* FlowerPotDetailCollectionViewCell.swift */ = {isa = PBXFileReference; lastKnownFileType = sourcecode.swift; path = FlowerPotDetailCollectionViewCell.swift; sourceTree = "<group>"; };
		230524C0287D5C370081933A /* FlowerPotDetailCollectionViewCell.xib */ = {isa = PBXFileReference; lastKnownFileType = file.xib; path = FlowerPotDetailCollectionViewCell.xib; sourceTree = "<group>"; };
		2305E772289159A000A9B6D5 /* KakaoLoginManager.swift */ = {isa = PBXFileReference; lastKnownFileType = sourcecode.swift; path = KakaoLoginManager.swift; sourceTree = "<group>"; };
		2305E77528915FC000A9B6D5 /* LoginDataManager.swift */ = {isa = PBXFileReference; lastKnownFileType = sourcecode.swift; path = LoginDataManager.swift; sourceTree = "<group>"; };
		23091F822886B69E008EC8D2 /* FlowerpotDataManager.swift */ = {isa = PBXFileReference; lastKnownFileType = sourcecode.swift; path = FlowerpotDataManager.swift; sourceTree = "<group>"; };
		231B8D4128891787006F44A3 /* AddFlowerpotModel.swift */ = {isa = PBXFileReference; lastKnownFileType = sourcecode.swift; path = AddFlowerpotModel.swift; sourceTree = "<group>"; };
		231B8D432889189D006F44A3 /* AddFlowerpotDataManager.swift */ = {isa = PBXFileReference; lastKnownFileType = sourcecode.swift; path = AddFlowerpotDataManager.swift; sourceTree = "<group>"; };
		231B8D452889221A006F44A3 /* SwipeRecognizer.swift */ = {isa = PBXFileReference; lastKnownFileType = sourcecode.swift; path = SwipeRecognizer.swift; sourceTree = "<group>"; };
		231B8D49288936F6006F44A3 /* FlowerpotDescriptionDataManager.swift */ = {isa = PBXFileReference; lastKnownFileType = sourcecode.swift; path = FlowerpotDescriptionDataManager.swift; sourceTree = "<group>"; };
		231B8D4B28893701006F44A3 /* FlowerpotDescriptionModel.swift */ = {isa = PBXFileReference; lastKnownFileType = sourcecode.swift; path = FlowerpotDescriptionModel.swift; sourceTree = "<group>"; };
		231E3E59289F82130011A1D2 /* RecommendBookModel.swift */ = {isa = PBXFileReference; lastKnownFileType = sourcecode.swift; path = RecommendBookModel.swift; sourceTree = "<group>"; };
		2322AE5A2897F39300513E23 /* LoginInput.swift */ = {isa = PBXFileReference; lastKnownFileType = sourcecode.swift; path = LoginInput.swift; sourceTree = "<group>"; };
		2322AE5C2897F3C400513E23 /* LoginModel.swift */ = {isa = PBXFileReference; lastKnownFileType = sourcecode.swift; path = LoginModel.swift; sourceTree = "<group>"; };
		232973632887F8FF00954AA0 /* FlowerpotBookRecordDataManager.swift */ = {isa = PBXFileReference; lastKnownFileType = sourcecode.swift; path = FlowerpotBookRecordDataManager.swift; sourceTree = "<group>"; };
		2339DA05288591D600A3DBC4 /* SearchBookManager.swift */ = {isa = PBXFileReference; lastKnownFileType = sourcecode.swift; path = SearchBookManager.swift; sourceTree = "<group>"; };
		2339DA07288592B100A3DBC4 /* KakaoBookModel.swift */ = {isa = PBXFileReference; lastKnownFileType = sourcecode.swift; path = KakaoBookModel.swift; sourceTree = "<group>"; };
		2339DA092885948500A3DBC4 /* HeaderManager.swift */ = {isa = PBXFileReference; lastKnownFileType = sourcecode.swift; path = HeaderManager.swift; sourceTree = "<group>"; };
		234035FF2891992000C9AB4D /* ModifyRecordInput.swift */ = {isa = PBXFileReference; lastKnownFileType = sourcecode.swift; path = ModifyRecordInput.swift; sourceTree = "<group>"; };
		234036012891992800C9AB4D /* ModifyRecordModel.swift */ = {isa = PBXFileReference; lastKnownFileType = sourcecode.swift; path = ModifyRecordModel.swift; sourceTree = "<group>"; };
		234036032891993500C9AB4D /* ModifyRecordDataManager.swift */ = {isa = PBXFileReference; lastKnownFileType = sourcecode.swift; path = ModifyRecordDataManager.swift; sourceTree = "<group>"; };
		234036052891AD3D00C9AB4D /* Register.storyboard */ = {isa = PBXFileReference; lastKnownFileType = file.storyboard; path = Register.storyboard; sourceTree = "<group>"; };
		23458AD32896E0C30003A669 /* ProfileIntroTableViewCell.swift */ = {isa = PBXFileReference; lastKnownFileType = sourcecode.swift; path = ProfileIntroTableViewCell.swift; sourceTree = "<group>"; };
		23458AD42896E0C30003A669 /* ProfileIntroTableViewCell.xib */ = {isa = PBXFileReference; lastKnownFileType = file.xib; path = ProfileIntroTableViewCell.xib; sourceTree = "<group>"; };
		23458AD92896E4FF0003A669 /* ProfileStatisticTableViewCell.swift */ = {isa = PBXFileReference; lastKnownFileType = sourcecode.swift; path = ProfileStatisticTableViewCell.swift; sourceTree = "<group>"; };
		23458ADA2896E4FF0003A669 /* ProfileStatisticTableViewCell.xib */ = {isa = PBXFileReference; lastKnownFileType = file.xib; path = ProfileStatisticTableViewCell.xib; sourceTree = "<group>"; };
		23458ADD2896E8B00003A669 /* ProfileFlowerpotTableViewCell.swift */ = {isa = PBXFileReference; lastKnownFileType = sourcecode.swift; path = ProfileFlowerpotTableViewCell.swift; sourceTree = "<group>"; };
		23458ADE2896E8B00003A669 /* ProfileFlowerpotTableViewCell.xib */ = {isa = PBXFileReference; lastKnownFileType = file.xib; path = ProfileFlowerpotTableViewCell.xib; sourceTree = "<group>"; };
		23458AE12896F16D0003A669 /* LogoutTableViewCell.swift */ = {isa = PBXFileReference; lastKnownFileType = sourcecode.swift; path = LogoutTableViewCell.swift; sourceTree = "<group>"; };
		23458AE22896F16D0003A669 /* LogoutTableViewCell.xib */ = {isa = PBXFileReference; lastKnownFileType = file.xib; path = LogoutTableViewCell.xib; sourceTree = "<group>"; };
		23458AE52896F35A0003A669 /* IntroModel.swift */ = {isa = PBXFileReference; lastKnownFileType = sourcecode.swift; path = IntroModel.swift; sourceTree = "<group>"; };
		234AB64F288A633D009FBB59 /* AchievedFlowerPotSearchViewController.swift */ = {isa = PBXFileReference; lastKnownFileType = sourcecode.swift; path = AchievedFlowerPotSearchViewController.swift; sourceTree = "<group>"; };
		234AB651288A6A36009FBB59 /* NotAchievedFlowerPotSearchViewController.swift */ = {isa = PBXFileReference; lastKnownFileType = sourcecode.swift; path = NotAchievedFlowerPotSearchViewController.swift; sourceTree = "<group>"; };
		234E31B328A01B1D00DCD812 /* ScreenManager.swift */ = {isa = PBXFileReference; lastKnownFileType = sourcecode.swift; path = ScreenManager.swift; sourceTree = "<group>"; };
		235523462881C47200EDE3E1 /* FlowerPotDescriptionViewController.swift */ = {isa = PBXFileReference; lastKnownFileType = sourcecode.swift; path = FlowerPotDescriptionViewController.swift; sourceTree = "<group>"; };
		235523492881C48A00EDE3E1 /* FlowerPotDescriptionTableViewCell.swift */ = {isa = PBXFileReference; lastKnownFileType = sourcecode.swift; path = FlowerPotDescriptionTableViewCell.swift; sourceTree = "<group>"; };
		2355234A2881C48A00EDE3E1 /* FlowerPotDescriptionTableViewCell.xib */ = {isa = PBXFileReference; lastKnownFileType = file.xib; path = FlowerPotDescriptionTableViewCell.xib; sourceTree = "<group>"; };
		236CF5A5289D732F00E7A1F2 /* APIModel.swift */ = {isa = PBXFileReference; lastKnownFileType = sourcecode.swift; path = APIModel.swift; sourceTree = "<group>"; };
		23766E7D2870330D005EEA8E /* UIBezierPath.swift */ = {isa = PBXFileReference; lastKnownFileType = sourcecode.swift; path = UIBezierPath.swift; sourceTree = "<group>"; };
		23776E1828925FFF00351F3A /* RegisterViewController.swift */ = {isa = PBXFileReference; lastKnownFileType = sourcecode.swift; path = RegisterViewController.swift; sourceTree = "<group>"; };
		23776E1A2892610E00351F3A /* RegisterProfileViewController.swift */ = {isa = PBXFileReference; lastKnownFileType = sourcecode.swift; path = RegisterProfileViewController.swift; sourceTree = "<group>"; };
		23776E1C2892644800351F3A /* RegisterTermViewController.swift */ = {isa = PBXFileReference; lastKnownFileType = sourcecode.swift; path = RegisterTermViewController.swift; sourceTree = "<group>"; };
		2379DEE52897A29800F946DD /* ProfileLoginTypeTableViewCell.swift */ = {isa = PBXFileReference; lastKnownFileType = sourcecode.swift; path = ProfileLoginTypeTableViewCell.swift; sourceTree = "<group>"; };
		2379DEE62897A29800F946DD /* ProfileLoginTypeTableViewCell.xib */ = {isa = PBXFileReference; lastKnownFileType = file.xib; path = ProfileLoginTypeTableViewCell.xib; sourceTree = "<group>"; };
		237ECCDF288556EE000D9A71 /* ProfileViewController.swift */ = {isa = PBXFileReference; lastKnownFileType = sourcecode.swift; path = ProfileViewController.swift; sourceTree = "<group>"; };
		237ECCE228856454000D9A71 /* DateFormatter.swift */ = {isa = PBXFileReference; lastKnownFileType = sourcecode.swift; path = DateFormatter.swift; sourceTree = "<group>"; };
		237ECCE928857544000D9A71 /* Setting.storyboard */ = {isa = PBXFileReference; lastKnownFileType = file.storyboard; path = Setting.storyboard; sourceTree = "<group>"; };
		238DE01A28819AF0007901E6 /* TodaySuggestCollectionViewCell.swift */ = {isa = PBXFileReference; lastKnownFileType = sourcecode.swift; path = TodaySuggestCollectionViewCell.swift; sourceTree = "<group>"; };
		238DE01B28819AF0007901E6 /* TodaySuggestCollectionViewCell.xib */ = {isa = PBXFileReference; lastKnownFileType = file.xib; path = TodaySuggestCollectionViewCell.xib; sourceTree = "<group>"; };
		238DE01E28819C00007901E6 /* MainBottomViewController.swift */ = {isa = PBXFileReference; lastKnownFileType = sourcecode.swift; path = MainBottomViewController.swift; sourceTree = "<group>"; };
		239EF02E2892F2C8005BC364 /* SearchDataManager.swift */ = {isa = PBXFileReference; lastKnownFileType = sourcecode.swift; path = SearchDataManager.swift; sourceTree = "<group>"; };
		23A41EA42894315D0008437B /* RecordDetailModel.swift */ = {isa = PBXFileReference; lastKnownFileType = sourcecode.swift; path = RecordDetailModel.swift; sourceTree = "<group>"; };
		23A41EA6289431650008437B /* RecordDetailDataManager.swift */ = {isa = PBXFileReference; lastKnownFileType = sourcecode.swift; path = RecordDetailDataManager.swift; sourceTree = "<group>"; };
		23A41EA8289436B10008437B /* RecentBookModel.swift */ = {isa = PBXFileReference; lastKnownFileType = sourcecode.swift; path = RecentBookModel.swift; sourceTree = "<group>"; };
		23A5B854287D6754005413A3 /* AddFlowerPotViewController.swift */ = {isa = PBXFileReference; lastKnownFileType = sourcecode.swift; path = AddFlowerPotViewController.swift; sourceTree = "<group>"; };
		23A5B856287D6B89005413A3 /* FlowerPotTabViewController.swift */ = {isa = PBXFileReference; lastKnownFileType = sourcecode.swift; path = FlowerPotTabViewController.swift; sourceTree = "<group>"; };
		23A5B85A287D7F73005413A3 /* AcheivedFlowerPotTableViewCell.swift */ = {isa = PBXFileReference; lastKnownFileType = sourcecode.swift; path = AcheivedFlowerPotTableViewCell.swift; sourceTree = "<group>"; };
		23A5B85B287D7F73005413A3 /* AcheivedFlowerPotTableViewCell.xib */ = {isa = PBXFileReference; lastKnownFileType = file.xib; path = AcheivedFlowerPotTableViewCell.xib; sourceTree = "<group>"; };
		23A5B85E287D7F81005413A3 /* NotAcheivedFlowerPotTableViewCell.swift */ = {isa = PBXFileReference; lastKnownFileType = sourcecode.swift; path = NotAcheivedFlowerPotTableViewCell.swift; sourceTree = "<group>"; };
		23A5B85F287D7F81005413A3 /* NotAcheivedFlowerPotTableViewCell.xib */ = {isa = PBXFileReference; lastKnownFileType = file.xib; path = NotAcheivedFlowerPotTableViewCell.xib; sourceTree = "<group>"; };
		23A5B868287D9D5D005413A3 /* ResultTableViewCell.swift */ = {isa = PBXFileReference; fileEncoding = 4; lastKnownFileType = sourcecode.swift; path = ResultTableViewCell.swift; sourceTree = "<group>"; };
		23A5B86C287D9D5D005413A3 /* ResultTableViewCell.xib */ = {isa = PBXFileReference; fileEncoding = 4; lastKnownFileType = file.xib; path = ResultTableViewCell.xib; sourceTree = "<group>"; };
		23AB709C288FFAD700503366 /* RecordDetail.storyboard */ = {isa = PBXFileReference; lastKnownFileType = file.storyboard; path = RecordDetail.storyboard; sourceTree = "<group>"; };
		23AB709F288FFAF000503366 /* RecordDetailViewController.swift */ = {isa = PBXFileReference; lastKnownFileType = sourcecode.swift; path = RecordDetailViewController.swift; sourceTree = "<group>"; };
		23AB70A2288FFDBD00503366 /* RecordDetailTableViewCell.swift */ = {isa = PBXFileReference; lastKnownFileType = sourcecode.swift; path = RecordDetailTableViewCell.swift; sourceTree = "<group>"; };
		23AB70A3288FFDBD00503366 /* RecordDetailTableViewCell.xib */ = {isa = PBXFileReference; lastKnownFileType = file.xib; path = RecordDetailTableViewCell.xib; sourceTree = "<group>"; };
		23AB70AC289009D500503366 /* ModifyRecordViewController.swift */ = {isa = PBXFileReference; lastKnownFileType = sourcecode.swift; path = ModifyRecordViewController.swift; sourceTree = "<group>"; };
		23AB70AF28900A9A00503366 /* ModifyRecordTableViewCell.swift */ = {isa = PBXFileReference; lastKnownFileType = sourcecode.swift; path = ModifyRecordTableViewCell.swift; sourceTree = "<group>"; };
		23AB70B028900A9A00503366 /* ModifyRecordTableViewCell.xib */ = {isa = PBXFileReference; lastKnownFileType = file.xib; path = ModifyRecordTableViewCell.xib; sourceTree = "<group>"; };
		23ADA90A288467850066D15A /* MainPage.storyboard */ = {isa = PBXFileReference; lastKnownFileType = file.storyboard; path = MainPage.storyboard; sourceTree = "<group>"; };
		23ADA90C288468D50066D15A /* ReadingRecord.storyboard */ = {isa = PBXFileReference; lastKnownFileType = file.storyboard; path = ReadingRecord.storyboard; sourceTree = "<group>"; };
		23ADA90E2884693D0066D15A /* SelectBook.storyboard */ = {isa = PBXFileReference; lastKnownFileType = file.storyboard; path = SelectBook.storyboard; sourceTree = "<group>"; };
		23ADA9102884698F0066D15A /* UploadRecord.storyboard */ = {isa = PBXFileReference; lastKnownFileType = file.storyboard; path = UploadRecord.storyboard; sourceTree = "<group>"; };
		23ADA912288469E90066D15A /* FlowerPot.storyboard */ = {isa = PBXFileReference; lastKnownFileType = file.storyboard; path = FlowerPot.storyboard; sourceTree = "<group>"; };
		23ADA91428846A2A0066D15A /* Profile.storyboard */ = {isa = PBXFileReference; lastKnownFileType = file.storyboard; path = Profile.storyboard; sourceTree = "<group>"; };
		23ADA91628846A870066D15A /* UserFlowerPotDetail.storyboard */ = {isa = PBXFileReference; lastKnownFileType = file.storyboard; path = UserFlowerPotDetail.storyboard; sourceTree = "<group>"; };
		23ADA91828846AB10066D15A /* FlowerPotDescription.storyboard */ = {isa = PBXFileReference; lastKnownFileType = file.storyboard; path = FlowerPotDescription.storyboard; sourceTree = "<group>"; };
		23ADA91A28846ACE0066D15A /* AddFlowerPot.storyboard */ = {isa = PBXFileReference; lastKnownFileType = file.storyboard; path = AddFlowerPot.storyboard; sourceTree = "<group>"; };
		23ADA91C28846B240066D15A /* AcheivedFlowerPot.storyboard */ = {isa = PBXFileReference; lastKnownFileType = file.storyboard; path = AcheivedFlowerPot.storyboard; sourceTree = "<group>"; };
		23ADA91E28846B440066D15A /* NotAcheivedFlowerPot.storyboard */ = {isa = PBXFileReference; lastKnownFileType = file.storyboard; path = NotAcheivedFlowerPot.storyboard; sourceTree = "<group>"; };
		23ADA921288478FD0066D15A /* AchievedFlowerPotViewController.swift */ = {isa = PBXFileReference; lastKnownFileType = sourcecode.swift; path = AchievedFlowerPotViewController.swift; sourceTree = "<group>"; };
		23ADA9232884790C0066D15A /* NotAchievedFlowerPotViewController.swift */ = {isa = PBXFileReference; lastKnownFileType = sourcecode.swift; path = NotAchievedFlowerPotViewController.swift; sourceTree = "<group>"; };
		23ADA92528847A8D0066D15A /* AddFlowerPotSearchViewController.swift */ = {isa = PBXFileReference; lastKnownFileType = sourcecode.swift; path = AddFlowerPotSearchViewController.swift; sourceTree = "<group>"; };
		23ADA92728847B830066D15A /* FlowerPotSearchTabViewController.swift */ = {isa = PBXFileReference; lastKnownFileType = sourcecode.swift; path = FlowerPotSearchTabViewController.swift; sourceTree = "<group>"; };
		23ADA92A28847FC80066D15A /* FlowerpotModel.swift */ = {isa = PBXFileReference; lastKnownFileType = sourcecode.swift; path = FlowerpotModel.swift; sourceTree = "<group>"; };
		23ADA92C288481080066D15A /* MainPageDataManager.swift */ = {isa = PBXFileReference; lastKnownFileType = sourcecode.swift; path = MainPageDataManager.swift; sourceTree = "<group>"; };
		23C8B4A5286EF2F300432141 /* PaddingLabel.swift */ = {isa = PBXFileReference; lastKnownFileType = sourcecode.swift; path = PaddingLabel.swift; sourceTree = "<group>"; };
		23C8B4AB286EF41400432141 /* MainViewController.swift */ = {isa = PBXFileReference; lastKnownFileType = sourcecode.swift; path = MainViewController.swift; sourceTree = "<group>"; };
		23C8B4AE286EF76F00432141 /* MainFlowerTableViewCell.swift */ = {isa = PBXFileReference; lastKnownFileType = sourcecode.swift; path = MainFlowerTableViewCell.swift; sourceTree = "<group>"; };
		23C8B4AF286EF76F00432141 /* MainFlowerTableViewCell.xib */ = {isa = PBXFileReference; lastKnownFileType = file.xib; path = MainFlowerTableViewCell.xib; sourceTree = "<group>"; };
		23C8B4B6286EF78600432141 /* RecentBookCollectionViewCell.swift */ = {isa = PBXFileReference; lastKnownFileType = sourcecode.swift; path = RecentBookCollectionViewCell.swift; sourceTree = "<group>"; };
		23C8B4B7286EF78600432141 /* RecentBookCollectionViewCell.xib */ = {isa = PBXFileReference; lastKnownFileType = file.xib; path = RecentBookCollectionViewCell.xib; sourceTree = "<group>"; };
		23C8B4BA286EFF3900432141 /* CustomTabBarController.swift */ = {isa = PBXFileReference; lastKnownFileType = sourcecode.swift; path = CustomTabBarController.swift; sourceTree = "<group>"; };
		23CC78D6288FCDAE0064DA7E /* UploadRecordInput.swift */ = {isa = PBXFileReference; lastKnownFileType = sourcecode.swift; path = UploadRecordInput.swift; sourceTree = "<group>"; };
		23CC78D8288FCE370064DA7E /* UploadRecordModel.swift */ = {isa = PBXFileReference; lastKnownFileType = sourcecode.swift; path = UploadRecordModel.swift; sourceTree = "<group>"; };
		23CC78DA288FCEDE0064DA7E /* UploadRecordDataManager.swift */ = {isa = PBXFileReference; lastKnownFileType = sourcecode.swift; path = UploadRecordDataManager.swift; sourceTree = "<group>"; };
		23DFD30C2878D9B1002AC8B0 /* UploadRecordViewController.swift */ = {isa = PBXFileReference; lastKnownFileType = sourcecode.swift; path = UploadRecordViewController.swift; sourceTree = "<group>"; };
		23DFD30E2878D9F4002AC8B0 /* UploadRecordTableViewCell.swift */ = {isa = PBXFileReference; lastKnownFileType = sourcecode.swift; path = UploadRecordTableViewCell.swift; sourceTree = "<group>"; };
		23DFD30F2878D9F4002AC8B0 /* UploadRecordTableViewCell.xib */ = {isa = PBXFileReference; lastKnownFileType = file.xib; path = UploadRecordTableViewCell.xib; sourceTree = "<group>"; };
		23F61079288812C700575D81 /* ReadingRecordModel.swift */ = {isa = PBXFileReference; lastKnownFileType = sourcecode.swift; path = ReadingRecordModel.swift; sourceTree = "<group>"; };
		23F6107B2888134C00575D81 /* ReadingRecordDataManager.swift */ = {isa = PBXFileReference; lastKnownFileType = sourcecode.swift; path = ReadingRecordDataManager.swift; sourceTree = "<group>"; };
		23F8483D2899A99400ED644B /* NoticeModel.swift */ = {isa = PBXFileReference; lastKnownFileType = sourcecode.swift; path = NoticeModel.swift; sourceTree = "<group>"; };
		23F848402899ADC100ED644B /* NoticeCollectionViewCell.swift */ = {isa = PBXFileReference; lastKnownFileType = sourcecode.swift; path = NoticeCollectionViewCell.swift; sourceTree = "<group>"; };
		23F848412899ADC100ED644B /* NoticeCollectionViewCell.xib */ = {isa = PBXFileReference; lastKnownFileType = file.xib; path = NoticeCollectionViewCell.xib; sourceTree = "<group>"; };
		4213D3509CD3CBE5B946C6E3 /* Pods-LIBROG.release.xcconfig */ = {isa = PBXFileReference; includeInIndex = 1; lastKnownFileType = text.xcconfig; name = "Pods-LIBROG.release.xcconfig"; path = "Target Support Files/Pods-LIBROG/Pods-LIBROG.release.xcconfig"; sourceTree = "<group>"; };
		6C934BB6A1545DC5476C41F4 /* Pods_LIBROG.framework */ = {isa = PBXFileReference; explicitFileType = wrapper.framework; includeInIndex = 0; path = Pods_LIBROG.framework; sourceTree = BUILT_PRODUCTS_DIR; };
		80874FB74B3F63648D20C05C /* Pods-LIBROG.debug.xcconfig */ = {isa = PBXFileReference; includeInIndex = 1; lastKnownFileType = text.xcconfig; name = "Pods-LIBROG.debug.xcconfig"; path = "Target Support Files/Pods-LIBROG/Pods-LIBROG.debug.xcconfig"; sourceTree = "<group>"; };
		D047CB982892EF7C004652A3 /* RegisterProfileLibrogBottomViewController.swift */ = {isa = PBXFileReference; lastKnownFileType = sourcecode.swift; path = RegisterProfileLibrogBottomViewController.swift; sourceTree = "<group>"; };
		D061104A288FF09500F96B65 /* StatisticModel.swift */ = {isa = PBXFileReference; lastKnownFileType = sourcecode.swift; path = StatisticModel.swift; sourceTree = "<group>"; };
		D061104C288FF1ED00F96B65 /* ProfileDataManager.swift */ = {isa = PBXFileReference; lastKnownFileType = sourcecode.swift; path = ProfileDataManager.swift; sourceTree = "<group>"; };
		D07E7EB2289273140077287A /* RegisterProfileBottomViewController.swift */ = {isa = PBXFileReference; lastKnownFileType = sourcecode.swift; path = RegisterProfileBottomViewController.swift; sourceTree = "<group>"; };
		D07E7EBD289279250077287A /* RegisterInput.swift */ = {isa = PBXFileReference; lastKnownFileType = sourcecode.swift; path = RegisterInput.swift; sourceTree = "<group>"; };
		D07E7EBF28927AC70077287A /* RegisterDataManager.swift */ = {isa = PBXFileReference; lastKnownFileType = sourcecode.swift; path = RegisterDataManager.swift; sourceTree = "<group>"; };
		D096410A2886B40800E5989C /* ReadingRecordBottomViewController.swift */ = {isa = PBXFileReference; lastKnownFileType = sourcecode.swift; path = ReadingRecordBottomViewController.swift; sourceTree = "<group>"; };
		D0C2B04B286DC9BE00242E71 /* LIBROG.app */ = {isa = PBXFileReference; explicitFileType = wrapper.application; includeInIndex = 0; path = LIBROG.app; sourceTree = BUILT_PRODUCTS_DIR; };
		D0C2B04E286DC9BE00242E71 /* AppDelegate.swift */ = {isa = PBXFileReference; lastKnownFileType = sourcecode.swift; path = AppDelegate.swift; sourceTree = "<group>"; };
		D0C2B050286DC9BE00242E71 /* SceneDelegate.swift */ = {isa = PBXFileReference; lastKnownFileType = sourcecode.swift; path = SceneDelegate.swift; sourceTree = "<group>"; };
		D0C2B052286DC9BE00242E71 /* ViewController.swift */ = {isa = PBXFileReference; lastKnownFileType = sourcecode.swift; path = ViewController.swift; sourceTree = "<group>"; };
		D0C2B055286DC9BE00242E71 /* Base */ = {isa = PBXFileReference; lastKnownFileType = file.storyboard; name = Base; path = Base.lproj/Main.storyboard; sourceTree = "<group>"; };
		D0C2B057286DC9C000242E71 /* Assets.xcassets */ = {isa = PBXFileReference; lastKnownFileType = folder.assetcatalog; path = Assets.xcassets; sourceTree = "<group>"; };
		D0C2B05A286DC9C000242E71 /* Base */ = {isa = PBXFileReference; lastKnownFileType = file.storyboard; name = Base; path = Base.lproj/LaunchScreen.storyboard; sourceTree = "<group>"; };
		D0C2B05C286DC9C000242E71 /* Info.plist */ = {isa = PBXFileReference; lastKnownFileType = text.plist.xml; path = Info.plist; sourceTree = "<group>"; };
		D0C2B061286DC9C000242E71 /* LIBROGTests.xctest */ = {isa = PBXFileReference; explicitFileType = wrapper.cfbundle; includeInIndex = 0; path = LIBROGTests.xctest; sourceTree = BUILT_PRODUCTS_DIR; };
		D0C2B06B286DC9C100242E71 /* LIBROGUITests.xctest */ = {isa = PBXFileReference; explicitFileType = wrapper.cfbundle; includeInIndex = 0; path = LIBROGUITests.xctest; sourceTree = BUILT_PRODUCTS_DIR; };
		D0C2B07F286DEBD600242E71 /* FlowerPotViewController.swift */ = {isa = PBXFileReference; lastKnownFileType = sourcecode.swift; path = FlowerPotViewController.swift; sourceTree = "<group>"; };
		D0C2B084286DF28800242E71 /* FlowerpotTableViewCell.swift */ = {isa = PBXFileReference; lastKnownFileType = sourcecode.swift; path = FlowerpotTableViewCell.swift; sourceTree = "<group>"; };
		D0C2B085286DF28800242E71 /* FlowerpotTableViewCell.xib */ = {isa = PBXFileReference; lastKnownFileType = file.xib; path = FlowerpotTableViewCell.xib; sourceTree = "<group>"; };
		D0C2B088286E1FD600242E71 /* UIViewExtension.swift */ = {isa = PBXFileReference; lastKnownFileType = sourcecode.swift; path = UIViewExtension.swift; sourceTree = "<group>"; };
		D0CF2B5B2885C83C00F78104 /* ReadingRecordCollectionViewCell.swift */ = {isa = PBXFileReference; lastKnownFileType = sourcecode.swift; path = ReadingRecordCollectionViewCell.swift; sourceTree = "<group>"; };
		D0CF2B5C2885C83C00F78104 /* ReadingRecordCollectionViewCell.xib */ = {isa = PBXFileReference; lastKnownFileType = file.xib; path = ReadingRecordCollectionViewCell.xib; sourceTree = "<group>"; };
		D0CF2B5F2885C99C00F78104 /* ReadingRecordViewController.swift */ = {isa = PBXFileReference; lastKnownFileType = sourcecode.swift; path = ReadingRecordViewController.swift; sourceTree = "<group>"; };
		D0DB05B22876BC330041CEEF /* UploadViewController.swift */ = {isa = PBXFileReference; lastKnownFileType = sourcecode.swift; path = UploadViewController.swift; sourceTree = "<group>"; };
		D0DB05C1287700650041CEEF /* BookData.swift */ = {isa = PBXFileReference; lastKnownFileType = sourcecode.swift; path = BookData.swift; sourceTree = "<group>"; };
/* End PBXFileReference section */

/* Begin PBXFrameworksBuildPhase section */
		D0C2B048286DC9BE00242E71 /* Frameworks */ = {
			isa = PBXFrameworksBuildPhase;
			buildActionMask = 2147483647;
			files = (
				9BE303E45EECD6C4F3471E37 /* Pods_LIBROG.framework in Frameworks */,
			);
			runOnlyForDeploymentPostprocessing = 0;
		};
		D0C2B05E286DC9C000242E71 /* Frameworks */ = {
			isa = PBXFrameworksBuildPhase;
			buildActionMask = 2147483647;
			files = (
			);
			runOnlyForDeploymentPostprocessing = 0;
		};
		D0C2B068286DC9C100242E71 /* Frameworks */ = {
			isa = PBXFrameworksBuildPhase;
			buildActionMask = 2147483647;
			files = (
			);
			runOnlyForDeploymentPostprocessing = 0;
		};
/* End PBXFrameworksBuildPhase section */

/* Begin PBXGroup section */
		2303F2302889A9D300544AF6 /* Login */ = {
			isa = PBXGroup;
			children = (
				2305E7712891597400A9B6D5 /* LoginDataManager */,
				2305E77428915A8900A9B6D5 /* LoginManager */,
				2303F2312889A9EB00544AF6 /* LoginViewController.swift */,
			);
			path = Login;
			sourceTree = "<group>";
		};
		230524BB287D5BEE0081933A /* FlowerPotDetail */ = {
			isa = PBXGroup;
			children = (
				232973602887F83300954AA0 /* FlowerPotDetailDataManager */,
				230524BC287D5BF90081933A /* Cell */,
				230524BD287D5C060081933A /* FlowerPotDetailViewController.swift */,
			);
			path = FlowerPotDetail;
			sourceTree = "<group>";
		};
		230524BC287D5BF90081933A /* Cell */ = {
			isa = PBXGroup;
			children = (
				230524BF287D5C370081933A /* FlowerPotDetailCollectionViewCell.swift */,
				230524C0287D5C370081933A /* FlowerPotDetailCollectionViewCell.xib */,
			);
			path = Cell;
			sourceTree = "<group>";
		};
		230524C3287D64820081933A /* AddFlowerPot */ = {
			isa = PBXGroup;
			children = (
				235523422881B88800EDE3E1 /* AddFlowerpotDataManager */,
				23A5B859287D7ED3005413A3 /* Cell */,
				23A5B858287D7ECA005413A3 /* ViewController */,
			);
			path = AddFlowerPot;
			sourceTree = "<group>";
		};
		2305E7712891597400A9B6D5 /* LoginDataManager */ = {
			isa = PBXGroup;
			children = (
				2305E77528915FC000A9B6D5 /* LoginDataManager.swift */,
				2322AE5A2897F39300513E23 /* LoginInput.swift */,
				2322AE5C2897F3C400513E23 /* LoginModel.swift */,
			);
			path = LoginDataManager;
			sourceTree = "<group>";
		};
		2305E77428915A8900A9B6D5 /* LoginManager */ = {
			isa = PBXGroup;
			children = (
				2305E772289159A000A9B6D5 /* KakaoLoginManager.swift */,
			);
			path = LoginManager;
			sourceTree = "<group>";
		};
		23091F812886B666008EC8D2 /* FlowerpotDataManager */ = {
			isa = PBXGroup;
			children = (
				23091F822886B69E008EC8D2 /* FlowerpotDataManager.swift */,
			);
			path = FlowerpotDataManager;
			sourceTree = "<group>";
		};
		231B8D48288936DF006F44A3 /* FlowerpotDescriptionDataManager */ = {
			isa = PBXGroup;
			children = (
				231B8D4B28893701006F44A3 /* FlowerpotDescriptionModel.swift */,
				231B8D49288936F6006F44A3 /* FlowerpotDescriptionDataManager.swift */,
			);
			path = FlowerpotDescriptionDataManager;
			sourceTree = "<group>";
		};
		232973602887F83300954AA0 /* FlowerPotDetailDataManager */ = {
			isa = PBXGroup;
			children = (
				232973632887F8FF00954AA0 /* FlowerpotBookRecordDataManager.swift */,
			);
			path = FlowerPotDetailDataManager;
			sourceTree = "<group>";
		};
		2339DA04288591BE00A3DBC4 /* SearchBookManager */ = {
			isa = PBXGroup;
			children = (
				2339DA05288591D600A3DBC4 /* SearchBookManager.swift */,
				2339DA07288592B100A3DBC4 /* KakaoBookModel.swift */,
			);
			path = SearchBookManager;
			sourceTree = "<group>";
		};
		234035FE2891991000C9AB4D /* ModifyRecordDataManager */ = {
			isa = PBXGroup;
			children = (
				234035FF2891992000C9AB4D /* ModifyRecordInput.swift */,
				234036012891992800C9AB4D /* ModifyRecordModel.swift */,
				234036032891993500C9AB4D /* ModifyRecordDataManager.swift */,
			);
			path = ModifyRecordDataManager;
			sourceTree = "<group>";
		};
		235523422881B88800EDE3E1 /* AddFlowerpotDataManager */ = {
			isa = PBXGroup;
			children = (
				239EF02E2892F2C8005BC364 /* SearchDataManager.swift */,
				231B8D4128891787006F44A3 /* AddFlowerpotModel.swift */,
				231B8D432889189D006F44A3 /* AddFlowerpotDataManager.swift */,
			);
			path = AddFlowerpotDataManager;
			sourceTree = "<group>";
		};
		235523452881C45600EDE3E1 /* FlowerPotDescription */ = {
			isa = PBXGroup;
			children = (
				231B8D48288936DF006F44A3 /* FlowerpotDescriptionDataManager */,
				235523482881C47800EDE3E1 /* Cell */,
				235523462881C47200EDE3E1 /* FlowerPotDescriptionViewController.swift */,
			);
			path = FlowerPotDescription;
			sourceTree = "<group>";
		};
		235523482881C47800EDE3E1 /* Cell */ = {
			isa = PBXGroup;
			children = (
				235523492881C48A00EDE3E1 /* FlowerPotDescriptionTableViewCell.swift */,
				2355234A2881C48A00EDE3E1 /* FlowerPotDescriptionTableViewCell.xib */,
			);
			path = Cell;
			sourceTree = "<group>";
		};
		23776E1728925FDD00351F3A /* Register */ = {
			isa = PBXGroup;
			children = (
				D07E7EBA289278E30077287A /* RegisterDataManager */,
				23776E1C2892644800351F3A /* RegisterTermViewController.swift */,
				23776E1828925FFF00351F3A /* RegisterViewController.swift */,
				23776E1A2892610E00351F3A /* RegisterProfileViewController.swift */,
				D047CB972892EF40004652A3 /* RegisterBottomVC */,
			);
			path = Register;
			sourceTree = "<group>";
		};
		237ECCDE288556E1000D9A71 /* Profile */ = {
			isa = PBXGroup;
			children = (
				D0611049288FF04F00F96B65 /* ProfileDataManager */,
				237ECCE42885692E000D9A71 /* Cell */,
				237ECCDF288556EE000D9A71 /* ProfileViewController.swift */,
			);
			path = Profile;
			sourceTree = "<group>";
		};
		237ECCE12885643F000D9A71 /* Util */ = {
			isa = PBXGroup;
			children = (
				237ECCE228856454000D9A71 /* DateFormatter.swift */,
				2339DA092885948500A3DBC4 /* HeaderManager.swift */,
				231B8D452889221A006F44A3 /* SwipeRecognizer.swift */,
				236CF5A5289D732F00E7A1F2 /* APIModel.swift */,
				234E31B328A01B1D00DCD812 /* ScreenManager.swift */,
			);
			path = Util;
			sourceTree = "<group>";
		};
		237ECCE42885692E000D9A71 /* Cell */ = {
			isa = PBXGroup;
			children = (
				23458AD32896E0C30003A669 /* ProfileIntroTableViewCell.swift */,
				23458AD42896E0C30003A669 /* ProfileIntroTableViewCell.xib */,
				23458AD92896E4FF0003A669 /* ProfileStatisticTableViewCell.swift */,
				23458ADA2896E4FF0003A669 /* ProfileStatisticTableViewCell.xib */,
				23458ADD2896E8B00003A669 /* ProfileFlowerpotTableViewCell.swift */,
				23458ADE2896E8B00003A669 /* ProfileFlowerpotTableViewCell.xib */,
				23458AE12896F16D0003A669 /* LogoutTableViewCell.swift */,
				23458AE22896F16D0003A669 /* LogoutTableViewCell.xib */,
				2379DEE52897A29800F946DD /* ProfileLoginTypeTableViewCell.swift */,
				2379DEE62897A29800F946DD /* ProfileLoginTypeTableViewCell.xib */,
			);
			path = Cell;
			sourceTree = "<group>";
		};
		23A41EA12894313B0008437B /* RecordDetailDataManager */ = {
			isa = PBXGroup;
			children = (
				23A41EA42894315D0008437B /* RecordDetailModel.swift */,
				23A41EA6289431650008437B /* RecordDetailDataManager.swift */,
			);
			path = RecordDetailDataManager;
			sourceTree = "<group>";
		};
		23A5B858287D7ECA005413A3 /* ViewController */ = {
			isa = PBXGroup;
			children = (
				23ADA920288478DC0066D15A /* SearchViewController */,
				23A5B854287D6754005413A3 /* AddFlowerPotViewController.swift */,
				23A5B856287D6B89005413A3 /* FlowerPotTabViewController.swift */,
				23ADA921288478FD0066D15A /* AchievedFlowerPotViewController.swift */,
				23ADA9232884790C0066D15A /* NotAchievedFlowerPotViewController.swift */,
			);
			path = ViewController;
			sourceTree = "<group>";
		};
		23A5B859287D7ED3005413A3 /* Cell */ = {
			isa = PBXGroup;
			children = (
				23A5B85A287D7F73005413A3 /* AcheivedFlowerPotTableViewCell.swift */,
				23A5B85B287D7F73005413A3 /* AcheivedFlowerPotTableViewCell.xib */,
				23A5B85E287D7F81005413A3 /* NotAcheivedFlowerPotTableViewCell.swift */,
				23A5B85F287D7F81005413A3 /* NotAcheivedFlowerPotTableViewCell.xib */,
			);
			path = Cell;
			sourceTree = "<group>";
		};
		23AB709E288FFAE100503366 /* RecordDetail */ = {
			isa = PBXGroup;
			children = (
				23A41EA12894313B0008437B /* RecordDetailDataManager */,
				23AB70A1288FFDA600503366 /* Cell */,
				23AB709F288FFAF000503366 /* RecordDetailViewController.swift */,
			);
			path = RecordDetail;
			sourceTree = "<group>";
		};
		23AB70A1288FFDA600503366 /* Cell */ = {
			isa = PBXGroup;
			children = (
				23AB70A2288FFDBD00503366 /* RecordDetailTableViewCell.swift */,
				23AB70A3288FFDBD00503366 /* RecordDetailTableViewCell.xib */,
			);
			path = Cell;
			sourceTree = "<group>";
		};
		23AB70AB289009BB00503366 /* ModifyRecord */ = {
			isa = PBXGroup;
			children = (
				234035FE2891991000C9AB4D /* ModifyRecordDataManager */,
				23AB70AE28900A8A00503366 /* Cell */,
				23AB70AC289009D500503366 /* ModifyRecordViewController.swift */,
			);
			path = ModifyRecord;
			sourceTree = "<group>";
		};
		23AB70AE28900A8A00503366 /* Cell */ = {
			isa = PBXGroup;
			children = (
				23AB70AF28900A9A00503366 /* ModifyRecordTableViewCell.swift */,
				23AB70B028900A9A00503366 /* ModifyRecordTableViewCell.xib */,
			);
			path = Cell;
			sourceTree = "<group>";
		};
		23ADA909288467680066D15A /* View */ = {
			isa = PBXGroup;
			children = (
				23ADA90A288467850066D15A /* MainPage.storyboard */,
				23ADA90C288468D50066D15A /* ReadingRecord.storyboard */,
				23ADA90E2884693D0066D15A /* SelectBook.storyboard */,
				23ADA9102884698F0066D15A /* UploadRecord.storyboard */,
				23ADA912288469E90066D15A /* FlowerPot.storyboard */,
				23ADA91428846A2A0066D15A /* Profile.storyboard */,
				23ADA91628846A870066D15A /* UserFlowerPotDetail.storyboard */,
				23ADA91828846AB10066D15A /* FlowerPotDescription.storyboard */,
				23ADA91A28846ACE0066D15A /* AddFlowerPot.storyboard */,
				23ADA91C28846B240066D15A /* AcheivedFlowerPot.storyboard */,
				23ADA91E28846B440066D15A /* NotAcheivedFlowerPot.storyboard */,
				237ECCE928857544000D9A71 /* Setting.storyboard */,
				2303F22E2889A9CD00544AF6 /* Login.storyboard */,
				23AB709C288FFAD700503366 /* RecordDetail.storyboard */,
				234036052891AD3D00C9AB4D /* Register.storyboard */,
			);
			path = View;
			sourceTree = "<group>";
		};
		23ADA920288478DC0066D15A /* SearchViewController */ = {
			isa = PBXGroup;
			children = (
				23ADA92528847A8D0066D15A /* AddFlowerPotSearchViewController.swift */,
				23ADA92728847B830066D15A /* FlowerPotSearchTabViewController.swift */,
				234AB64F288A633D009FBB59 /* AchievedFlowerPotSearchViewController.swift */,
				234AB651288A6A36009FBB59 /* NotAchievedFlowerPotSearchViewController.swift */,
			);
			path = SearchViewController;
			sourceTree = "<group>";
		};
		23ADA92928847FB60066D15A /* MainPageDataManager */ = {
			isa = PBXGroup;
			children = (
				23ADA92A28847FC80066D15A /* FlowerpotModel.swift */,
				23ADA92C288481080066D15A /* MainPageDataManager.swift */,
				23A41EA8289436B10008437B /* RecentBookModel.swift */,
				23F8483D2899A99400ED644B /* NoticeModel.swift */,
				231E3E59289F82130011A1D2 /* RecommendBookModel.swift */,
			);
			path = MainPageDataManager;
			sourceTree = "<group>";
		};
		23C8B4A7286EF39000432141 /* domain */ = {
			isa = PBXGroup;
			children = (
				23776E1728925FDD00351F3A /* Register */,
				23AB70AB289009BB00503366 /* ModifyRecord */,
				23AB709E288FFAE100503366 /* RecordDetail */,
				2303F2302889A9D300544AF6 /* Login */,
				D0CF2B572885C7F500F78104 /* ReadingRecord */,
				237ECCDE288556E1000D9A71 /* Profile */,
				235523452881C45600EDE3E1 /* FlowerPotDescription */,
				230524BB287D5BEE0081933A /* FlowerPotDetail */,
				230524C3287D64820081933A /* AddFlowerPot */,
				23DFD30B2878D98D002AC8B0 /* UploadRecord */,
				D0DB05B12876AAB00041CEEF /* Upload */,
				23C8B4AA286EF3B200432141 /* Main */,
				D0C2B07E286DEB9500242E71 /* Flowerpot */,
			);
			path = domain;
			sourceTree = "<group>";
		};
		23C8B4A8286EF39900432141 /* global */ = {
			isa = PBXGroup;
			children = (
				237ECCE12885643F000D9A71 /* Util */,
				23C8B4A9286EF39F00432141 /* UI */,
			);
			path = global;
			sourceTree = "<group>";
		};
		23C8B4A9286EF39F00432141 /* UI */ = {
			isa = PBXGroup;
			children = (
				23C8B4A5286EF2F300432141 /* PaddingLabel.swift */,
				D0C2B088286E1FD600242E71 /* UIViewExtension.swift */,
				23C8B4BA286EFF3900432141 /* CustomTabBarController.swift */,
				23766E7D2870330D005EEA8E /* UIBezierPath.swift */,
			);
			path = UI;
			sourceTree = "<group>";
		};
		23C8B4AA286EF3B200432141 /* Main */ = {
			isa = PBXGroup;
			children = (
				23ADA92928847FB60066D15A /* MainPageDataManager */,
				23C8B4AD286EF75800432141 /* Cell */,
				23C8B4AB286EF41400432141 /* MainViewController.swift */,
				238DE01E28819C00007901E6 /* MainBottomViewController.swift */,
			);
			path = Main;
			sourceTree = "<group>";
		};
		23C8B4AD286EF75800432141 /* Cell */ = {
			isa = PBXGroup;
			children = (
				23C8B4AE286EF76F00432141 /* MainFlowerTableViewCell.swift */,
				23C8B4AF286EF76F00432141 /* MainFlowerTableViewCell.xib */,
				23C8B4B6286EF78600432141 /* RecentBookCollectionViewCell.swift */,
				23C8B4B7286EF78600432141 /* RecentBookCollectionViewCell.xib */,
				238DE01A28819AF0007901E6 /* TodaySuggestCollectionViewCell.swift */,
				238DE01B28819AF0007901E6 /* TodaySuggestCollectionViewCell.xib */,
				23F848402899ADC100ED644B /* NoticeCollectionViewCell.swift */,
				23F848412899ADC100ED644B /* NoticeCollectionViewCell.xib */,
			);
			path = Cell;
			sourceTree = "<group>";
		};
		23CC78D5288FCD9B0064DA7E /* UploadRecordDataManager */ = {
			isa = PBXGroup;
			children = (
				23CC78D6288FCDAE0064DA7E /* UploadRecordInput.swift */,
				23CC78D8288FCE370064DA7E /* UploadRecordModel.swift */,
				23CC78DA288FCEDE0064DA7E /* UploadRecordDataManager.swift */,
			);
			path = UploadRecordDataManager;
			sourceTree = "<group>";
		};
		23DFD30B2878D98D002AC8B0 /* UploadRecord */ = {
			isa = PBXGroup;
			children = (
				23CC78D5288FCD9B0064DA7E /* UploadRecordDataManager */,
				23DFD3122878D9F7002AC8B0 /* Cell */,
				23DFD30C2878D9B1002AC8B0 /* UploadRecordViewController.swift */,
			);
			path = UploadRecord;
			sourceTree = "<group>";
		};
		23DFD3122878D9F7002AC8B0 /* Cell */ = {
			isa = PBXGroup;
			children = (
				23DFD30E2878D9F4002AC8B0 /* UploadRecordTableViewCell.swift */,
				23DFD30F2878D9F4002AC8B0 /* UploadRecordTableViewCell.xib */,
			);
			path = Cell;
			sourceTree = "<group>";
		};
		23F61078288812B700575D81 /* ReadingRecordDataManager */ = {
			isa = PBXGroup;
			children = (
				23F61079288812C700575D81 /* ReadingRecordModel.swift */,
				23F6107B2888134C00575D81 /* ReadingRecordDataManager.swift */,
			);
			path = ReadingRecordDataManager;
			sourceTree = "<group>";
		};
		329CFF90FF7C282BE262C8CF /* Pods */ = {
			isa = PBXGroup;
			children = (
				80874FB74B3F63648D20C05C /* Pods-LIBROG.debug.xcconfig */,
				4213D3509CD3CBE5B946C6E3 /* Pods-LIBROG.release.xcconfig */,
			);
			path = Pods;
			sourceTree = "<group>";
		};
		D047CB972892EF40004652A3 /* RegisterBottomVC */ = {
			isa = PBXGroup;
			children = (
				D07E7EB2289273140077287A /* RegisterProfileBottomViewController.swift */,
				D047CB982892EF7C004652A3 /* RegisterProfileLibrogBottomViewController.swift */,
			);
			path = RegisterBottomVC;
			sourceTree = "<group>";
		};
		D0611049288FF04F00F96B65 /* ProfileDataManager */ = {
			isa = PBXGroup;
			children = (
				D061104A288FF09500F96B65 /* StatisticModel.swift */,
				D061104C288FF1ED00F96B65 /* ProfileDataManager.swift */,
				23458AE52896F35A0003A669 /* IntroModel.swift */,
			);
			path = ProfileDataManager;
			sourceTree = "<group>";
		};
		D07E7EBA289278E30077287A /* RegisterDataManager */ = {
			isa = PBXGroup;
			children = (
				D07E7EBD289279250077287A /* RegisterInput.swift */,
				D07E7EBF28927AC70077287A /* RegisterDataManager.swift */,
			);
			path = RegisterDataManager;
			sourceTree = "<group>";
		};
		D0C2B042286DC9BE00242E71 = {
			isa = PBXGroup;
			children = (
				D0C2B04D286DC9BE00242E71 /* LIBROG */,
				D0C2B04C286DC9BE00242E71 /* Products */,
				329CFF90FF7C282BE262C8CF /* Pods */,
				E76887DEF1096ADA5257CEDE /* Frameworks */,
			);
			sourceTree = "<group>";
		};
		D0C2B04C286DC9BE00242E71 /* Products */ = {
			isa = PBXGroup;
			children = (
				D0C2B04B286DC9BE00242E71 /* LIBROG.app */,
				D0C2B061286DC9C000242E71 /* LIBROGTests.xctest */,
				D0C2B06B286DC9C100242E71 /* LIBROGUITests.xctest */,
			);
			name = Products;
			sourceTree = "<group>";
		};
		D0C2B04D286DC9BE00242E71 /* LIBROG */ = {
			isa = PBXGroup;
			children = (
				23ADA909288467680066D15A /* View */,
				23C8B4A8286EF39900432141 /* global */,
				23C8B4A7286EF39000432141 /* domain */,
				D0C2B04E286DC9BE00242E71 /* AppDelegate.swift */,
				D0C2B050286DC9BE00242E71 /* SceneDelegate.swift */,
				D0C2B052286DC9BE00242E71 /* ViewController.swift */,
				D0C2B054286DC9BE00242E71 /* Main.storyboard */,
				D0C2B057286DC9C000242E71 /* Assets.xcassets */,
				D0C2B059286DC9C000242E71 /* LaunchScreen.storyboard */,
				D0C2B05C286DC9C000242E71 /* Info.plist */,
			);
			path = LIBROG;
			sourceTree = "<group>";
		};
		D0C2B07E286DEB9500242E71 /* Flowerpot */ = {
			isa = PBXGroup;
			children = (
				23091F812886B666008EC8D2 /* FlowerpotDataManager */,
				D0C2B081286DF22300242E71 /* Cell */,
				D0C2B07F286DEBD600242E71 /* FlowerPotViewController.swift */,
			);
			path = Flowerpot;
			sourceTree = "<group>";
		};
		D0C2B081286DF22300242E71 /* Cell */ = {
			isa = PBXGroup;
			children = (
				D0C2B084286DF28800242E71 /* FlowerpotTableViewCell.swift */,
				D0C2B085286DF28800242E71 /* FlowerpotTableViewCell.xib */,
			);
			path = Cell;
			sourceTree = "<group>";
		};
		D0CF2B572885C7F500F78104 /* ReadingRecord */ = {
			isa = PBXGroup;
			children = (
				23F61078288812B700575D81 /* ReadingRecordDataManager */,
				D0CF2B582885C80300F78104 /* Cell */,
				D0CF2B5F2885C99C00F78104 /* ReadingRecordViewController.swift */,
				D096410A2886B40800E5989C /* ReadingRecordBottomViewController.swift */,
			);
			path = ReadingRecord;
			sourceTree = "<group>";
		};
		D0CF2B582885C80300F78104 /* Cell */ = {
			isa = PBXGroup;
			children = (
				D0CF2B5B2885C83C00F78104 /* ReadingRecordCollectionViewCell.swift */,
				D0CF2B5C2885C83C00F78104 /* ReadingRecordCollectionViewCell.xib */,
			);
			path = Cell;
			sourceTree = "<group>";
		};
		D0DB05B12876AAB00041CEEF /* Upload */ = {
			isa = PBXGroup;
			children = (
				2339DA04288591BE00A3DBC4 /* SearchBookManager */,
				D0DB05C02877004D0041CEEF /* Model */,
				D0DB05B82876CF580041CEEF /* Cell */,
				D0DB05B22876BC330041CEEF /* UploadViewController.swift */,
			);
			path = Upload;
			sourceTree = "<group>";
		};
		D0DB05B82876CF580041CEEF /* Cell */ = {
			isa = PBXGroup;
			children = (
				23A5B868287D9D5D005413A3 /* ResultTableViewCell.swift */,
				23A5B86C287D9D5D005413A3 /* ResultTableViewCell.xib */,
			);
			path = Cell;
			sourceTree = "<group>";
		};
		D0DB05C02877004D0041CEEF /* Model */ = {
			isa = PBXGroup;
			children = (
				D0DB05C1287700650041CEEF /* BookData.swift */,
			);
			path = Model;
			sourceTree = "<group>";
		};
		E76887DEF1096ADA5257CEDE /* Frameworks */ = {
			isa = PBXGroup;
			children = (
				6C934BB6A1545DC5476C41F4 /* Pods_LIBROG.framework */,
			);
			name = Frameworks;
			sourceTree = "<group>";
		};
/* End PBXGroup section */

/* Begin PBXNativeTarget section */
		D0C2B04A286DC9BE00242E71 /* LIBROG */ = {
			isa = PBXNativeTarget;
			buildConfigurationList = D0C2B075286DC9C100242E71 /* Build configuration list for PBXNativeTarget "LIBROG" */;
			buildPhases = (
				F0D77384D135F01A4FCC0EB4 /* [CP] Check Pods Manifest.lock */,
				D0C2B047286DC9BE00242E71 /* Sources */,
				D0C2B048286DC9BE00242E71 /* Frameworks */,
				D0C2B049286DC9BE00242E71 /* Resources */,
				28CB331FB6BB16CAAFE8FA86 /* [CP] Embed Pods Frameworks */,
			);
			buildRules = (
			);
			dependencies = (
			);
			name = LIBROG;
			productName = LIBROG;
			productReference = D0C2B04B286DC9BE00242E71 /* LIBROG.app */;
			productType = "com.apple.product-type.application";
		};
		D0C2B060286DC9C000242E71 /* LIBROGTests */ = {
			isa = PBXNativeTarget;
			buildConfigurationList = D0C2B078286DC9C100242E71 /* Build configuration list for PBXNativeTarget "LIBROGTests" */;
			buildPhases = (
				D0C2B05D286DC9C000242E71 /* Sources */,
				D0C2B05E286DC9C000242E71 /* Frameworks */,
				D0C2B05F286DC9C000242E71 /* Resources */,
			);
			buildRules = (
			);
			dependencies = (
				D0C2B063286DC9C000242E71 /* PBXTargetDependency */,
			);
			name = LIBROGTests;
			productName = LIBROGTests;
			productReference = D0C2B061286DC9C000242E71 /* LIBROGTests.xctest */;
			productType = "com.apple.product-type.bundle.unit-test";
		};
		D0C2B06A286DC9C100242E71 /* LIBROGUITests */ = {
			isa = PBXNativeTarget;
			buildConfigurationList = D0C2B07B286DC9C100242E71 /* Build configuration list for PBXNativeTarget "LIBROGUITests" */;
			buildPhases = (
				D0C2B067286DC9C100242E71 /* Sources */,
				D0C2B068286DC9C100242E71 /* Frameworks */,
				D0C2B069286DC9C100242E71 /* Resources */,
			);
			buildRules = (
			);
			dependencies = (
				D0C2B06D286DC9C100242E71 /* PBXTargetDependency */,
			);
			name = LIBROGUITests;
			productName = LIBROGUITests;
			productReference = D0C2B06B286DC9C100242E71 /* LIBROGUITests.xctest */;
			productType = "com.apple.product-type.bundle.ui-testing";
		};
/* End PBXNativeTarget section */

/* Begin PBXProject section */
		D0C2B043286DC9BE00242E71 /* Project object */ = {
			isa = PBXProject;
			attributes = {
				BuildIndependentTargetsInParallel = 1;
				LastSwiftUpdateCheck = 1340;
				LastUpgradeCheck = 1340;
				TargetAttributes = {
					D0C2B04A286DC9BE00242E71 = {
						CreatedOnToolsVersion = 13.4.1;
					};
					D0C2B060286DC9C000242E71 = {
						CreatedOnToolsVersion = 13.4.1;
						TestTargetID = D0C2B04A286DC9BE00242E71;
					};
					D0C2B06A286DC9C100242E71 = {
						CreatedOnToolsVersion = 13.4.1;
						TestTargetID = D0C2B04A286DC9BE00242E71;
					};
				};
			};
			buildConfigurationList = D0C2B046286DC9BE00242E71 /* Build configuration list for PBXProject "LIBROG" */;
			compatibilityVersion = "Xcode 13.0";
			developmentRegion = en;
			hasScannedForEncodings = 0;
			knownRegions = (
				en,
				Base,
			);
			mainGroup = D0C2B042286DC9BE00242E71;
			productRefGroup = D0C2B04C286DC9BE00242E71 /* Products */;
			projectDirPath = "";
			projectRoot = "";
			targets = (
				D0C2B04A286DC9BE00242E71 /* LIBROG */,
				D0C2B060286DC9C000242E71 /* LIBROGTests */,
				D0C2B06A286DC9C100242E71 /* LIBROGUITests */,
			);
		};
/* End PBXProject section */

/* Begin PBXResourcesBuildPhase section */
		D0C2B049286DC9BE00242E71 /* Resources */ = {
			isa = PBXResourcesBuildPhase;
			buildActionMask = 2147483647;
			files = (
				23458AE02896E8B00003A669 /* ProfileFlowerpotTableViewCell.xib in Resources */,
				D0C2B087286DF28800242E71 /* FlowerpotTableViewCell.xib in Resources */,
				23ADA91B28846ACE0066D15A /* AddFlowerPot.storyboard in Resources */,
				23ADA913288469E90066D15A /* FlowerPot.storyboard in Resources */,
				23AB70A5288FFDBD00503366 /* RecordDetailTableViewCell.xib in Resources */,
				238DE01D28819AF0007901E6 /* TodaySuggestCollectionViewCell.xib in Resources */,
				23ADA91728846A870066D15A /* UserFlowerPotDetail.storyboard in Resources */,
				D0C2B05B286DC9C000242E71 /* LaunchScreen.storyboard in Resources */,
				23458AE42896F16E0003A669 /* LogoutTableViewCell.xib in Resources */,
				23A5B861287D7F81005413A3 /* NotAcheivedFlowerPotTableViewCell.xib in Resources */,
				23C8B4B1286EF76F00432141 /* MainFlowerTableViewCell.xib in Resources */,
				2303F22F2889A9CD00544AF6 /* Login.storyboard in Resources */,
				23458ADC2896E4FF0003A669 /* ProfileStatisticTableViewCell.xib in Resources */,
				23A5B85D287D7F73005413A3 /* AcheivedFlowerPotTableViewCell.xib in Resources */,
				D0C2B058286DC9C000242E71 /* Assets.xcassets in Resources */,
				2355234C2881C48A00EDE3E1 /* FlowerPotDescriptionTableViewCell.xib in Resources */,
				23ADA90D288468D50066D15A /* ReadingRecord.storyboard in Resources */,
				23ADA91528846A2A0066D15A /* Profile.storyboard in Resources */,
				23F848432899ADC100ED644B /* NoticeCollectionViewCell.xib in Resources */,
				23ADA90F2884693D0066D15A /* SelectBook.storyboard in Resources */,
				2379DEE82897A29800F946DD /* ProfileLoginTypeTableViewCell.xib in Resources */,
				23A5B872287D9D5D005413A3 /* ResultTableViewCell.xib in Resources */,
				23ADA91928846AB10066D15A /* FlowerPotDescription.storyboard in Resources */,
				23458AD62896E0C30003A669 /* ProfileIntroTableViewCell.xib in Resources */,
				23AB70B228900A9A00503366 /* ModifyRecordTableViewCell.xib in Resources */,
				23AB709D288FFAD700503366 /* RecordDetail.storyboard in Resources */,
				23ADA91F28846B440066D15A /* NotAcheivedFlowerPot.storyboard in Resources */,
				23DFD3112878D9F4002AC8B0 /* UploadRecordTableViewCell.xib in Resources */,
				23ADA90B288467850066D15A /* MainPage.storyboard in Resources */,
				D0CF2B5E2885C83C00F78104 /* ReadingRecordCollectionViewCell.xib in Resources */,
				23C8B4B9286EF78600432141 /* RecentBookCollectionViewCell.xib in Resources */,
				237ECCEA28857544000D9A71 /* Setting.storyboard in Resources */,
				234036062891AD3D00C9AB4D /* Register.storyboard in Resources */,
				D0C2B056286DC9BE00242E71 /* Main.storyboard in Resources */,
				23ADA91D28846B240066D15A /* AcheivedFlowerPot.storyboard in Resources */,
				23ADA9112884698F0066D15A /* UploadRecord.storyboard in Resources */,
				230524C2287D5C370081933A /* FlowerPotDetailCollectionViewCell.xib in Resources */,
			);
			runOnlyForDeploymentPostprocessing = 0;
		};
		D0C2B05F286DC9C000242E71 /* Resources */ = {
			isa = PBXResourcesBuildPhase;
			buildActionMask = 2147483647;
			files = (
			);
			runOnlyForDeploymentPostprocessing = 0;
		};
		D0C2B069286DC9C100242E71 /* Resources */ = {
			isa = PBXResourcesBuildPhase;
			buildActionMask = 2147483647;
			files = (
			);
			runOnlyForDeploymentPostprocessing = 0;
		};
/* End PBXResourcesBuildPhase section */

/* Begin PBXShellScriptBuildPhase section */
		28CB331FB6BB16CAAFE8FA86 /* [CP] Embed Pods Frameworks */ = {
			isa = PBXShellScriptBuildPhase;
			buildActionMask = 2147483647;
			files = (
			);
			inputFileListPaths = (
				"${PODS_ROOT}/Target Support Files/Pods-LIBROG/Pods-LIBROG-frameworks-${CONFIGURATION}-input-files.xcfilelist",
			);
			name = "[CP] Embed Pods Frameworks";
			outputFileListPaths = (
				"${PODS_ROOT}/Target Support Files/Pods-LIBROG/Pods-LIBROG-frameworks-${CONFIGURATION}-output-files.xcfilelist",
			);
			runOnlyForDeploymentPostprocessing = 0;
			shellPath = /bin/sh;
			shellScript = "\"${PODS_ROOT}/Target Support Files/Pods-LIBROG/Pods-LIBROG-frameworks.sh\"\n";
			showEnvVarsInLog = 0;
		};
		F0D77384D135F01A4FCC0EB4 /* [CP] Check Pods Manifest.lock */ = {
			isa = PBXShellScriptBuildPhase;
			buildActionMask = 2147483647;
			files = (
			);
			inputFileListPaths = (
			);
			inputPaths = (
				"${PODS_PODFILE_DIR_PATH}/Podfile.lock",
				"${PODS_ROOT}/Manifest.lock",
			);
			name = "[CP] Check Pods Manifest.lock";
			outputFileListPaths = (
			);
			outputPaths = (
				"$(DERIVED_FILE_DIR)/Pods-LIBROG-checkManifestLockResult.txt",
			);
			runOnlyForDeploymentPostprocessing = 0;
			shellPath = /bin/sh;
			shellScript = "diff \"${PODS_PODFILE_DIR_PATH}/Podfile.lock\" \"${PODS_ROOT}/Manifest.lock\" > /dev/null\nif [ $? != 0 ] ; then\n    # print error to STDERR\n    echo \"error: The sandbox is not in sync with the Podfile.lock. Run 'pod install' or update your CocoaPods installation.\" >&2\n    exit 1\nfi\n# This output is used by Xcode 'outputs' to avoid re-running this script phase.\necho \"SUCCESS\" > \"${SCRIPT_OUTPUT_FILE_0}\"\n";
			showEnvVarsInLog = 0;
		};
/* End PBXShellScriptBuildPhase section */

/* Begin PBXSourcesBuildPhase section */
		D0C2B047286DC9BE00242E71 /* Sources */ = {
			isa = PBXSourcesBuildPhase;
			buildActionMask = 2147483647;
			files = (
				23AB70A0288FFAF000503366 /* RecordDetailViewController.swift in Sources */,
				23F6107A288812C700575D81 /* ReadingRecordModel.swift in Sources */,
				23776E1D2892644800351F3A /* RegisterTermViewController.swift in Sources */,
				231B8D4C28893701006F44A3 /* FlowerpotDescriptionModel.swift in Sources */,
				D0C2B089286E1FD600242E71 /* UIViewExtension.swift in Sources */,
				23AB70B128900A9A00503366 /* ModifyRecordTableViewCell.swift in Sources */,
				23A5B860287D7F81005413A3 /* NotAcheivedFlowerPotTableViewCell.swift in Sources */,
				23F6107C2888134C00575D81 /* ReadingRecordDataManager.swift in Sources */,
				23A5B86E287D9D5D005413A3 /* ResultTableViewCell.swift in Sources */,
				23A5B857287D6B89005413A3 /* FlowerPotTabViewController.swift in Sources */,
				23A41EA7289431650008437B /* RecordDetailDataManager.swift in Sources */,
				2339DA08288592B100A3DBC4 /* KakaoBookModel.swift in Sources */,
				2322AE5D2897F3C400513E23 /* LoginModel.swift in Sources */,
				23776E1B2892610E00351F3A /* RegisterProfileViewController.swift in Sources */,
				230524BE287D5C060081933A /* FlowerPotDetailViewController.swift in Sources */,
				234036002891992000C9AB4D /* ModifyRecordInput.swift in Sources */,
				D047CB992892EF7C004652A3 /* RegisterProfileLibrogBottomViewController.swift in Sources */,
				D0DB05B32876BC330041CEEF /* UploadViewController.swift in Sources */,
				23ADA92828847B830066D15A /* FlowerPotSearchTabViewController.swift in Sources */,
				23C8B4BB286EFF3900432141 /* CustomTabBarController.swift in Sources */,
				2305E77628915FC000A9B6D5 /* LoginDataManager.swift in Sources */,
				231E3E5A289F82130011A1D2 /* RecommendBookModel.swift in Sources */,
				23C8B4A6286EF2F300432141 /* PaddingLabel.swift in Sources */,
				23AB70AD289009D500503366 /* ModifyRecordViewController.swift in Sources */,
				239EF02F2892F2C8005BC364 /* SearchDataManager.swift in Sources */,
				D0DB05C2287700650041CEEF /* BookData.swift in Sources */,
				2355234B2881C48A00EDE3E1 /* FlowerPotDescriptionTableViewCell.swift in Sources */,
				23C8B4B0286EF76F00432141 /* MainFlowerTableViewCell.swift in Sources */,
				23ADA92628847A8D0066D15A /* AddFlowerPotSearchViewController.swift in Sources */,
				231B8D4228891787006F44A3 /* AddFlowerpotModel.swift in Sources */,
				234AB652288A6A36009FBB59 /* NotAchievedFlowerPotSearchViewController.swift in Sources */,
				231B8D442889189D006F44A3 /* AddFlowerpotDataManager.swift in Sources */,
				234AB650288A633D009FBB59 /* AchievedFlowerPotSearchViewController.swift in Sources */,
				D0C2B053286DC9BE00242E71 /* ViewController.swift in Sources */,
				23A41EA52894315D0008437B /* RecordDetailModel.swift in Sources */,
				2322AE5B2897F39300513E23 /* LoginInput.swift in Sources */,
				235523472881C47200EDE3E1 /* FlowerPotDescriptionViewController.swift in Sources */,
				238DE01C28819AF0007901E6 /* TodaySuggestCollectionViewCell.swift in Sources */,
				23766E7E2870330D005EEA8E /* UIBezierPath.swift in Sources */,
				23DFD3102878D9F4002AC8B0 /* UploadRecordTableViewCell.swift in Sources */,
				2379DEE72897A29800F946DD /* ProfileLoginTypeTableViewCell.swift in Sources */,
				D096410B2886B40800E5989C /* ReadingRecordBottomViewController.swift in Sources */,
				23DFD30D2878D9B1002AC8B0 /* UploadRecordViewController.swift in Sources */,
				23ADA922288478FD0066D15A /* AchievedFlowerPotViewController.swift in Sources */,
				D0C2B04F286DC9BE00242E71 /* AppDelegate.swift in Sources */,
				23F848422899ADC100ED644B /* NoticeCollectionViewCell.swift in Sources */,
				23F8483E2899A99400ED644B /* NoticeModel.swift in Sources */,
				2339DA0A2885948500A3DBC4 /* HeaderManager.swift in Sources */,
				23458AD52896E0C30003A669 /* ProfileIntroTableViewCell.swift in Sources */,
				234036022891992800C9AB4D /* ModifyRecordModel.swift in Sources */,
				237ECCE328856454000D9A71 /* DateFormatter.swift in Sources */,
				232973642887F8FF00954AA0 /* FlowerpotBookRecordDataManager.swift in Sources */,
				D0C2B051286DC9BE00242E71 /* SceneDelegate.swift in Sources */,
				D061104B288FF09500F96B65 /* StatisticModel.swift in Sources */,
				23458ADF2896E8B00003A669 /* ProfileFlowerpotTableViewCell.swift in Sources */,
				23C8B4B8286EF78600432141 /* RecentBookCollectionViewCell.swift in Sources */,
				234E31B428A01B1E00DCD812 /* ScreenManager.swift in Sources */,
				23458AE62896F35A0003A669 /* IntroModel.swift in Sources */,
				2339DA06288591D600A3DBC4 /* SearchBookManager.swift in Sources */,
				234036042891993500C9AB4D /* ModifyRecordDataManager.swift in Sources */,
				23458AE32896F16E0003A669 /* LogoutTableViewCell.swift in Sources */,
				23091F832886B69E008EC8D2 /* FlowerpotDataManager.swift in Sources */,
				23ADA9242884790C0066D15A /* NotAchievedFlowerPotViewController.swift in Sources */,
				23ADA92D288481080066D15A /* MainPageDataManager.swift in Sources */,
				23776E1928925FFF00351F3A /* RegisterViewController.swift in Sources */,
				2303F2322889A9EB00544AF6 /* LoginViewController.swift in Sources */,
				23CC78D9288FCE370064DA7E /* UploadRecordModel.swift in Sources */,
				23AB70A4288FFDBD00503366 /* RecordDetailTableViewCell.swift in Sources */,
				D0CF2B5D2885C83C00F78104 /* ReadingRecordCollectionViewCell.swift in Sources */,
				D0C2B086286DF28800242E71 /* FlowerpotTableViewCell.swift in Sources */,
				231B8D4A288936F6006F44A3 /* FlowerpotDescriptionDataManager.swift in Sources */,
				23458ADB2896E4FF0003A669 /* ProfileStatisticTableViewCell.swift in Sources */,
				D07E7EC028927AC70077287A /* RegisterDataManager.swift in Sources */,
				23ADA92B28847FC80066D15A /* FlowerpotModel.swift in Sources */,
				D0C2B080286DEBD600242E71 /* FlowerPotViewController.swift in Sources */,
				23A41EA9289436B10008437B /* RecentBookModel.swift in Sources */,
				D07E7EB3289273140077287A /* RegisterProfileBottomViewController.swift in Sources */,
				2305E773289159A000A9B6D5 /* KakaoLoginManager.swift in Sources */,
				D07E7EBE289279250077287A /* RegisterInput.swift in Sources */,
				230524C1287D5C370081933A /* FlowerPotDetailCollectionViewCell.swift in Sources */,
				236CF5A6289D732F00E7A1F2 /* APIModel.swift in Sources */,
				23A5B85C287D7F73005413A3 /* AcheivedFlowerPotTableViewCell.swift in Sources */,
				23A5B855287D6754005413A3 /* AddFlowerPotViewController.swift in Sources */,
				D061104D288FF1ED00F96B65 /* ProfileDataManager.swift in Sources */,
				23CC78DB288FCEDE0064DA7E /* UploadRecordDataManager.swift in Sources */,
				237ECCE0288556EE000D9A71 /* ProfileViewController.swift in Sources */,
				231B8D462889221A006F44A3 /* SwipeRecognizer.swift in Sources */,
				238DE01F28819C00007901E6 /* MainBottomViewController.swift in Sources */,
				23CC78D7288FCDAE0064DA7E /* UploadRecordInput.swift in Sources */,
				D0CF2B602885C99C00F78104 /* ReadingRecordViewController.swift in Sources */,
				23C8B4AC286EF41400432141 /* MainViewController.swift in Sources */,
			);
			runOnlyForDeploymentPostprocessing = 0;
		};
		D0C2B05D286DC9C000242E71 /* Sources */ = {
			isa = PBXSourcesBuildPhase;
			buildActionMask = 2147483647;
			files = (
			);
			runOnlyForDeploymentPostprocessing = 0;
		};
		D0C2B067286DC9C100242E71 /* Sources */ = {
			isa = PBXSourcesBuildPhase;
			buildActionMask = 2147483647;
			files = (
			);
			runOnlyForDeploymentPostprocessing = 0;
		};
/* End PBXSourcesBuildPhase section */

/* Begin PBXTargetDependency section */
		D0C2B063286DC9C000242E71 /* PBXTargetDependency */ = {
			isa = PBXTargetDependency;
			target = D0C2B04A286DC9BE00242E71 /* LIBROG */;
			targetProxy = D0C2B062286DC9C000242E71 /* PBXContainerItemProxy */;
		};
		D0C2B06D286DC9C100242E71 /* PBXTargetDependency */ = {
			isa = PBXTargetDependency;
			target = D0C2B04A286DC9BE00242E71 /* LIBROG */;
			targetProxy = D0C2B06C286DC9C100242E71 /* PBXContainerItemProxy */;
		};
/* End PBXTargetDependency section */

/* Begin PBXVariantGroup section */
		D0C2B054286DC9BE00242E71 /* Main.storyboard */ = {
			isa = PBXVariantGroup;
			children = (
				D0C2B055286DC9BE00242E71 /* Base */,
			);
			name = Main.storyboard;
			sourceTree = "<group>";
		};
		D0C2B059286DC9C000242E71 /* LaunchScreen.storyboard */ = {
			isa = PBXVariantGroup;
			children = (
				D0C2B05A286DC9C000242E71 /* Base */,
			);
			name = LaunchScreen.storyboard;
			sourceTree = "<group>";
		};
/* End PBXVariantGroup section */

/* Begin XCBuildConfiguration section */
		D0C2B073286DC9C100242E71 /* Debug */ = {
			isa = XCBuildConfiguration;
			buildSettings = {
				ALWAYS_SEARCH_USER_PATHS = NO;
				CLANG_ANALYZER_NONNULL = YES;
				CLANG_ANALYZER_NUMBER_OBJECT_CONVERSION = YES_AGGRESSIVE;
				CLANG_CXX_LANGUAGE_STANDARD = "gnu++17";
				CLANG_ENABLE_MODULES = YES;
				CLANG_ENABLE_OBJC_ARC = YES;
				CLANG_ENABLE_OBJC_WEAK = YES;
				CLANG_WARN_BLOCK_CAPTURE_AUTORELEASING = YES;
				CLANG_WARN_BOOL_CONVERSION = YES;
				CLANG_WARN_COMMA = YES;
				CLANG_WARN_CONSTANT_CONVERSION = YES;
				CLANG_WARN_DEPRECATED_OBJC_IMPLEMENTATIONS = YES;
				CLANG_WARN_DIRECT_OBJC_ISA_USAGE = YES_ERROR;
				CLANG_WARN_DOCUMENTATION_COMMENTS = YES;
				CLANG_WARN_EMPTY_BODY = YES;
				CLANG_WARN_ENUM_CONVERSION = YES;
				CLANG_WARN_INFINITE_RECURSION = YES;
				CLANG_WARN_INT_CONVERSION = YES;
				CLANG_WARN_NON_LITERAL_NULL_CONVERSION = YES;
				CLANG_WARN_OBJC_IMPLICIT_RETAIN_SELF = YES;
				CLANG_WARN_OBJC_LITERAL_CONVERSION = YES;
				CLANG_WARN_OBJC_ROOT_CLASS = YES_ERROR;
				CLANG_WARN_QUOTED_INCLUDE_IN_FRAMEWORK_HEADER = YES;
				CLANG_WARN_RANGE_LOOP_ANALYSIS = YES;
				CLANG_WARN_STRICT_PROTOTYPES = YES;
				CLANG_WARN_SUSPICIOUS_MOVE = YES;
				CLANG_WARN_UNGUARDED_AVAILABILITY = YES_AGGRESSIVE;
				CLANG_WARN_UNREACHABLE_CODE = YES;
				CLANG_WARN__DUPLICATE_METHOD_MATCH = YES;
				COPY_PHASE_STRIP = NO;
				DEBUG_INFORMATION_FORMAT = dwarf;
				ENABLE_STRICT_OBJC_MSGSEND = YES;
				ENABLE_TESTABILITY = YES;
				GCC_C_LANGUAGE_STANDARD = gnu11;
				GCC_DYNAMIC_NO_PIC = NO;
				GCC_NO_COMMON_BLOCKS = YES;
				GCC_OPTIMIZATION_LEVEL = 0;
				GCC_PREPROCESSOR_DEFINITIONS = (
					"DEBUG=1",
					"$(inherited)",
				);
				GCC_WARN_64_TO_32_BIT_CONVERSION = YES;
				GCC_WARN_ABOUT_RETURN_TYPE = YES_ERROR;
				GCC_WARN_UNDECLARED_SELECTOR = YES;
				GCC_WARN_UNINITIALIZED_AUTOS = YES_AGGRESSIVE;
				GCC_WARN_UNUSED_FUNCTION = YES;
				GCC_WARN_UNUSED_VARIABLE = YES;
				IPHONEOS_DEPLOYMENT_TARGET = 15.5;
				MTL_ENABLE_DEBUG_INFO = INCLUDE_SOURCE;
				MTL_FAST_MATH = YES;
				ONLY_ACTIVE_ARCH = YES;
				SDKROOT = iphoneos;
				SWIFT_ACTIVE_COMPILATION_CONDITIONS = DEBUG;
				SWIFT_OPTIMIZATION_LEVEL = "-Onone";
			};
			name = Debug;
		};
		D0C2B074286DC9C100242E71 /* Release */ = {
			isa = XCBuildConfiguration;
			buildSettings = {
				ALWAYS_SEARCH_USER_PATHS = NO;
				CLANG_ANALYZER_NONNULL = YES;
				CLANG_ANALYZER_NUMBER_OBJECT_CONVERSION = YES_AGGRESSIVE;
				CLANG_CXX_LANGUAGE_STANDARD = "gnu++17";
				CLANG_ENABLE_MODULES = YES;
				CLANG_ENABLE_OBJC_ARC = YES;
				CLANG_ENABLE_OBJC_WEAK = YES;
				CLANG_WARN_BLOCK_CAPTURE_AUTORELEASING = YES;
				CLANG_WARN_BOOL_CONVERSION = YES;
				CLANG_WARN_COMMA = YES;
				CLANG_WARN_CONSTANT_CONVERSION = YES;
				CLANG_WARN_DEPRECATED_OBJC_IMPLEMENTATIONS = YES;
				CLANG_WARN_DIRECT_OBJC_ISA_USAGE = YES_ERROR;
				CLANG_WARN_DOCUMENTATION_COMMENTS = YES;
				CLANG_WARN_EMPTY_BODY = YES;
				CLANG_WARN_ENUM_CONVERSION = YES;
				CLANG_WARN_INFINITE_RECURSION = YES;
				CLANG_WARN_INT_CONVERSION = YES;
				CLANG_WARN_NON_LITERAL_NULL_CONVERSION = YES;
				CLANG_WARN_OBJC_IMPLICIT_RETAIN_SELF = YES;
				CLANG_WARN_OBJC_LITERAL_CONVERSION = YES;
				CLANG_WARN_OBJC_ROOT_CLASS = YES_ERROR;
				CLANG_WARN_QUOTED_INCLUDE_IN_FRAMEWORK_HEADER = YES;
				CLANG_WARN_RANGE_LOOP_ANALYSIS = YES;
				CLANG_WARN_STRICT_PROTOTYPES = YES;
				CLANG_WARN_SUSPICIOUS_MOVE = YES;
				CLANG_WARN_UNGUARDED_AVAILABILITY = YES_AGGRESSIVE;
				CLANG_WARN_UNREACHABLE_CODE = YES;
				CLANG_WARN__DUPLICATE_METHOD_MATCH = YES;
				COPY_PHASE_STRIP = NO;
				DEBUG_INFORMATION_FORMAT = "dwarf-with-dsym";
				ENABLE_NS_ASSERTIONS = NO;
				ENABLE_STRICT_OBJC_MSGSEND = YES;
				GCC_C_LANGUAGE_STANDARD = gnu11;
				GCC_NO_COMMON_BLOCKS = YES;
				GCC_WARN_64_TO_32_BIT_CONVERSION = YES;
				GCC_WARN_ABOUT_RETURN_TYPE = YES_ERROR;
				GCC_WARN_UNDECLARED_SELECTOR = YES;
				GCC_WARN_UNINITIALIZED_AUTOS = YES_AGGRESSIVE;
				GCC_WARN_UNUSED_FUNCTION = YES;
				GCC_WARN_UNUSED_VARIABLE = YES;
				IPHONEOS_DEPLOYMENT_TARGET = 15.5;
				MTL_ENABLE_DEBUG_INFO = NO;
				MTL_FAST_MATH = YES;
				SDKROOT = iphoneos;
				SWIFT_COMPILATION_MODE = wholemodule;
				SWIFT_OPTIMIZATION_LEVEL = "-O";
				VALIDATE_PRODUCT = YES;
			};
			name = Release;
		};
		D0C2B076286DC9C100242E71 /* Debug */ = {
			isa = XCBuildConfiguration;
			baseConfigurationReference = 80874FB74B3F63648D20C05C /* Pods-LIBROG.debug.xcconfig */;
			buildSettings = {
				ASSETCATALOG_COMPILER_APPICON_NAME = AppIcon;
				ASSETCATALOG_COMPILER_GLOBAL_ACCENT_COLOR_NAME = AccentColor;
				CODE_SIGN_STYLE = Automatic;
				CURRENT_PROJECT_VERSION = 1;
				DEVELOPMENT_TEAM = SB87AFXHM2;
				GENERATE_INFOPLIST_FILE = YES;
				INFOPLIST_FILE = LIBROG/Info.plist;
				INFOPLIST_KEY_UIApplicationSupportsIndirectInputEvents = YES;
				INFOPLIST_KEY_UILaunchStoryboardName = LaunchScreen;
				INFOPLIST_KEY_UISupportedInterfaceOrientations_iPad = "UIInterfaceOrientationPortrait UIInterfaceOrientationPortraitUpsideDown UIInterfaceOrientationLandscapeLeft UIInterfaceOrientationLandscapeRight";
				INFOPLIST_KEY_UISupportedInterfaceOrientations_iPhone = "UIInterfaceOrientationPortrait UIInterfaceOrientationLandscapeLeft UIInterfaceOrientationLandscapeRight";
				IPHONEOS_DEPLOYMENT_TARGET = 15.0;
				LD_RUNPATH_SEARCH_PATHS = (
					"$(inherited)",
					"@executable_path/Frameworks",
				);
				MARKETING_VERSION = 1.0;
				PRODUCT_BUNDLE_IDENTIFIER = com.librog.LIBROG;
				PRODUCT_NAME = "$(TARGET_NAME)";
				SWIFT_EMIT_LOC_STRINGS = YES;
				SWIFT_VERSION = 5.0;
				TARGETED_DEVICE_FAMILY = "1,2";
			};
			name = Debug;
		};
		D0C2B077286DC9C100242E71 /* Release */ = {
			isa = XCBuildConfiguration;
			baseConfigurationReference = 4213D3509CD3CBE5B946C6E3 /* Pods-LIBROG.release.xcconfig */;
			buildSettings = {
				ASSETCATALOG_COMPILER_APPICON_NAME = AppIcon;
				ASSETCATALOG_COMPILER_GLOBAL_ACCENT_COLOR_NAME = AccentColor;
				CODE_SIGN_STYLE = Automatic;
				CURRENT_PROJECT_VERSION = 1;
				DEVELOPMENT_TEAM = SB87AFXHM2;
				GENERATE_INFOPLIST_FILE = YES;
				INFOPLIST_FILE = LIBROG/Info.plist;
				INFOPLIST_KEY_UIApplicationSupportsIndirectInputEvents = YES;
				INFOPLIST_KEY_UILaunchStoryboardName = LaunchScreen;
				INFOPLIST_KEY_UISupportedInterfaceOrientations_iPad = "UIInterfaceOrientationPortrait UIInterfaceOrientationPortraitUpsideDown UIInterfaceOrientationLandscapeLeft UIInterfaceOrientationLandscapeRight";
				INFOPLIST_KEY_UISupportedInterfaceOrientations_iPhone = "UIInterfaceOrientationPortrait UIInterfaceOrientationLandscapeLeft UIInterfaceOrientationLandscapeRight";
				IPHONEOS_DEPLOYMENT_TARGET = 15.0;
				LD_RUNPATH_SEARCH_PATHS = (
					"$(inherited)",
					"@executable_path/Frameworks",
				);
				MARKETING_VERSION = 1.0;
				PRODUCT_BUNDLE_IDENTIFIER = com.librog.LIBROG;
				PRODUCT_NAME = "$(TARGET_NAME)";
				SWIFT_EMIT_LOC_STRINGS = YES;
				SWIFT_VERSION = 5.0;
				TARGETED_DEVICE_FAMILY = "1,2";
			};
			name = Release;
		};
		D0C2B079286DC9C100242E71 /* Debug */ = {
			isa = XCBuildConfiguration;
			buildSettings = {
				ALWAYS_EMBED_SWIFT_STANDARD_LIBRARIES = YES;
				BUNDLE_LOADER = "$(TEST_HOST)";
				CODE_SIGN_STYLE = Automatic;
				CURRENT_PROJECT_VERSION = 1;
				DEVELOPMENT_TEAM = SB87AFXHM2;
				GENERATE_INFOPLIST_FILE = YES;
				IPHONEOS_DEPLOYMENT_TARGET = 15.5;
				MARKETING_VERSION = 1.0;
				PRODUCT_BUNDLE_IDENTIFIER = theunghee.LIBROGTests;
				PRODUCT_NAME = "$(TARGET_NAME)";
				SWIFT_EMIT_LOC_STRINGS = NO;
				SWIFT_VERSION = 5.0;
				TARGETED_DEVICE_FAMILY = "1,2";
				TEST_HOST = "$(BUILT_PRODUCTS_DIR)/LIBROG.app/LIBROG";
			};
			name = Debug;
		};
		D0C2B07A286DC9C100242E71 /* Release */ = {
			isa = XCBuildConfiguration;
			buildSettings = {
				ALWAYS_EMBED_SWIFT_STANDARD_LIBRARIES = YES;
				BUNDLE_LOADER = "$(TEST_HOST)";
				CODE_SIGN_STYLE = Automatic;
				CURRENT_PROJECT_VERSION = 1;
				DEVELOPMENT_TEAM = SB87AFXHM2;
				GENERATE_INFOPLIST_FILE = YES;
				IPHONEOS_DEPLOYMENT_TARGET = 15.5;
				MARKETING_VERSION = 1.0;
				PRODUCT_BUNDLE_IDENTIFIER = theunghee.LIBROGTests;
				PRODUCT_NAME = "$(TARGET_NAME)";
				SWIFT_EMIT_LOC_STRINGS = NO;
				SWIFT_VERSION = 5.0;
				TARGETED_DEVICE_FAMILY = "1,2";
				TEST_HOST = "$(BUILT_PRODUCTS_DIR)/LIBROG.app/LIBROG";
			};
			name = Release;
		};
		D0C2B07C286DC9C100242E71 /* Debug */ = {
			isa = XCBuildConfiguration;
			buildSettings = {
				ALWAYS_EMBED_SWIFT_STANDARD_LIBRARIES = YES;
				CODE_SIGN_STYLE = Automatic;
				CURRENT_PROJECT_VERSION = 1;
				DEVELOPMENT_TEAM = SB87AFXHM2;
				GENERATE_INFOPLIST_FILE = YES;
				MARKETING_VERSION = 1.0;
				PRODUCT_BUNDLE_IDENTIFIER = theunghee.LIBROGUITests;
				PRODUCT_NAME = "$(TARGET_NAME)";
				SWIFT_EMIT_LOC_STRINGS = NO;
				SWIFT_VERSION = 5.0;
				TARGETED_DEVICE_FAMILY = "1,2";
				TEST_TARGET_NAME = LIBROG;
			};
			name = Debug;
		};
		D0C2B07D286DC9C100242E71 /* Release */ = {
			isa = XCBuildConfiguration;
			buildSettings = {
				ALWAYS_EMBED_SWIFT_STANDARD_LIBRARIES = YES;
				CODE_SIGN_STYLE = Automatic;
				CURRENT_PROJECT_VERSION = 1;
				DEVELOPMENT_TEAM = SB87AFXHM2;
				GENERATE_INFOPLIST_FILE = YES;
				MARKETING_VERSION = 1.0;
				PRODUCT_BUNDLE_IDENTIFIER = theunghee.LIBROGUITests;
				PRODUCT_NAME = "$(TARGET_NAME)";
				SWIFT_EMIT_LOC_STRINGS = NO;
				SWIFT_VERSION = 5.0;
				TARGETED_DEVICE_FAMILY = "1,2";
				TEST_TARGET_NAME = LIBROG;
			};
			name = Release;
		};
/* End XCBuildConfiguration section */

/* Begin XCConfigurationList section */
		D0C2B046286DC9BE00242E71 /* Build configuration list for PBXProject "LIBROG" */ = {
			isa = XCConfigurationList;
			buildConfigurations = (
				D0C2B073286DC9C100242E71 /* Debug */,
				D0C2B074286DC9C100242E71 /* Release */,
			);
			defaultConfigurationIsVisible = 0;
			defaultConfigurationName = Release;
		};
		D0C2B075286DC9C100242E71 /* Build configuration list for PBXNativeTarget "LIBROG" */ = {
			isa = XCConfigurationList;
			buildConfigurations = (
				D0C2B076286DC9C100242E71 /* Debug */,
				D0C2B077286DC9C100242E71 /* Release */,
			);
			defaultConfigurationIsVisible = 0;
			defaultConfigurationName = Release;
		};
		D0C2B078286DC9C100242E71 /* Build configuration list for PBXNativeTarget "LIBROGTests" */ = {
			isa = XCConfigurationList;
			buildConfigurations = (
				D0C2B079286DC9C100242E71 /* Debug */,
				D0C2B07A286DC9C100242E71 /* Release */,
			);
			defaultConfigurationIsVisible = 0;
			defaultConfigurationName = Release;
		};
		D0C2B07B286DC9C100242E71 /* Build configuration list for PBXNativeTarget "LIBROGUITests" */ = {
			isa = XCConfigurationList;
			buildConfigurations = (
				D0C2B07C286DC9C100242E71 /* Debug */,
				D0C2B07D286DC9C100242E71 /* Release */,
			);
			defaultConfigurationIsVisible = 0;
			defaultConfigurationName = Release;
		};
/* End XCConfigurationList section */
	};
	rootObject = D0C2B043286DC9BE00242E71 /* Project object */;
}
